// !$*UTF8*$!
{
	archiveVersion = 1;
	classes = {
	};
	objectVersion = 45;
	objects = {

/* Begin PBXBuildFile section */
		3A2F78451098C9B700EA69DC /* KMExitInfo.h in Headers */ = {isa = PBXBuildFile; fileRef = 3A2F78411098C9B700EA69DC /* KMExitInfo.h */; settings = {ATTRIBUTES = (Public, ); }; };
		3A2F78461098C9B700EA69DC /* KMExitInfo.m in Sources */ = {isa = PBXBuildFile; fileRef = 3A2F78421098C9B700EA69DC /* KMExitInfo.m */; };
		3A2F78471098C9B700EA69DC /* KMRoom.h in Headers */ = {isa = PBXBuildFile; fileRef = 3A2F78431098C9B700EA69DC /* KMRoom.h */; settings = {ATTRIBUTES = (Public, ); }; };
		3A2F78481098C9B700EA69DC /* KMRoom.m in Sources */ = {isa = PBXBuildFile; fileRef = 3A2F78441098C9B700EA69DC /* KMRoom.m */; };
		3A2F78541098CA7700EA69DC /* KMPlayingLogic.h in Headers */ = {isa = PBXBuildFile; fileRef = 3A2F78501098CA7700EA69DC /* KMPlayingLogic.h */; settings = {ATTRIBUTES = (Public, ); }; };
		3A2F78551098CA7700EA69DC /* KMPlayingLogic.m in Sources */ = {isa = PBXBuildFile; fileRef = 3A2F78511098CA7700EA69DC /* KMPlayingLogic.m */; };
		3A2F78561098CA7700EA69DC /* KMStatAllocationLogic.h in Headers */ = {isa = PBXBuildFile; fileRef = 3A2F78521098CA7700EA69DC /* KMStatAllocationLogic.h */; settings = {ATTRIBUTES = (Public, ); }; };
		3A2F78571098CA7700EA69DC /* KMStatAllocationLogic.m in Sources */ = {isa = PBXBuildFile; fileRef = 3A2F78531098CA7700EA69DC /* KMStatAllocationLogic.m */; };
		3A2F785E1098CADC00EA69DC /* KMItemEnhancement.h in Headers */ = {isa = PBXBuildFile; fileRef = 3A2F785A1098CADC00EA69DC /* KMItemEnhancement.h */; settings = {ATTRIBUTES = (Public, ); }; };
		3A2F785F1098CADC00EA69DC /* KMItemEnhancement.m in Sources */ = {isa = PBXBuildFile; fileRef = 3A2F785B1098CADC00EA69DC /* KMItemEnhancement.m */; };
		3A2F78601098CADC00EA69DC /* KMItemTemplate.h in Headers */ = {isa = PBXBuildFile; fileRef = 3A2F785C1098CADC00EA69DC /* KMItemTemplate.h */; settings = {ATTRIBUTES = (Public, ); }; };
		3A2F78611098CADC00EA69DC /* KMItemTemplate.m in Sources */ = {isa = PBXBuildFile; fileRef = 3A2F785D1098CADC00EA69DC /* KMItemTemplate.m */; };
		3A2F78691098CB0800EA69DC /* KMDataManager.h in Headers */ = {isa = PBXBuildFile; fileRef = 3A2F78621098CB0800EA69DC /* KMDataManager.h */; settings = {ATTRIBUTES = (Public, ); }; };
		3A2F786A1098CB0800EA69DC /* KMDataManager.m in Sources */ = {isa = PBXBuildFile; fileRef = 3A2F78631098CB0800EA69DC /* KMDataManager.m */; };
		3A2F786B1098CB0800EA69DC /* KMDataStartup.h in Headers */ = {isa = PBXBuildFile; fileRef = 3A2F78641098CB0800EA69DC /* KMDataStartup.h */; settings = {ATTRIBUTES = (Public, ); }; };
		3A2F786C1098CB0800EA69DC /* KMClass.h in Headers */ = {isa = PBXBuildFile; fileRef = 3A2F78651098CB0800EA69DC /* KMClass.h */; settings = {ATTRIBUTES = (Public, ); }; };
		3A2F786D1098CB0800EA69DC /* KMClass.m in Sources */ = {isa = PBXBuildFile; fileRef = 3A2F78661098CB0800EA69DC /* KMClass.m */; };
		3A2F786E1098CB0800EA69DC /* KMRace.h in Headers */ = {isa = PBXBuildFile; fileRef = 3A2F78671098CB0800EA69DC /* KMRace.h */; settings = {ATTRIBUTES = (Public, ); }; };
		3A2F786F1098CB0800EA69DC /* KMRace.m in Sources */ = {isa = PBXBuildFile; fileRef = 3A2F78681098CB0800EA69DC /* KMRace.m */; };
		3A2F78771098CB9000EA69DC /* KMCharacter.h in Headers */ = {isa = PBXBuildFile; fileRef = 3A2F78711098CB9000EA69DC /* KMCharacter.h */; settings = {ATTRIBUTES = (Public, ); }; };
		3A2F78781098CB9000EA69DC /* KMCharacter.m in Sources */ = {isa = PBXBuildFile; fileRef = 3A2F78721098CB9000EA69DC /* KMCharacter.m */; };
		3A2F78791098CB9000EA69DC /* KMStat.h in Headers */ = {isa = PBXBuildFile; fileRef = 3A2F78731098CB9000EA69DC /* KMStat.h */; settings = {ATTRIBUTES = (Public, ); }; };
		3A2F787A1098CB9000EA69DC /* KMStat.m in Sources */ = {isa = PBXBuildFile; fileRef = 3A2F78741098CB9000EA69DC /* KMStat.m */; };
		3A2F787B1098CB9000EA69DC /* KMStatCopy.h in Headers */ = {isa = PBXBuildFile; fileRef = 3A2F78751098CB9000EA69DC /* KMStatCopy.h */; settings = {ATTRIBUTES = (Public, ); }; };
		3A2F78851098CBBA00EA69DC /* KMBasicInterpreter.h in Headers */ = {isa = PBXBuildFile; fileRef = 3A2F787D1098CBBA00EA69DC /* KMBasicInterpreter.h */; settings = {ATTRIBUTES = (Public, ); }; };
		3A2F78861098CBBA00EA69DC /* KMBasicInterpreter.m in Sources */ = {isa = PBXBuildFile; fileRef = 3A2F787E1098CBBA00EA69DC /* KMBasicInterpreter.m */; };
		3A2F78871098CBBA00EA69DC /* KMCommandInfo.h in Headers */ = {isa = PBXBuildFile; fileRef = 3A2F787F1098CBBA00EA69DC /* KMCommandInfo.h */; settings = {ATTRIBUTES = (Public, ); }; };
		3A2F78881098CBBA00EA69DC /* KMCommandInfo.m in Sources */ = {isa = PBXBuildFile; fileRef = 3A2F78801098CBBA00EA69DC /* KMCommandInfo.m */; };
		3A2F78891098CBBA00EA69DC /* KMCommandInterpreter.h in Headers */ = {isa = PBXBuildFile; fileRef = 3A2F78811098CBBA00EA69DC /* KMCommandInterpreter.h */; settings = {ATTRIBUTES = (Public, ); }; };
		3A2F788A1098CBBA00EA69DC /* KMCommandInterpreter.m in Sources */ = {isa = PBXBuildFile; fileRef = 3A2F78821098CBBA00EA69DC /* KMCommandInterpreter.m */; };
		3A2F788B1098CBBA00EA69DC /* KMCommandInterpreterLogic.h in Headers */ = {isa = PBXBuildFile; fileRef = 3A2F78831098CBBA00EA69DC /* KMCommandInterpreterLogic.h */; settings = {ATTRIBUTES = (Public, ); }; };
		3A2F788C1098CBBA00EA69DC /* KMInterpreter.h in Headers */ = {isa = PBXBuildFile; fileRef = 3A2F78841098CBBA00EA69DC /* KMInterpreter.h */; settings = {ATTRIBUTES = (Public, ); }; };
		3A2F789B1098CC2B00EA69DC /* KMColorProcessWriteHook.h in Headers */ = {isa = PBXBuildFile; fileRef = 3A2F788E1098CC2B00EA69DC /* KMColorProcessWriteHook.h */; settings = {ATTRIBUTES = (Public, ); }; };
		3A2F789C1098CC2B00EA69DC /* KMColorProcessWriteHook.m in Sources */ = {isa = PBXBuildFile; fileRef = 3A2F788F1098CC2B00EA69DC /* KMColorProcessWriteHook.m */; };
		3A2F789D1098CC2B00EA69DC /* KMInfoDisplay.h in Headers */ = {isa = PBXBuildFile; fileRef = 3A2F78901098CC2B00EA69DC /* KMInfoDisplay.h */; settings = {ATTRIBUTES = (Public, ); }; };
		3A2F789E1098CC2B00EA69DC /* KMInfoDisplay.m in Sources */ = {isa = PBXBuildFile; fileRef = 3A2F78911098CC2B00EA69DC /* KMInfoDisplay.m */; };
		3A2F789F1098CC2B00EA69DC /* KMStack.h in Headers */ = {isa = PBXBuildFile; fileRef = 3A2F78921098CC2B00EA69DC /* KMStack.h */; settings = {ATTRIBUTES = (Public, ); }; };
		3A2F78A01098CC2B00EA69DC /* KMStack.m in Sources */ = {isa = PBXBuildFile; fileRef = 3A2F78931098CC2B00EA69DC /* KMStack.m */; };
		3A2F78A11098CC2B00EA69DC /* NSString+KMAdditions.h in Headers */ = {isa = PBXBuildFile; fileRef = 3A2F78941098CC2B00EA69DC /* NSString+KMAdditions.h */; settings = {ATTRIBUTES = (Public, ); }; };
		3A2F78A21098CC2B00EA69DC /* NSString+KMAdditions.m in Sources */ = {isa = PBXBuildFile; fileRef = 3A2F78951098CC2B00EA69DC /* NSString+KMAdditions.m */; };
		3A2F78A31098CC2B00EA69DC /* KMVariableHook.h in Headers */ = {isa = PBXBuildFile; fileRef = 3A2F78961098CC2B00EA69DC /* KMVariableHook.h */; settings = {ATTRIBUTES = (Public, ); }; };
		3A2F78A41098CC2B00EA69DC /* KMVariableHook.m in Sources */ = {isa = PBXBuildFile; fileRef = 3A2F78971098CC2B00EA69DC /* KMVariableHook.m */; };
		3A2F78A51098CC2B00EA69DC /* KMVariableManager.h in Headers */ = {isa = PBXBuildFile; fileRef = 3A2F78981098CC2B00EA69DC /* KMVariableManager.h */; settings = {ATTRIBUTES = (Public, ); }; };
		3A2F78A61098CC2B00EA69DC /* KMVariableManager.m in Sources */ = {isa = PBXBuildFile; fileRef = 3A2F78991098CC2B00EA69DC /* KMVariableManager.m */; };
		3A2F78A71098CC2B00EA69DC /* KMWriteHook.h in Headers */ = {isa = PBXBuildFile; fileRef = 3A2F789A1098CC2B00EA69DC /* KMWriteHook.h */; settings = {ATTRIBUTES = (Public, ); }; };
		3A2F78C21098CCC800EA69DC /* KMAccountMenuState.h in Headers */ = {isa = PBXBuildFile; fileRef = 3A2F78AA1098CCC800EA69DC /* KMAccountMenuState.h */; settings = {ATTRIBUTES = (Public, ); }; };
		3A2F78C31098CCC800EA69DC /* KMAccountMenuState.m in Sources */ = {isa = PBXBuildFile; fileRef = 3A2F78AB1098CCC800EA69DC /* KMAccountMenuState.m */; };
		3A2F78C41098CCC800EA69DC /* KMAccountNameState.h in Headers */ = {isa = PBXBuildFile; fileRef = 3A2F78AC1098CCC800EA69DC /* KMAccountNameState.h */; settings = {ATTRIBUTES = (Public, ); }; };
		3A2F78C51098CCC800EA69DC /* KMAccountNameState.m in Sources */ = {isa = PBXBuildFile; fileRef = 3A2F78AD1098CCC800EA69DC /* KMAccountNameState.m */; };
		3A2F78C61098CCC800EA69DC /* KMChooseCharacterState.h in Headers */ = {isa = PBXBuildFile; fileRef = 3A2F78AE1098CCC800EA69DC /* KMChooseCharacterState.h */; settings = {ATTRIBUTES = (Public, ); }; };
		3A2F78C71098CCC800EA69DC /* KMChooseCharacterState.m in Sources */ = {isa = PBXBuildFile; fileRef = 3A2F78AF1098CCC800EA69DC /* KMChooseCharacterState.m */; };
		3A2F78C81098CCC800EA69DC /* KMChooseClassState.h in Headers */ = {isa = PBXBuildFile; fileRef = 3A2F78B01098CCC800EA69DC /* KMChooseClassState.h */; settings = {ATTRIBUTES = (Public, ); }; };
		3A2F78C91098CCC800EA69DC /* KMChooseClassState.m in Sources */ = {isa = PBXBuildFile; fileRef = 3A2F78B11098CCC800EA69DC /* KMChooseClassState.m */; };
		3A2F78CA1098CCC800EA69DC /* KMChooseRaceState.h in Headers */ = {isa = PBXBuildFile; fileRef = 3A2F78B21098CCC800EA69DC /* KMChooseRaceState.h */; settings = {ATTRIBUTES = (Public, ); }; };
		3A2F78CB1098CCC800EA69DC /* KMChooseRaceState.m in Sources */ = {isa = PBXBuildFile; fileRef = 3A2F78B31098CCC800EA69DC /* KMChooseRaceState.m */; };
		3A2F78CC1098CCC800EA69DC /* KMConfirmPasswordState.h in Headers */ = {isa = PBXBuildFile; fileRef = 3A2F78B41098CCC800EA69DC /* KMConfirmPasswordState.h */; settings = {ATTRIBUTES = (Public, ); }; };
		3A2F78CD1098CCC800EA69DC /* KMConfirmPasswordState.m in Sources */ = {isa = PBXBuildFile; fileRef = 3A2F78B51098CCC800EA69DC /* KMConfirmPasswordState.m */; };
		3A2F78CE1098CCC800EA69DC /* KMConfirmStatAllocationState.h in Headers */ = {isa = PBXBuildFile; fileRef = 3A2F78B61098CCC800EA69DC /* KMConfirmStatAllocationState.h */; settings = {ATTRIBUTES = (Public, ); }; };
		3A2F78CF1098CCC800EA69DC /* KMConfirmStatAllocationState.m in Sources */ = {isa = PBXBuildFile; fileRef = 3A2F78B71098CCC800EA69DC /* KMConfirmStatAllocationState.m */; };
		3A2F78D01098CCC800EA69DC /* KMCreateCharacterState.h in Headers */ = {isa = PBXBuildFile; fileRef = 3A2F78B81098CCC800EA69DC /* KMCreateCharacterState.h */; settings = {ATTRIBUTES = (Public, ); }; };
		3A2F78D11098CCC800EA69DC /* KMCreateCharacterState.m in Sources */ = {isa = PBXBuildFile; fileRef = 3A2F78B91098CCC800EA69DC /* KMCreateCharacterState.m */; };
		3A2F78D21098CCC800EA69DC /* KMNewPasswordState.h in Headers */ = {isa = PBXBuildFile; fileRef = 3A2F78BA1098CCC800EA69DC /* KMNewPasswordState.h */; settings = {ATTRIBUTES = (Public, ); }; };
		3A2F78D31098CCC800EA69DC /* KMNewPasswordState.m in Sources */ = {isa = PBXBuildFile; fileRef = 3A2F78BB1098CCC800EA69DC /* KMNewPasswordState.m */; };
		3A2F78D41098CCC800EA69DC /* KMPlayingState.h in Headers */ = {isa = PBXBuildFile; fileRef = 3A2F78BC1098CCC800EA69DC /* KMPlayingState.h */; settings = {ATTRIBUTES = (Public, ); }; };
		3A2F78D51098CCC800EA69DC /* KMPlayingState.m in Sources */ = {isa = PBXBuildFile; fileRef = 3A2F78BD1098CCC800EA69DC /* KMPlayingState.m */; };
		3A2F78D61098CCC800EA69DC /* KMQuitState.h in Headers */ = {isa = PBXBuildFile; fileRef = 3A2F78BE1098CCC800EA69DC /* KMQuitState.h */; settings = {ATTRIBUTES = (Public, ); }; };
		3A2F78D71098CCC800EA69DC /* KMQuitState.m in Sources */ = {isa = PBXBuildFile; fileRef = 3A2F78BF1098CCC800EA69DC /* KMQuitState.m */; };
		3A2F78D81098CCC800EA69DC /* KMStatAllocationState.h in Headers */ = {isa = PBXBuildFile; fileRef = 3A2F78C01098CCC800EA69DC /* KMStatAllocationState.h */; settings = {ATTRIBUTES = (Public, ); }; };
		3A2F78D91098CCC800EA69DC /* KMStatAllocationState.m in Sources */ = {isa = PBXBuildFile; fileRef = 3A2F78C11098CCC800EA69DC /* KMStatAllocationState.m */; };
		3A2F78DE1098CCF400EA69DC /* KMAccountMenu.h in Headers */ = {isa = PBXBuildFile; fileRef = 3A2F78DA1098CCF400EA69DC /* KMAccountMenu.h */; settings = {ATTRIBUTES = (Public, ); }; };
		3A2F78DF1098CCF400EA69DC /* KMMenu.h in Headers */ = {isa = PBXBuildFile; fileRef = 3A2F78DB1098CCF400EA69DC /* KMMenu.h */; settings = {ATTRIBUTES = (Public, ); }; };
		3A2F78E01098CCF400EA69DC /* KMMenuHandler.h in Headers */ = {isa = PBXBuildFile; fileRef = 3A2F78DC1098CCF400EA69DC /* KMMenuHandler.h */; settings = {ATTRIBUTES = (Public, ); }; };
		3A2F78E11098CCF400EA69DC /* KMMenuHandler.m in Sources */ = {isa = PBXBuildFile; fileRef = 3A2F78DD1098CCF400EA69DC /* KMMenuHandler.m */; };
		3A2F78F21098CD4600EA69DC /* KMConnectionCoordinator.h in Headers */ = {isa = PBXBuildFile; fileRef = 3A2F78EC1098CD4600EA69DC /* KMConnectionCoordinator.h */; settings = {ATTRIBUTES = (Public, ); }; };
		3A2F78F31098CD4600EA69DC /* KMConnectionCoordinator.m in Sources */ = {isa = PBXBuildFile; fileRef = 3A2F78ED1098CD4600EA69DC /* KMConnectionCoordinator.m */; };
		3A2F78F41098CD4600EA69DC /* KMConnectionPool.h in Headers */ = {isa = PBXBuildFile; fileRef = 3A2F78EE1098CD4600EA69DC /* KMConnectionPool.h */; settings = {ATTRIBUTES = (Public, ); }; };
		3A2F78F51098CD4600EA69DC /* KMConnectionPool.m in Sources */ = {isa = PBXBuildFile; fileRef = 3A2F78EF1098CD4600EA69DC /* KMConnectionPool.m */; };
		3A2F78F61098CD4600EA69DC /* KMServer.h in Headers */ = {isa = PBXBuildFile; fileRef = 3A2F78F01098CD4600EA69DC /* KMServer.h */; settings = {ATTRIBUTES = (Public, ); }; };
		3A2F78F71098CD4600EA69DC /* KMServer.m in Sources */ = {isa = PBXBuildFile; fileRef = 3A2F78F11098CD4600EA69DC /* KMServer.m */; };
		3A2F79641098D35D00EA69DC /* libcrypto.dylib in Frameworks */ = {isa = PBXBuildFile; fileRef = 3A2F79631098D35D00EA69DC /* libcrypto.dylib */; };
		3A427B23109A2B2700E1C502 /* KittyMUD.h in Headers */ = {isa = PBXBuildFile; fileRef = 3A427B22109A2AD000E1C502 /* KittyMUD.h */; settings = {ATTRIBUTES = (Public, ); }; };
		3A427B68109A99D000E1C502 /* KMWorkflow.h in Headers */ = {isa = PBXBuildFile; fileRef = 3A2F78E31098CD1500EA69DC /* KMWorkflow.h */; settings = {ATTRIBUTES = (Public, ); }; };
		3A427B69109A99D000E1C502 /* KMWorkflow.m in Sources */ = {isa = PBXBuildFile; fileRef = 3A2F78E41098CD1500EA69DC /* KMWorkflow.m */; };
		3A427B6A109A99D000E1C502 /* KMWorkflowStep.m in Sources */ = {isa = PBXBuildFile; fileRef = 3A2F78E61098CD1500EA69DC /* KMWorkflowStep.m */; };
		3A427B6B109A99D000E1C502 /* KMWorkflowStep.h in Headers */ = {isa = PBXBuildFile; fileRef = 3A2F78E51098CD1500EA69DC /* KMWorkflowStep.h */; settings = {ATTRIBUTES = (Public, ); }; };
		3A427B7D109A9A9F00E1C502 /* Cocoa.framework in Frameworks */ = {isa = PBXBuildFile; fileRef = 3A427B7C109A9A9F00E1C502 /* Cocoa.framework */; };
		3A427B81109A9AB900E1C502 /* SenTestingKit.framework in Frameworks */ = {isa = PBXBuildFile; fileRef = 3A427B80109A9AB900E1C502 /* SenTestingKit.framework */; };
		3A427B85109A9AC800E1C502 /* OCHamcrest.framework in Frameworks */ = {isa = PBXBuildFile; fileRef = 3A427B84109A9AC800E1C502 /* OCHamcrest.framework */; };
		3A427B87109A9AC800E1C502 /* OCMock.framework in Frameworks */ = {isa = PBXBuildFile; fileRef = 3A427B86109A9AC800E1C502 /* OCMock.framework */; };
		3A427C6B109B401C00E1C502 /* KittyMUD.framework in Frameworks */ = {isa = PBXBuildFile; fileRef = 8DC2EF5B0486A6940098B216 /* KittyMUD.framework */; };
		3A427CB6109B42A500E1C502 /* KMState.h in Headers */ = {isa = PBXBuildFile; fileRef = 3A2F79041098CDC400EA69DC /* KMState.h */; settings = {ATTRIBUTES = (Public, ); }; };
		3A427E59109C7D6700E1C502 /* KMObject.h in Headers */ = {isa = PBXBuildFile; fileRef = 3A427E57109C7D6700E1C502 /* KMObject.h */; settings = {ATTRIBUTES = (Public, ); }; };
		3A427E5A109C7D6700E1C502 /* KMObject.m in Sources */ = {isa = PBXBuildFile; fileRef = 3A427E58109C7D6700E1C502 /* KMObject.m */; };
		3A7EA38710B16D1900533965 /* XDF.framework in Frameworks */ = {isa = PBXBuildFile; fileRef = 3A7EA38410B16D0D00533965 /* XDF.framework */; };
		3AC1607010B64B6C00728F74 /* OCLog.framework in Frameworks */ = {isa = PBXBuildFile; fileRef = 3AC1606D10B64B6300728F74 /* OCLog.framework */; };
		3AEF22C910B31A790070FCDB /* KMAchievement.h in Headers */ = {isa = PBXBuildFile; fileRef = 3AEF22C710B31A790070FCDB /* KMAchievement.h */; };
		3AEF22CA10B31A790070FCDB /* KMAchievement.m in Sources */ = {isa = PBXBuildFile; fileRef = 3AEF22C810B31A790070FCDB /* KMAchievement.m */; };
		3AEF22CF10B31B9F0070FCDB /* KMAchievementEngine.h in Headers */ = {isa = PBXBuildFile; fileRef = 3AEF22CD10B31B9F0070FCDB /* KMAchievementEngine.h */; };
		3AEF22D010B31B9F0070FCDB /* KMAchievementEngine.m in Sources */ = {isa = PBXBuildFile; fileRef = 3AEF22CE10B31B9F0070FCDB /* KMAchievementEngine.m */; };
		3AFA20E8109945D40038B52D /* KMWorkflowTests.m in Sources */ = {isa = PBXBuildFile; fileRef = 3AFA20E7109945D40038B52D /* KMWorkflowTests.m */; };
		8DC2EF530486A6940098B216 /* InfoPlist.strings in Resources */ = {isa = PBXBuildFile; fileRef = 089C1666FE841158C02AAC07 /* InfoPlist.strings */; };
		8DC2EF570486A6940098B216 /* Cocoa.framework in Frameworks */ = {isa = PBXBuildFile; fileRef = 1058C7B1FEA5585E11CA2CBB /* Cocoa.framework */; };
/* End PBXBuildFile section */

/* Begin PBXContainerItemProxy section */
		3A7EA38310B16D0D00533965 /* PBXContainerItemProxy */ = {
			isa = PBXContainerItemProxy;
			containerPortal = 3A7EA37F10B16D0D00533965 /* XDF.xcodeproj */;
			proxyType = 2;
			remoteGlobalIDString = 8DC2EF5B0486A6940098B216;
			remoteInfo = XDF;
		};
		3A7EA3A210B16DF300533965 /* PBXContainerItemProxy */ = {
			isa = PBXContainerItemProxy;
			containerPortal = 3A7EA37F10B16D0D00533965 /* XDF.xcodeproj */;
			proxyType = 1;
			remoteGlobalIDString = 8DC2EF4F0486A6940098B216;
			remoteInfo = XDF;
		};
		3AC1606C10B64B6300728F74 /* PBXContainerItemProxy */ = {
			isa = PBXContainerItemProxy;
			containerPortal = 3AC1606810B64B6300728F74 /* OCLog.xcodeproj */;
			proxyType = 2;
			remoteGlobalIDString = 8DC2EF5B0486A6940098B216 /* OCLog.framework */;
			remoteInfo = OCLog;
		};
		3AC1607110B64B7400728F74 /* PBXContainerItemProxy */ = {
			isa = PBXContainerItemProxy;
			containerPortal = 3AC1606810B64B6300728F74 /* OCLog.xcodeproj */;
			proxyType = 1;
			remoteGlobalIDString = 8DC2EF4F0486A6940098B216 /* OCLog */;
			remoteInfo = OCLog;
		};
		3AFA20CA109943CF0038B52D /* PBXContainerItemProxy */ = {
			isa = PBXContainerItemProxy;
			containerPortal = 0867D690FE84028FC02AAC07 /* Project object */;
			proxyType = 1;
			remoteGlobalIDString = 8DC2EF4F0486A6940098B216;
			remoteInfo = KittyMUD;
		};
/* End PBXContainerItemProxy section */

/* Begin PBXFileReference section */
		0867D69BFE84028FC02AAC07 /* Foundation.framework */ = {isa = PBXFileReference; lastKnownFileType = wrapper.framework; name = Foundation.framework; path = /System/Library/Frameworks/Foundation.framework; sourceTree = "<absolute>"; };
		0867D6A5FE840307C02AAC07 /* AppKit.framework */ = {isa = PBXFileReference; lastKnownFileType = wrapper.framework; name = AppKit.framework; path = /System/Library/Frameworks/AppKit.framework; sourceTree = "<absolute>"; };
		089C1667FE841158C02AAC07 /* English */ = {isa = PBXFileReference; fileEncoding = 4; lastKnownFileType = text.plist.strings; name = English; path = English.lproj/InfoPlist.strings; sourceTree = "<group>"; };
		1058C7B1FEA5585E11CA2CBB /* Cocoa.framework */ = {isa = PBXFileReference; lastKnownFileType = wrapper.framework; name = Cocoa.framework; path = /System/Library/Frameworks/Cocoa.framework; sourceTree = "<absolute>"; };
		32DBCF5E0370ADEE00C91783 /* KittyMUD_Prefix.pch */ = {isa = PBXFileReference; fileEncoding = 4; lastKnownFileType = sourcecode.c.h; path = KittyMUD_Prefix.pch; sourceTree = "<group>"; };
		3A2F78411098C9B700EA69DC /* KMExitInfo.h */ = {isa = PBXFileReference; fileEncoding = 4; lastKnownFileType = sourcecode.c.h; path = KMExitInfo.h; sourceTree = "<group>"; };
		3A2F78421098C9B700EA69DC /* KMExitInfo.m */ = {isa = PBXFileReference; fileEncoding = 4; lastKnownFileType = sourcecode.c.objc; path = KMExitInfo.m; sourceTree = "<group>"; };
		3A2F78431098C9B700EA69DC /* KMRoom.h */ = {isa = PBXFileReference; fileEncoding = 4; lastKnownFileType = sourcecode.c.h; path = KMRoom.h; sourceTree = "<group>"; };
		3A2F78441098C9B700EA69DC /* KMRoom.m */ = {isa = PBXFileReference; fileEncoding = 4; lastKnownFileType = sourcecode.c.objc; path = KMRoom.m; sourceTree = "<group>"; };
		3A2F78501098CA7700EA69DC /* KMPlayingLogic.h */ = {isa = PBXFileReference; fileEncoding = 4; lastKnownFileType = sourcecode.c.h; path = KMPlayingLogic.h; sourceTree = "<group>"; };
		3A2F78511098CA7700EA69DC /* KMPlayingLogic.m */ = {isa = PBXFileReference; fileEncoding = 4; lastKnownFileType = sourcecode.c.objc; path = KMPlayingLogic.m; sourceTree = "<group>"; };
		3A2F78521098CA7700EA69DC /* KMStatAllocationLogic.h */ = {isa = PBXFileReference; fileEncoding = 4; lastKnownFileType = sourcecode.c.h; path = KMStatAllocationLogic.h; sourceTree = "<group>"; };
		3A2F78531098CA7700EA69DC /* KMStatAllocationLogic.m */ = {isa = PBXFileReference; fileEncoding = 4; lastKnownFileType = sourcecode.c.objc; path = KMStatAllocationLogic.m; sourceTree = "<group>"; };
		3A2F785A1098CADC00EA69DC /* KMItemEnhancement.h */ = {isa = PBXFileReference; fileEncoding = 4; lastKnownFileType = sourcecode.c.h; path = KMItemEnhancement.h; sourceTree = "<group>"; };
		3A2F785B1098CADC00EA69DC /* KMItemEnhancement.m */ = {isa = PBXFileReference; fileEncoding = 4; lastKnownFileType = sourcecode.c.objc; path = KMItemEnhancement.m; sourceTree = "<group>"; };
		3A2F785C1098CADC00EA69DC /* KMItemTemplate.h */ = {isa = PBXFileReference; fileEncoding = 4; lastKnownFileType = sourcecode.c.h; path = KMItemTemplate.h; sourceTree = "<group>"; };
		3A2F785D1098CADC00EA69DC /* KMItemTemplate.m */ = {isa = PBXFileReference; fileEncoding = 4; lastKnownFileType = sourcecode.c.objc; path = KMItemTemplate.m; sourceTree = "<group>"; };
		3A2F78621098CB0800EA69DC /* KMDataManager.h */ = {isa = PBXFileReference; fileEncoding = 4; lastKnownFileType = sourcecode.c.h; path = KMDataManager.h; sourceTree = "<group>"; };
		3A2F78631098CB0800EA69DC /* KMDataManager.m */ = {isa = PBXFileReference; fileEncoding = 4; lastKnownFileType = sourcecode.c.objc; path = KMDataManager.m; sourceTree = "<group>"; };
		3A2F78641098CB0800EA69DC /* KMDataStartup.h */ = {isa = PBXFileReference; fileEncoding = 4; lastKnownFileType = sourcecode.c.h; path = KMDataStartup.h; sourceTree = "<group>"; };
		3A2F78651098CB0800EA69DC /* KMClass.h */ = {isa = PBXFileReference; fileEncoding = 4; lastKnownFileType = sourcecode.c.h; path = KMClass.h; sourceTree = "<group>"; };
		3A2F78661098CB0800EA69DC /* KMClass.m */ = {isa = PBXFileReference; fileEncoding = 4; lastKnownFileType = sourcecode.c.objc; path = KMClass.m; sourceTree = "<group>"; };
		3A2F78671098CB0800EA69DC /* KMRace.h */ = {isa = PBXFileReference; fileEncoding = 4; lastKnownFileType = sourcecode.c.h; path = KMRace.h; sourceTree = "<group>"; };
		3A2F78681098CB0800EA69DC /* KMRace.m */ = {isa = PBXFileReference; fileEncoding = 4; lastKnownFileType = sourcecode.c.objc; path = KMRace.m; sourceTree = "<group>"; };
		3A2F78711098CB9000EA69DC /* KMCharacter.h */ = {isa = PBXFileReference; fileEncoding = 4; lastKnownFileType = sourcecode.c.h; path = KMCharacter.h; sourceTree = "<group>"; };
		3A2F78721098CB9000EA69DC /* KMCharacter.m */ = {isa = PBXFileReference; fileEncoding = 4; lastKnownFileType = sourcecode.c.objc; path = KMCharacter.m; sourceTree = "<group>"; };
		3A2F78731098CB9000EA69DC /* KMStat.h */ = {isa = PBXFileReference; fileEncoding = 4; lastKnownFileType = sourcecode.c.h; path = KMStat.h; sourceTree = "<group>"; };
		3A2F78741098CB9000EA69DC /* KMStat.m */ = {isa = PBXFileReference; fileEncoding = 4; lastKnownFileType = sourcecode.c.objc; path = KMStat.m; sourceTree = "<group>"; };
		3A2F78751098CB9000EA69DC /* KMStatCopy.h */ = {isa = PBXFileReference; fileEncoding = 4; lastKnownFileType = sourcecode.c.h; path = KMStatCopy.h; sourceTree = "<group>"; };
		3A2F787D1098CBBA00EA69DC /* KMBasicInterpreter.h */ = {isa = PBXFileReference; fileEncoding = 4; lastKnownFileType = sourcecode.c.h; path = KMBasicInterpreter.h; sourceTree = "<group>"; };
		3A2F787E1098CBBA00EA69DC /* KMBasicInterpreter.m */ = {isa = PBXFileReference; fileEncoding = 4; lastKnownFileType = sourcecode.c.objc; path = KMBasicInterpreter.m; sourceTree = "<group>"; };
		3A2F787F1098CBBA00EA69DC /* KMCommandInfo.h */ = {isa = PBXFileReference; fileEncoding = 4; lastKnownFileType = sourcecode.c.h; path = KMCommandInfo.h; sourceTree = "<group>"; };
		3A2F78801098CBBA00EA69DC /* KMCommandInfo.m */ = {isa = PBXFileReference; fileEncoding = 4; lastKnownFileType = sourcecode.c.objc; path = KMCommandInfo.m; sourceTree = "<group>"; };
		3A2F78811098CBBA00EA69DC /* KMCommandInterpreter.h */ = {isa = PBXFileReference; fileEncoding = 4; lastKnownFileType = sourcecode.c.h; path = KMCommandInterpreter.h; sourceTree = "<group>"; };
		3A2F78821098CBBA00EA69DC /* KMCommandInterpreter.m */ = {isa = PBXFileReference; fileEncoding = 4; lastKnownFileType = sourcecode.c.objc; path = KMCommandInterpreter.m; sourceTree = "<group>"; };
		3A2F78831098CBBA00EA69DC /* KMCommandInterpreterLogic.h */ = {isa = PBXFileReference; fileEncoding = 4; lastKnownFileType = sourcecode.c.h; path = KMCommandInterpreterLogic.h; sourceTree = "<group>"; };
		3A2F78841098CBBA00EA69DC /* KMInterpreter.h */ = {isa = PBXFileReference; fileEncoding = 4; lastKnownFileType = sourcecode.c.h; path = KMInterpreter.h; sourceTree = "<group>"; };
		3A2F788E1098CC2B00EA69DC /* KMColorProcessWriteHook.h */ = {isa = PBXFileReference; fileEncoding = 4; lastKnownFileType = sourcecode.c.h; path = KMColorProcessWriteHook.h; sourceTree = "<group>"; };
		3A2F788F1098CC2B00EA69DC /* KMColorProcessWriteHook.m */ = {isa = PBXFileReference; fileEncoding = 4; lastKnownFileType = sourcecode.c.objc; path = KMColorProcessWriteHook.m; sourceTree = "<group>"; };
		3A2F78901098CC2B00EA69DC /* KMInfoDisplay.h */ = {isa = PBXFileReference; fileEncoding = 4; lastKnownFileType = sourcecode.c.h; path = KMInfoDisplay.h; sourceTree = "<group>"; };
		3A2F78911098CC2B00EA69DC /* KMInfoDisplay.m */ = {isa = PBXFileReference; fileEncoding = 4; lastKnownFileType = sourcecode.c.objc; path = KMInfoDisplay.m; sourceTree = "<group>"; };
		3A2F78921098CC2B00EA69DC /* KMStack.h */ = {isa = PBXFileReference; fileEncoding = 4; lastKnownFileType = sourcecode.c.h; path = KMStack.h; sourceTree = "<group>"; };
		3A2F78931098CC2B00EA69DC /* KMStack.m */ = {isa = PBXFileReference; fileEncoding = 4; lastKnownFileType = sourcecode.c.objc; path = KMStack.m; sourceTree = "<group>"; };
		3A2F78941098CC2B00EA69DC /* NSString+KMAdditions.h */ = {isa = PBXFileReference; fileEncoding = 4; lastKnownFileType = sourcecode.c.h; path = "NSString+KMAdditions.h"; sourceTree = "<group>"; };
		3A2F78951098CC2B00EA69DC /* NSString+KMAdditions.m */ = {isa = PBXFileReference; fileEncoding = 4; lastKnownFileType = sourcecode.c.objc; path = "NSString+KMAdditions.m"; sourceTree = "<group>"; };
		3A2F78961098CC2B00EA69DC /* KMVariableHook.h */ = {isa = PBXFileReference; fileEncoding = 4; lastKnownFileType = sourcecode.c.h; path = KMVariableHook.h; sourceTree = "<group>"; };
		3A2F78971098CC2B00EA69DC /* KMVariableHook.m */ = {isa = PBXFileReference; fileEncoding = 4; lastKnownFileType = sourcecode.c.objc; path = KMVariableHook.m; sourceTree = "<group>"; };
		3A2F78981098CC2B00EA69DC /* KMVariableManager.h */ = {isa = PBXFileReference; fileEncoding = 4; lastKnownFileType = sourcecode.c.h; path = KMVariableManager.h; sourceTree = "<group>"; };
		3A2F78991098CC2B00EA69DC /* KMVariableManager.m */ = {isa = PBXFileReference; fileEncoding = 4; lastKnownFileType = sourcecode.c.objc; path = KMVariableManager.m; sourceTree = "<group>"; };
		3A2F789A1098CC2B00EA69DC /* KMWriteHook.h */ = {isa = PBXFileReference; fileEncoding = 4; lastKnownFileType = sourcecode.c.h; path = KMWriteHook.h; sourceTree = "<group>"; };
		3A2F78AA1098CCC800EA69DC /* KMAccountMenuState.h */ = {isa = PBXFileReference; fileEncoding = 4; lastKnownFileType = sourcecode.c.h; path = KMAccountMenuState.h; sourceTree = "<group>"; };
		3A2F78AB1098CCC800EA69DC /* KMAccountMenuState.m */ = {isa = PBXFileReference; fileEncoding = 4; lastKnownFileType = sourcecode.c.objc; path = KMAccountMenuState.m; sourceTree = "<group>"; };
		3A2F78AC1098CCC800EA69DC /* KMAccountNameState.h */ = {isa = PBXFileReference; fileEncoding = 4; lastKnownFileType = sourcecode.c.h; path = KMAccountNameState.h; sourceTree = "<group>"; };
		3A2F78AD1098CCC800EA69DC /* KMAccountNameState.m */ = {isa = PBXFileReference; fileEncoding = 4; lastKnownFileType = sourcecode.c.objc; path = KMAccountNameState.m; sourceTree = "<group>"; };
		3A2F78AE1098CCC800EA69DC /* KMChooseCharacterState.h */ = {isa = PBXFileReference; fileEncoding = 4; lastKnownFileType = sourcecode.c.h; path = KMChooseCharacterState.h; sourceTree = "<group>"; };
		3A2F78AF1098CCC800EA69DC /* KMChooseCharacterState.m */ = {isa = PBXFileReference; fileEncoding = 4; lastKnownFileType = sourcecode.c.objc; path = KMChooseCharacterState.m; sourceTree = "<group>"; };
		3A2F78B01098CCC800EA69DC /* KMChooseClassState.h */ = {isa = PBXFileReference; fileEncoding = 4; lastKnownFileType = sourcecode.c.h; path = KMChooseClassState.h; sourceTree = "<group>"; };
		3A2F78B11098CCC800EA69DC /* KMChooseClassState.m */ = {isa = PBXFileReference; fileEncoding = 4; lastKnownFileType = sourcecode.c.objc; path = KMChooseClassState.m; sourceTree = "<group>"; };
		3A2F78B21098CCC800EA69DC /* KMChooseRaceState.h */ = {isa = PBXFileReference; fileEncoding = 4; lastKnownFileType = sourcecode.c.h; path = KMChooseRaceState.h; sourceTree = "<group>"; };
		3A2F78B31098CCC800EA69DC /* KMChooseRaceState.m */ = {isa = PBXFileReference; fileEncoding = 4; lastKnownFileType = sourcecode.c.objc; path = KMChooseRaceState.m; sourceTree = "<group>"; };
		3A2F78B41098CCC800EA69DC /* KMConfirmPasswordState.h */ = {isa = PBXFileReference; fileEncoding = 4; lastKnownFileType = sourcecode.c.h; path = KMConfirmPasswordState.h; sourceTree = "<group>"; };
		3A2F78B51098CCC800EA69DC /* KMConfirmPasswordState.m */ = {isa = PBXFileReference; fileEncoding = 4; lastKnownFileType = sourcecode.c.objc; path = KMConfirmPasswordState.m; sourceTree = "<group>"; };
		3A2F78B61098CCC800EA69DC /* KMConfirmStatAllocationState.h */ = {isa = PBXFileReference; fileEncoding = 4; lastKnownFileType = sourcecode.c.h; path = KMConfirmStatAllocationState.h; sourceTree = "<group>"; };
		3A2F78B71098CCC800EA69DC /* KMConfirmStatAllocationState.m */ = {isa = PBXFileReference; fileEncoding = 4; lastKnownFileType = sourcecode.c.objc; path = KMConfirmStatAllocationState.m; sourceTree = "<group>"; };
		3A2F78B81098CCC800EA69DC /* KMCreateCharacterState.h */ = {isa = PBXFileReference; fileEncoding = 4; lastKnownFileType = sourcecode.c.h; path = KMCreateCharacterState.h; sourceTree = "<group>"; };
		3A2F78B91098CCC800EA69DC /* KMCreateCharacterState.m */ = {isa = PBXFileReference; fileEncoding = 4; lastKnownFileType = sourcecode.c.objc; path = KMCreateCharacterState.m; sourceTree = "<group>"; };
		3A2F78BA1098CCC800EA69DC /* KMNewPasswordState.h */ = {isa = PBXFileReference; fileEncoding = 4; lastKnownFileType = sourcecode.c.h; path = KMNewPasswordState.h; sourceTree = "<group>"; };
		3A2F78BB1098CCC800EA69DC /* KMNewPasswordState.m */ = {isa = PBXFileReference; fileEncoding = 4; lastKnownFileType = sourcecode.c.objc; path = KMNewPasswordState.m; sourceTree = "<group>"; };
		3A2F78BC1098CCC800EA69DC /* KMPlayingState.h */ = {isa = PBXFileReference; fileEncoding = 4; lastKnownFileType = sourcecode.c.h; path = KMPlayingState.h; sourceTree = "<group>"; };
		3A2F78BD1098CCC800EA69DC /* KMPlayingState.m */ = {isa = PBXFileReference; fileEncoding = 4; lastKnownFileType = sourcecode.c.objc; path = KMPlayingState.m; sourceTree = "<group>"; };
		3A2F78BE1098CCC800EA69DC /* KMQuitState.h */ = {isa = PBXFileReference; fileEncoding = 4; lastKnownFileType = sourcecode.c.h; path = KMQuitState.h; sourceTree = "<group>"; };
		3A2F78BF1098CCC800EA69DC /* KMQuitState.m */ = {isa = PBXFileReference; fileEncoding = 4; lastKnownFileType = sourcecode.c.objc; path = KMQuitState.m; sourceTree = "<group>"; };
		3A2F78C01098CCC800EA69DC /* KMStatAllocationState.h */ = {isa = PBXFileReference; fileEncoding = 4; lastKnownFileType = sourcecode.c.h; path = KMStatAllocationState.h; sourceTree = "<group>"; };
		3A2F78C11098CCC800EA69DC /* KMStatAllocationState.m */ = {isa = PBXFileReference; fileEncoding = 4; lastKnownFileType = sourcecode.c.objc; path = KMStatAllocationState.m; sourceTree = "<group>"; };
		3A2F78DA1098CCF400EA69DC /* KMAccountMenu.h */ = {isa = PBXFileReference; fileEncoding = 4; lastKnownFileType = sourcecode.c.h; path = KMAccountMenu.h; sourceTree = "<group>"; };
		3A2F78DB1098CCF400EA69DC /* KMMenu.h */ = {isa = PBXFileReference; fileEncoding = 4; lastKnownFileType = sourcecode.c.h; path = KMMenu.h; sourceTree = "<group>"; };
		3A2F78DC1098CCF400EA69DC /* KMMenuHandler.h */ = {isa = PBXFileReference; fileEncoding = 4; lastKnownFileType = sourcecode.c.h; path = KMMenuHandler.h; sourceTree = "<group>"; };
		3A2F78DD1098CCF400EA69DC /* KMMenuHandler.m */ = {isa = PBXFileReference; fileEncoding = 4; lastKnownFileType = sourcecode.c.objc; path = KMMenuHandler.m; sourceTree = "<group>"; };
		3A2F78E31098CD1500EA69DC /* KMWorkflow.h */ = {isa = PBXFileReference; fileEncoding = 4; lastKnownFileType = sourcecode.c.h; path = KMWorkflow.h; sourceTree = "<group>"; };
		3A2F78E41098CD1500EA69DC /* KMWorkflow.m */ = {isa = PBXFileReference; fileEncoding = 4; lastKnownFileType = sourcecode.c.objc; path = KMWorkflow.m; sourceTree = "<group>"; };
		3A2F78E51098CD1500EA69DC /* KMWorkflowStep.h */ = {isa = PBXFileReference; fileEncoding = 4; lastKnownFileType = sourcecode.c.h; path = KMWorkflowStep.h; sourceTree = "<group>"; };
		3A2F78E61098CD1500EA69DC /* KMWorkflowStep.m */ = {isa = PBXFileReference; fileEncoding = 4; lastKnownFileType = sourcecode.c.objc; path = KMWorkflowStep.m; sourceTree = "<group>"; };
		3A2F78EC1098CD4600EA69DC /* KMConnectionCoordinator.h */ = {isa = PBXFileReference; fileEncoding = 4; lastKnownFileType = sourcecode.c.h; path = KMConnectionCoordinator.h; sourceTree = "<group>"; };
		3A2F78ED1098CD4600EA69DC /* KMConnectionCoordinator.m */ = {isa = PBXFileReference; fileEncoding = 4; lastKnownFileType = sourcecode.c.objc; path = KMConnectionCoordinator.m; sourceTree = "<group>"; };
		3A2F78EE1098CD4600EA69DC /* KMConnectionPool.h */ = {isa = PBXFileReference; fileEncoding = 4; lastKnownFileType = sourcecode.c.h; path = KMConnectionPool.h; sourceTree = "<group>"; };
		3A2F78EF1098CD4600EA69DC /* KMConnectionPool.m */ = {isa = PBXFileReference; fileEncoding = 4; lastKnownFileType = sourcecode.c.objc; path = KMConnectionPool.m; sourceTree = "<group>"; };
		3A2F78F01098CD4600EA69DC /* KMServer.h */ = {isa = PBXFileReference; fileEncoding = 4; lastKnownFileType = sourcecode.c.h; path = KMServer.h; sourceTree = "<group>"; };
		3A2F78F11098CD4600EA69DC /* KMServer.m */ = {isa = PBXFileReference; fileEncoding = 4; lastKnownFileType = sourcecode.c.objc; path = KMServer.m; sourceTree = "<group>"; };
		3A2F79041098CDC400EA69DC /* KMState.h */ = {isa = PBXFileReference; fileEncoding = 4; lastKnownFileType = sourcecode.c.h; path = KMState.h; sourceTree = "<group>"; };
		3A2F79631098D35D00EA69DC /* libcrypto.dylib */ = {isa = PBXFileReference; lastKnownFileType = "compiled.mach-o.dylib"; name = libcrypto.dylib; path = usr/lib/libcrypto.dylib; sourceTree = SDKROOT; };
		3A427B22109A2AD000E1C502 /* KittyMUD.h */ = {isa = PBXFileReference; fileEncoding = 4; lastKnownFileType = sourcecode.c.h; path = KittyMUD.h; sourceTree = "<group>"; };
		3A427B7C109A9A9F00E1C502 /* Cocoa.framework */ = {isa = PBXFileReference; lastKnownFileType = wrapper.framework; name = Cocoa.framework; path = System/Library/Frameworks/Cocoa.framework; sourceTree = SDKROOT; };
		3A427B80109A9AB900E1C502 /* SenTestingKit.framework */ = {isa = PBXFileReference; lastKnownFileType = wrapper.framework; name = SenTestingKit.framework; path = Library/Frameworks/SenTestingKit.framework; sourceTree = DEVELOPER_DIR; };
		3A427B84109A9AC800E1C502 /* OCHamcrest.framework */ = {isa = PBXFileReference; lastKnownFileType = wrapper.framework; name = OCHamcrest.framework; path = Local/Frameworks/OCHamcrest.framework; sourceTree = DEVELOPER_DIR; };
		3A427B86109A9AC800E1C502 /* OCMock.framework */ = {isa = PBXFileReference; lastKnownFileType = wrapper.framework; name = OCMock.framework; path = Local/Frameworks/OCMock.framework; sourceTree = DEVELOPER_DIR; };
		3A427E57109C7D6700E1C502 /* KMObject.h */ = {isa = PBXFileReference; fileEncoding = 4; lastKnownFileType = sourcecode.c.h; path = KMObject.h; sourceTree = "<group>"; };
		3A427E58109C7D6700E1C502 /* KMObject.m */ = {isa = PBXFileReference; fileEncoding = 4; lastKnownFileType = sourcecode.c.objc; path = KMObject.m; sourceTree = "<group>"; };
		3A7EA37F10B16D0D00533965 /* XDF.xcodeproj */ = {isa = PBXFileReference; lastKnownFileType = "wrapper.pb-project"; name = XDF.xcodeproj; path = ../XDF/XDF.xcodeproj; sourceTree = SOURCE_ROOT; };
		3AC1606810B64B6300728F74 /* OCLog.xcodeproj */ = {isa = PBXFileReference; lastKnownFileType = "wrapper.pb-project"; name = OCLog.xcodeproj; path = ../OCLog/OCLog.xcodeproj; sourceTree = SOURCE_ROOT; };
		3AEF22C710B31A790070FCDB /* KMAchievement.h */ = {isa = PBXFileReference; fileEncoding = 4; lastKnownFileType = sourcecode.c.h; path = KMAchievement.h; sourceTree = "<group>"; };
		3AEF22C810B31A790070FCDB /* KMAchievement.m */ = {isa = PBXFileReference; fileEncoding = 4; lastKnownFileType = sourcecode.c.objc; path = KMAchievement.m; sourceTree = "<group>"; };
		3AEF22CD10B31B9F0070FCDB /* KMAchievementEngine.h */ = {isa = PBXFileReference; fileEncoding = 4; lastKnownFileType = sourcecode.c.h; path = KMAchievementEngine.h; sourceTree = "<group>"; };
		3AEF22CE10B31B9F0070FCDB /* KMAchievementEngine.m */ = {isa = PBXFileReference; fileEncoding = 4; lastKnownFileType = sourcecode.c.objc; path = KMAchievementEngine.m; sourceTree = "<group>"; };
		3AFA20C41099437E0038B52D /* KittyMUDTests.octest */ = {isa = PBXFileReference; explicitFileType = wrapper.cfbundle; includeInIndex = 0; path = KittyMUDTests.octest; sourceTree = BUILT_PRODUCTS_DIR; };
		3AFA20C51099437E0038B52D /* KittyMUDTests-Info.plist */ = {isa = PBXFileReference; lastKnownFileType = text.plist.xml; path = "KittyMUDTests-Info.plist"; sourceTree = "<group>"; };
		3AFA20E6109945D40038B52D /* KMWorkflowTests.h */ = {isa = PBXFileReference; fileEncoding = 4; lastKnownFileType = sourcecode.c.h; path = KMWorkflowTests.h; sourceTree = "<group>"; };
		3AFA20E7109945D40038B52D /* KMWorkflowTests.m */ = {isa = PBXFileReference; fileEncoding = 4; lastKnownFileType = sourcecode.c.objc; path = KMWorkflowTests.m; sourceTree = "<group>"; };
		8DC2EF5A0486A6940098B216 /* Info.plist */ = {isa = PBXFileReference; fileEncoding = 4; lastKnownFileType = text.plist.xml; path = Info.plist; sourceTree = "<group>"; };
		8DC2EF5B0486A6940098B216 /* KittyMUD.framework */ = {isa = PBXFileReference; explicitFileType = wrapper.framework; includeInIndex = 0; path = KittyMUD.framework; sourceTree = BUILT_PRODUCTS_DIR; };
		D2F7E79907B2D74100F64583 /* CoreData.framework */ = {isa = PBXFileReference; lastKnownFileType = wrapper.framework; name = CoreData.framework; path = /System/Library/Frameworks/CoreData.framework; sourceTree = "<absolute>"; };
/* End PBXFileReference section */

/* Begin PBXFrameworksBuildPhase section */
		3AFA20C11099437E0038B52D /* Frameworks */ = {
			isa = PBXFrameworksBuildPhase;
			buildActionMask = 2147483647;
			files = (
				3A427C6B109B401C00E1C502 /* KittyMUD.framework in Frameworks */,
				3A427B7D109A9A9F00E1C502 /* Cocoa.framework in Frameworks */,
				3A427B81109A9AB900E1C502 /* SenTestingKit.framework in Frameworks */,
				3A427B85109A9AC800E1C502 /* OCHamcrest.framework in Frameworks */,
				3A427B87109A9AC800E1C502 /* OCMock.framework in Frameworks */,
			);
			runOnlyForDeploymentPostprocessing = 0;
		};
		8DC2EF560486A6940098B216 /* Frameworks */ = {
			isa = PBXFrameworksBuildPhase;
			buildActionMask = 2147483647;
			files = (
				3AC1607010B64B6C00728F74 /* OCLog.framework in Frameworks */,
				3A7EA38710B16D1900533965 /* XDF.framework in Frameworks */,
				8DC2EF570486A6940098B216 /* Cocoa.framework in Frameworks */,
				3A2F79641098D35D00EA69DC /* libcrypto.dylib in Frameworks */,
			);
			runOnlyForDeploymentPostprocessing = 0;
		};
/* End PBXFrameworksBuildPhase section */

/* Begin PBXGroup section */
		034768DFFF38A50411DB9C8B /* Products */ = {
			isa = PBXGroup;
			children = (
				8DC2EF5B0486A6940098B216 /* KittyMUD.framework */,
				3AFA20C41099437E0038B52D /* KittyMUDTests.octest */,
			);
			name = Products;
			sourceTree = "<group>";
		};
		0867D691FE84028FC02AAC07 /* KittyMUD */ = {
			isa = PBXGroup;
			children = (
				08FB77AEFE84172EC02AAC07 /* Classes */,
				32C88DFF0371C24200C91783 /* Other Sources */,
				089C1665FE841158C02AAC07 /* Resources */,
				0867D69AFE84028FC02AAC07 /* External Frameworks and Libraries */,
				034768DFFF38A50411DB9C8B /* Products */,
				3A2F79631098D35D00EA69DC /* libcrypto.dylib */,
				3AFA20C51099437E0038B52D /* KittyMUDTests-Info.plist */,
				3A427B7C109A9A9F00E1C502 /* Cocoa.framework */,
				3A427B80109A9AB900E1C502 /* SenTestingKit.framework */,
				3A427B84109A9AC800E1C502 /* OCHamcrest.framework */,
				3A427B86109A9AC800E1C502 /* OCMock.framework */,
			);
			name = KittyMUD;
			sourceTree = "<group>";
		};
		0867D69AFE84028FC02AAC07 /* External Frameworks and Libraries */ = {
			isa = PBXGroup;
			children = (
				3AC1606810B64B6300728F74 /* OCLog.xcodeproj */,
				3A7EA37F10B16D0D00533965 /* XDF.xcodeproj */,
				1058C7B0FEA5585E11CA2CBB /* Linked Frameworks */,
				1058C7B2FEA5585E11CA2CBB /* Other Frameworks */,
			);
			name = "External Frameworks and Libraries";
			sourceTree = "<group>";
		};
		089C1665FE841158C02AAC07 /* Resources */ = {
			isa = PBXGroup;
			children = (
				8DC2EF5A0486A6940098B216 /* Info.plist */,
				089C1666FE841158C02AAC07 /* InfoPlist.strings */,
			);
			name = Resources;
			sourceTree = "<group>";
		};
		08FB77AEFE84172EC02AAC07 /* Classes */ = {
			isa = PBXGroup;
			children = (
				3AEF22C410B31A170070FCDB /* Achievements */,
				3A2F78EB1098CD2000EA69DC /* Server */,
				3A2F78A81098CC4200EA69DC /* StateMachine */,
				3A2F788D1098CBE600EA69DC /* Utility */,
				3A2F78581098CA8C00EA69DC /* Data */,
				3A2F78491098C9F300EA69DC /* Interpreters */,
				3A427B22109A2AD000E1C502 /* KittyMUD.h */,
			);
			name = Classes;
			sourceTree = "<group>";
		};
		1058C7B0FEA5585E11CA2CBB /* Linked Frameworks */ = {
			isa = PBXGroup;
			children = (
				1058C7B1FEA5585E11CA2CBB /* Cocoa.framework */,
			);
			name = "Linked Frameworks";
			sourceTree = "<group>";
		};
		1058C7B2FEA5585E11CA2CBB /* Other Frameworks */ = {
			isa = PBXGroup;
			children = (
				0867D6A5FE840307C02AAC07 /* AppKit.framework */,
				D2F7E79907B2D74100F64583 /* CoreData.framework */,
				0867D69BFE84028FC02AAC07 /* Foundation.framework */,
			);
			name = "Other Frameworks";
			sourceTree = "<group>";
		};
		32C88DFF0371C24200C91783 /* Other Sources */ = {
			isa = PBXGroup;
			children = (
				3AFA20E41099449F0038B52D /* Unit Tests */,
				32DBCF5E0370ADEE00C91783 /* KittyMUD_Prefix.pch */,
			);
			name = "Other Sources";
			sourceTree = "<group>";
		};
		3A2F78401098C98600EA69DC /* World */ = {
			isa = PBXGroup;
			children = (
				3A2F78411098C9B700EA69DC /* KMExitInfo.h */,
				3A2F78421098C9B700EA69DC /* KMExitInfo.m */,
				3A2F78431098C9B700EA69DC /* KMRoom.h */,
				3A2F78441098C9B700EA69DC /* KMRoom.m */,
			);
			path = World;
			sourceTree = "<group>";
		};
		3A2F78491098C9F300EA69DC /* Interpreters */ = {
			isa = PBXGroup;
			children = (
				3A2F787D1098CBBA00EA69DC /* KMBasicInterpreter.h */,
				3A2F787E1098CBBA00EA69DC /* KMBasicInterpreter.m */,
				3A2F787F1098CBBA00EA69DC /* KMCommandInfo.h */,
				3A2F78801098CBBA00EA69DC /* KMCommandInfo.m */,
				3A2F78811098CBBA00EA69DC /* KMCommandInterpreter.h */,
				3A2F78821098CBBA00EA69DC /* KMCommandInterpreter.m */,
				3A2F78831098CBBA00EA69DC /* KMCommandInterpreterLogic.h */,
				3A2F78841098CBBA00EA69DC /* KMInterpreter.h */,
				3A2F784A1098CA0E00EA69DC /* Logic */,
			);
			path = Interpreters;
			sourceTree = "<group>";
		};
		3A2F784A1098CA0E00EA69DC /* Logic */ = {
			isa = PBXGroup;
			children = (
				3A2F78501098CA7700EA69DC /* KMPlayingLogic.h */,
				3A2F78511098CA7700EA69DC /* KMPlayingLogic.m */,
				3A2F78521098CA7700EA69DC /* KMStatAllocationLogic.h */,
				3A2F78531098CA7700EA69DC /* KMStatAllocationLogic.m */,
			);
			path = Logic;
			sourceTree = "<group>";
		};
		3A2F78581098CA8C00EA69DC /* Data */ = {
			isa = PBXGroup;
			children = (
				3A2F78401098C98600EA69DC /* World */,
				3A2F78701098CB6700EA69DC /* Character */,
				3A2F78621098CB0800EA69DC /* KMDataManager.h */,
				3A2F78631098CB0800EA69DC /* KMDataManager.m */,
				3A2F78641098CB0800EA69DC /* KMDataStartup.h */,
				3A2F78651098CB0800EA69DC /* KMClass.h */,
				3A2F78661098CB0800EA69DC /* KMClass.m */,
				3A2F78671098CB0800EA69DC /* KMRace.h */,
				3A2F78681098CB0800EA69DC /* KMRace.m */,
				3A2F78591098CA9F00EA69DC /* Items */,
			);
			path = Data;
			sourceTree = "<group>";
		};
		3A2F78591098CA9F00EA69DC /* Items */ = {
			isa = PBXGroup;
			children = (
				3A2F785A1098CADC00EA69DC /* KMItemEnhancement.h */,
				3A2F785B1098CADC00EA69DC /* KMItemEnhancement.m */,
				3A2F785C1098CADC00EA69DC /* KMItemTemplate.h */,
				3A2F785D1098CADC00EA69DC /* KMItemTemplate.m */,
			);
			path = Items;
			sourceTree = "<group>";
		};
		3A2F78701098CB6700EA69DC /* Character */ = {
			isa = PBXGroup;
			children = (
				3A2F78711098CB9000EA69DC /* KMCharacter.h */,
				3A2F78721098CB9000EA69DC /* KMCharacter.m */,
				3A2F78731098CB9000EA69DC /* KMStat.h */,
				3A2F78741098CB9000EA69DC /* KMStat.m */,
				3A2F78751098CB9000EA69DC /* KMStatCopy.h */,
			);
			path = Character;
			sourceTree = "<group>";
		};
		3A2F788D1098CBE600EA69DC /* Utility */ = {
			isa = PBXGroup;
			children = (
				3A427E57109C7D6700E1C502 /* KMObject.h */,
				3A427E58109C7D6700E1C502 /* KMObject.m */,
				3A2F788E1098CC2B00EA69DC /* KMColorProcessWriteHook.h */,
				3A2F788F1098CC2B00EA69DC /* KMColorProcessWriteHook.m */,
				3A2F78901098CC2B00EA69DC /* KMInfoDisplay.h */,
				3A2F78911098CC2B00EA69DC /* KMInfoDisplay.m */,
				3A2F78921098CC2B00EA69DC /* KMStack.h */,
				3A2F78931098CC2B00EA69DC /* KMStack.m */,
				3A2F78941098CC2B00EA69DC /* NSString+KMAdditions.h */,
				3A2F78951098CC2B00EA69DC /* NSString+KMAdditions.m */,
				3A2F78961098CC2B00EA69DC /* KMVariableHook.h */,
				3A2F78971098CC2B00EA69DC /* KMVariableHook.m */,
				3A2F78981098CC2B00EA69DC /* KMVariableManager.h */,
				3A2F78991098CC2B00EA69DC /* KMVariableManager.m */,
				3A2F789A1098CC2B00EA69DC /* KMWriteHook.h */,
			);
			path = Utility;
			sourceTree = "<group>";
		};
		3A2F78A81098CC4200EA69DC /* StateMachine */ = {
			isa = PBXGroup;
			children = (
				3A2F79041098CDC400EA69DC /* KMState.h */,
				3A2F78E21098CCFA00EA69DC /* Workflow */,
				3A2F78AA1098CCC800EA69DC /* KMAccountMenuState.h */,
				3A2F78AB1098CCC800EA69DC /* KMAccountMenuState.m */,
				3A2F78AC1098CCC800EA69DC /* KMAccountNameState.h */,
				3A2F78AD1098CCC800EA69DC /* KMAccountNameState.m */,
				3A2F78AE1098CCC800EA69DC /* KMChooseCharacterState.h */,
				3A2F78AF1098CCC800EA69DC /* KMChooseCharacterState.m */,
				3A2F78B01098CCC800EA69DC /* KMChooseClassState.h */,
				3A2F78B11098CCC800EA69DC /* KMChooseClassState.m */,
				3A2F78B21098CCC800EA69DC /* KMChooseRaceState.h */,
				3A2F78B31098CCC800EA69DC /* KMChooseRaceState.m */,
				3A2F78B41098CCC800EA69DC /* KMConfirmPasswordState.h */,
				3A2F78B51098CCC800EA69DC /* KMConfirmPasswordState.m */,
				3A2F78B61098CCC800EA69DC /* KMConfirmStatAllocationState.h */,
				3A2F78B71098CCC800EA69DC /* KMConfirmStatAllocationState.m */,
				3A2F78B81098CCC800EA69DC /* KMCreateCharacterState.h */,
				3A2F78B91098CCC800EA69DC /* KMCreateCharacterState.m */,
				3A2F78BA1098CCC800EA69DC /* KMNewPasswordState.h */,
				3A2F78BB1098CCC800EA69DC /* KMNewPasswordState.m */,
				3A2F78BC1098CCC800EA69DC /* KMPlayingState.h */,
				3A2F78BD1098CCC800EA69DC /* KMPlayingState.m */,
				3A2F78BE1098CCC800EA69DC /* KMQuitState.h */,
				3A2F78BF1098CCC800EA69DC /* KMQuitState.m */,
				3A2F78C01098CCC800EA69DC /* KMStatAllocationState.h */,
				3A2F78C11098CCC800EA69DC /* KMStatAllocationState.m */,
				3A2F78A91098CC5B00EA69DC /* Helpers */,
			);
			path = StateMachine;
			sourceTree = "<group>";
		};
		3A2F78A91098CC5B00EA69DC /* Helpers */ = {
			isa = PBXGroup;
			children = (
				3A2F78DA1098CCF400EA69DC /* KMAccountMenu.h */,
				3A2F78DB1098CCF400EA69DC /* KMMenu.h */,
				3A2F78DC1098CCF400EA69DC /* KMMenuHandler.h */,
				3A2F78DD1098CCF400EA69DC /* KMMenuHandler.m */,
			);
			path = Helpers;
			sourceTree = "<group>";
		};
		3A2F78E21098CCFA00EA69DC /* Workflow */ = {
			isa = PBXGroup;
			children = (
				3A2F78E31098CD1500EA69DC /* KMWorkflow.h */,
				3A2F78E41098CD1500EA69DC /* KMWorkflow.m */,
				3A2F78E51098CD1500EA69DC /* KMWorkflowStep.h */,
				3A2F78E61098CD1500EA69DC /* KMWorkflowStep.m */,
			);
			path = Workflow;
			sourceTree = "<group>";
		};
		3A2F78EB1098CD2000EA69DC /* Server */ = {
			isa = PBXGroup;
			children = (
				3A2F78EC1098CD4600EA69DC /* KMConnectionCoordinator.h */,
				3A2F78ED1098CD4600EA69DC /* KMConnectionCoordinator.m */,
				3A2F78EE1098CD4600EA69DC /* KMConnectionPool.h */,
				3A2F78EF1098CD4600EA69DC /* KMConnectionPool.m */,
				3A2F78F01098CD4600EA69DC /* KMServer.h */,
				3A2F78F11098CD4600EA69DC /* KMServer.m */,
			);
			path = Server;
			sourceTree = "<group>";
		};
		3A7EA38010B16D0D00533965 /* Products */ = {
			isa = PBXGroup;
			children = (
				3A7EA38410B16D0D00533965 /* XDF.framework */,
			);
			name = Products;
			sourceTree = "<group>";
		};
		3AC1606910B64B6300728F74 /* Products */ = {
			isa = PBXGroup;
			children = (
				3AC1606D10B64B6300728F74 /* OCLog.framework */,
			);
			name = Products;
			sourceTree = "<group>";
		};
		3AEF22C410B31A170070FCDB /* Achievements */ = {
			isa = PBXGroup;
			children = (
				3AEF22C710B31A790070FCDB /* KMAchievement.h */,
				3AEF22C810B31A790070FCDB /* KMAchievement.m */,
				3AEF22CD10B31B9F0070FCDB /* KMAchievementEngine.h */,
				3AEF22CE10B31B9F0070FCDB /* KMAchievementEngine.m */,
			);
			path = Achievements;
			sourceTree = "<group>";
		};
		3AFA20E41099449F0038B52D /* Unit Tests */ = {
			isa = PBXGroup;
			children = (
				3AFA20E6109945D40038B52D /* KMWorkflowTests.h */,
				3AFA20E7109945D40038B52D /* KMWorkflowTests.m */,
			);
			path = "Unit Tests";
			sourceTree = "<group>";
		};
/* End PBXGroup section */

/* Begin PBXHeadersBuildPhase section */
		8DC2EF500486A6940098B216 /* Headers */ = {
			isa = PBXHeadersBuildPhase;
			buildActionMask = 2147483647;
			files = (
				3A2F78451098C9B700EA69DC /* KMExitInfo.h in Headers */,
				3A2F78471098C9B700EA69DC /* KMRoom.h in Headers */,
				3A2F78541098CA7700EA69DC /* KMPlayingLogic.h in Headers */,
				3A2F78561098CA7700EA69DC /* KMStatAllocationLogic.h in Headers */,
				3A2F785E1098CADC00EA69DC /* KMItemEnhancement.h in Headers */,
				3A2F78601098CADC00EA69DC /* KMItemTemplate.h in Headers */,
				3A2F78691098CB0800EA69DC /* KMDataManager.h in Headers */,
				3A2F786B1098CB0800EA69DC /* KMDataStartup.h in Headers */,
				3A2F786C1098CB0800EA69DC /* KMClass.h in Headers */,
				3A2F786E1098CB0800EA69DC /* KMRace.h in Headers */,
				3A2F78771098CB9000EA69DC /* KMCharacter.h in Headers */,
				3A2F78791098CB9000EA69DC /* KMStat.h in Headers */,
				3A2F787B1098CB9000EA69DC /* KMStatCopy.h in Headers */,
				3A2F78851098CBBA00EA69DC /* KMBasicInterpreter.h in Headers */,
				3A2F78871098CBBA00EA69DC /* KMCommandInfo.h in Headers */,
				3A2F78891098CBBA00EA69DC /* KMCommandInterpreter.h in Headers */,
				3A2F788B1098CBBA00EA69DC /* KMCommandInterpreterLogic.h in Headers */,
				3A2F788C1098CBBA00EA69DC /* KMInterpreter.h in Headers */,
				3A2F789B1098CC2B00EA69DC /* KMColorProcessWriteHook.h in Headers */,
				3A2F789D1098CC2B00EA69DC /* KMInfoDisplay.h in Headers */,
				3A2F789F1098CC2B00EA69DC /* KMStack.h in Headers */,
				3A2F78A11098CC2B00EA69DC /* NSString+KMAdditions.h in Headers */,
				3A2F78A31098CC2B00EA69DC /* KMVariableHook.h in Headers */,
				3A2F78A51098CC2B00EA69DC /* KMVariableManager.h in Headers */,
				3A2F78A71098CC2B00EA69DC /* KMWriteHook.h in Headers */,
				3A2F78C21098CCC800EA69DC /* KMAccountMenuState.h in Headers */,
				3A2F78C41098CCC800EA69DC /* KMAccountNameState.h in Headers */,
				3A2F78C61098CCC800EA69DC /* KMChooseCharacterState.h in Headers */,
				3A2F78C81098CCC800EA69DC /* KMChooseClassState.h in Headers */,
				3A2F78CA1098CCC800EA69DC /* KMChooseRaceState.h in Headers */,
				3A2F78CC1098CCC800EA69DC /* KMConfirmPasswordState.h in Headers */,
				3A2F78CE1098CCC800EA69DC /* KMConfirmStatAllocationState.h in Headers */,
				3A2F78D01098CCC800EA69DC /* KMCreateCharacterState.h in Headers */,
				3A2F78D21098CCC800EA69DC /* KMNewPasswordState.h in Headers */,
				3A2F78D41098CCC800EA69DC /* KMPlayingState.h in Headers */,
				3A2F78D61098CCC800EA69DC /* KMQuitState.h in Headers */,
				3A2F78D81098CCC800EA69DC /* KMStatAllocationState.h in Headers */,
				3A2F78DE1098CCF400EA69DC /* KMAccountMenu.h in Headers */,
				3A2F78DF1098CCF400EA69DC /* KMMenu.h in Headers */,
				3A2F78E01098CCF400EA69DC /* KMMenuHandler.h in Headers */,
				3A2F78F21098CD4600EA69DC /* KMConnectionCoordinator.h in Headers */,
				3A2F78F41098CD4600EA69DC /* KMConnectionPool.h in Headers */,
				3A2F78F61098CD4600EA69DC /* KMServer.h in Headers */,
				3A427B23109A2B2700E1C502 /* KittyMUD.h in Headers */,
				3A427B68109A99D000E1C502 /* KMWorkflow.h in Headers */,
				3A427B6B109A99D000E1C502 /* KMWorkflowStep.h in Headers */,
				3A427CB6109B42A500E1C502 /* KMState.h in Headers */,
				3A427E59109C7D6700E1C502 /* KMObject.h in Headers */,
				3AEF22C910B31A790070FCDB /* KMAchievement.h in Headers */,
				3AEF22CF10B31B9F0070FCDB /* KMAchievementEngine.h in Headers */,
			);
			runOnlyForDeploymentPostprocessing = 0;
		};
/* End PBXHeadersBuildPhase section */

/* Begin PBXNativeTarget section */
		3AFA20C31099437E0038B52D /* KittyMUDTests */ = {
			isa = PBXNativeTarget;
			buildConfigurationList = 3AFA20C91099437F0038B52D /* Build configuration list for PBXNativeTarget "KittyMUDTests" */;
			buildPhases = (
				3AFA20BF1099437E0038B52D /* Resources */,
				3AFA20C01099437E0038B52D /* Sources */,
				3AFA20C11099437E0038B52D /* Frameworks */,
				3AFA20C21099437E0038B52D /* ShellScript */,
			);
			buildRules = (
			);
			dependencies = (
				3AFA20CB109943CF0038B52D /* PBXTargetDependency */,
			);
			name = KittyMUDTests;
			productName = KittyMUDTests;
			productReference = 3AFA20C41099437E0038B52D /* KittyMUDTests.octest */;
			productType = "com.apple.product-type.bundle";
		};
		8DC2EF4F0486A6940098B216 /* KittyMUD */ = {
			isa = PBXNativeTarget;
			buildConfigurationList = 1DEB91AD08733DA50010E9CD /* Build configuration list for PBXNativeTarget "KittyMUD" */;
			buildPhases = (
				8DC2EF500486A6940098B216 /* Headers */,
				8DC2EF520486A6940098B216 /* Resources */,
				8DC2EF540486A6940098B216 /* Sources */,
				8DC2EF560486A6940098B216 /* Frameworks */,
			);
			buildRules = (
			);
			dependencies = (
				3A7EA3A310B16DF300533965 /* PBXTargetDependency */,
				3AC1607210B64B7400728F74 /* PBXTargetDependency */,
			);
			name = KittyMUD;
			productInstallPath = "$(HOME)/Library/Frameworks";
			productName = KittyMUD;
			productReference = 8DC2EF5B0486A6940098B216 /* KittyMUD.framework */;
			productType = "com.apple.product-type.framework";
		};
/* End PBXNativeTarget section */

/* Begin PBXProject section */
		0867D690FE84028FC02AAC07 /* Project object */ = {
			isa = PBXProject;
			attributes = {
				ORGANIZATIONNAME = "Michael Tindal";
			};
			buildConfigurationList = 1DEB91B108733DA50010E9CD /* Build configuration list for PBXProject "KittyMUD" */;
			compatibilityVersion = "Xcode 3.1";
			hasScannedForEncodings = 1;
			mainGroup = 0867D691FE84028FC02AAC07 /* KittyMUD */;
			productRefGroup = 034768DFFF38A50411DB9C8B /* Products */;
			projectDirPath = "";
			projectReferences = (
				{
					ProductGroup = 3AC1606910B64B6300728F74 /* Products */;
					ProjectRef = 3AC1606810B64B6300728F74 /* OCLog.xcodeproj */;
				},
				{
					ProductGroup = 3A7EA38010B16D0D00533965 /* Products */;
					ProjectRef = 3A7EA37F10B16D0D00533965 /* XDF.xcodeproj */;
				},
			);
			projectRoot = "";
			targets = (
				8DC2EF4F0486A6940098B216 /* KittyMUD */,
				3AFA20C31099437E0038B52D /* KittyMUDTests */,
			);
		};
/* End PBXProject section */

/* Begin PBXReferenceProxy section */
		3A7EA38410B16D0D00533965 /* XDF.framework */ = {
			isa = PBXReferenceProxy;
			fileType = wrapper.framework;
			path = XDF.framework;
			remoteRef = 3A7EA38310B16D0D00533965 /* PBXContainerItemProxy */;
			sourceTree = BUILT_PRODUCTS_DIR;
		};
		3AC1606D10B64B6300728F74 /* OCLog.framework */ = {
			isa = PBXReferenceProxy;
			fileType = wrapper.framework;
			path = OCLog.framework;
			remoteRef = 3AC1606C10B64B6300728F74 /* PBXContainerItemProxy */;
			sourceTree = BUILT_PRODUCTS_DIR;
		};
/* End PBXReferenceProxy section */

/* Begin PBXResourcesBuildPhase section */
		3AFA20BF1099437E0038B52D /* Resources */ = {
			isa = PBXResourcesBuildPhase;
			buildActionMask = 2147483647;
			files = (
			);
			runOnlyForDeploymentPostprocessing = 0;
		};
		8DC2EF520486A6940098B216 /* Resources */ = {
			isa = PBXResourcesBuildPhase;
			buildActionMask = 2147483647;
			files = (
				8DC2EF530486A6940098B216 /* InfoPlist.strings in Resources */,
			);
			runOnlyForDeploymentPostprocessing = 0;
		};
/* End PBXResourcesBuildPhase section */

/* Begin PBXShellScriptBuildPhase section */
		3AFA20C21099437E0038B52D /* ShellScript */ = {
			isa = PBXShellScriptBuildPhase;
			buildActionMask = 2147483647;
			files = (
			);
			inputPaths = (
			);
			outputPaths = (
			);
			runOnlyForDeploymentPostprocessing = 0;
			shellPath = /bin/sh;
			shellScript = "# Run the unit tests in this test bundle.\n\"${SYSTEM_DEVELOPER_DIR}/Tools/RunUnitTests\"\n";
		};
/* End PBXShellScriptBuildPhase section */

/* Begin PBXSourcesBuildPhase section */
		3AFA20C01099437E0038B52D /* Sources */ = {
			isa = PBXSourcesBuildPhase;
			buildActionMask = 2147483647;
			files = (
				3AFA20E8109945D40038B52D /* KMWorkflowTests.m in Sources */,
			);
			runOnlyForDeploymentPostprocessing = 0;
		};
		8DC2EF540486A6940098B216 /* Sources */ = {
			isa = PBXSourcesBuildPhase;
			buildActionMask = 2147483647;
			files = (
				3A2F78461098C9B700EA69DC /* KMExitInfo.m in Sources */,
				3A2F78481098C9B700EA69DC /* KMRoom.m in Sources */,
				3A2F78551098CA7700EA69DC /* KMPlayingLogic.m in Sources */,
				3A2F78571098CA7700EA69DC /* KMStatAllocationLogic.m in Sources */,
				3A2F785F1098CADC00EA69DC /* KMItemEnhancement.m in Sources */,
				3A2F78611098CADC00EA69DC /* KMItemTemplate.m in Sources */,
				3A2F786A1098CB0800EA69DC /* KMDataManager.m in Sources */,
				3A2F786D1098CB0800EA69DC /* KMClass.m in Sources */,
				3A2F786F1098CB0800EA69DC /* KMRace.m in Sources */,
				3A2F78781098CB9000EA69DC /* KMCharacter.m in Sources */,
				3A2F787A1098CB9000EA69DC /* KMStat.m in Sources */,
				3A2F78861098CBBA00EA69DC /* KMBasicInterpreter.m in Sources */,
				3A2F78881098CBBA00EA69DC /* KMCommandInfo.m in Sources */,
				3A2F788A1098CBBA00EA69DC /* KMCommandInterpreter.m in Sources */,
				3A2F789C1098CC2B00EA69DC /* KMColorProcessWriteHook.m in Sources */,
				3A2F789E1098CC2B00EA69DC /* KMInfoDisplay.m in Sources */,
				3A2F78A01098CC2B00EA69DC /* KMStack.m in Sources */,
				3A2F78A21098CC2B00EA69DC /* NSString+KMAdditions.m in Sources */,
				3A2F78A41098CC2B00EA69DC /* KMVariableHook.m in Sources */,
				3A2F78A61098CC2B00EA69DC /* KMVariableManager.m in Sources */,
				3A2F78C31098CCC800EA69DC /* KMAccountMenuState.m in Sources */,
				3A2F78C51098CCC800EA69DC /* KMAccountNameState.m in Sources */,
				3A2F78C71098CCC800EA69DC /* KMChooseCharacterState.m in Sources */,
				3A2F78C91098CCC800EA69DC /* KMChooseClassState.m in Sources */,
				3A2F78CB1098CCC800EA69DC /* KMChooseRaceState.m in Sources */,
				3A2F78CD1098CCC800EA69DC /* KMConfirmPasswordState.m in Sources */,
				3A2F78CF1098CCC800EA69DC /* KMConfirmStatAllocationState.m in Sources */,
				3A2F78D11098CCC800EA69DC /* KMCreateCharacterState.m in Sources */,
				3A2F78D31098CCC800EA69DC /* KMNewPasswordState.m in Sources */,
				3A2F78D51098CCC800EA69DC /* KMPlayingState.m in Sources */,
				3A2F78D71098CCC800EA69DC /* KMQuitState.m in Sources */,
				3A2F78D91098CCC800EA69DC /* KMStatAllocationState.m in Sources */,
				3A2F78E11098CCF400EA69DC /* KMMenuHandler.m in Sources */,
				3A2F78F31098CD4600EA69DC /* KMConnectionCoordinator.m in Sources */,
				3A2F78F51098CD4600EA69DC /* KMConnectionPool.m in Sources */,
				3A2F78F71098CD4600EA69DC /* KMServer.m in Sources */,
				3A427B69109A99D000E1C502 /* KMWorkflow.m in Sources */,
				3A427B6A109A99D000E1C502 /* KMWorkflowStep.m in Sources */,
				3A427E5A109C7D6700E1C502 /* KMObject.m in Sources */,
				3AEF22CA10B31A790070FCDB /* KMAchievement.m in Sources */,
				3AEF22D010B31B9F0070FCDB /* KMAchievementEngine.m in Sources */,
			);
			runOnlyForDeploymentPostprocessing = 0;
		};
/* End PBXSourcesBuildPhase section */

/* Begin PBXTargetDependency section */
		3A7EA3A310B16DF300533965 /* PBXTargetDependency */ = {
			isa = PBXTargetDependency;
			name = XDF;
			targetProxy = 3A7EA3A210B16DF300533965 /* PBXContainerItemProxy */;
		};
		3AC1607210B64B7400728F74 /* PBXTargetDependency */ = {
			isa = PBXTargetDependency;
			name = OCLog;
			targetProxy = 3AC1607110B64B7400728F74 /* PBXContainerItemProxy */;
		};
		3AFA20CB109943CF0038B52D /* PBXTargetDependency */ = {
			isa = PBXTargetDependency;
			target = 8DC2EF4F0486A6940098B216 /* KittyMUD */;
			targetProxy = 3AFA20CA109943CF0038B52D /* PBXContainerItemProxy */;
		};
/* End PBXTargetDependency section */

/* Begin PBXVariantGroup section */
		089C1666FE841158C02AAC07 /* InfoPlist.strings */ = {
			isa = PBXVariantGroup;
			children = (
				089C1667FE841158C02AAC07 /* English */,
			);
			name = InfoPlist.strings;
			sourceTree = "<group>";
		};
/* End PBXVariantGroup section */

/* Begin XCBuildConfiguration section */
		1DEB91AE08733DA50010E9CD /* Debug */ = {
			isa = XCBuildConfiguration;
			buildSettings = {
				ALWAYS_SEARCH_USER_PATHS = NO;
				CODE_SIGN_IDENTITY = "Don't Code Sign";
				COPY_PHASE_STRIP = NO;
				CURRENT_PROJECT_VERSION = 1;
				DYLIB_COMPATIBILITY_VERSION = 1;
				DYLIB_CURRENT_VERSION = 1;
				FRAMEWORK_SEARCH_PATHS = "$(SRCROOT)/../XDF/build/";
				FRAMEWORK_VERSION = A;
				GCC_DYNAMIC_NO_PIC = NO;
				GCC_ENABLE_FIX_AND_CONTINUE = YES;
				GCC_MODEL_TUNING = G5;
				GCC_OPTIMIZATION_LEVEL = 0;
				GCC_PRECOMPILE_PREFIX_HEADER = YES;
				GCC_PREFIX_HEADER = KittyMUD_Prefix.pch;
				INFOPLIST_FILE = Info.plist;
				INSTALL_PATH = "$(HOME)/Library/Frameworks";
				PRODUCT_NAME = KittyMUD;
				SYMROOT = ../build;
				VERSIONING_SYSTEM = "apple-generic";
				VERSION_INFO_EXPORT_DECL = "";
				VERSION_INFO_PREFIX = KM;
				WRAPPER_EXTENSION = framework;
			};
			name = Debug;
		};
		1DEB91AF08733DA50010E9CD /* Release */ = {
			isa = XCBuildConfiguration;
			buildSettings = {
				ALWAYS_SEARCH_USER_PATHS = NO;
				CODE_SIGN_IDENTITY = "Don't Code Sign";
				CURRENT_PROJECT_VERSION = 1;
				DEBUG_INFORMATION_FORMAT = "dwarf-with-dsym";
				DYLIB_COMPATIBILITY_VERSION = 1;
				DYLIB_CURRENT_VERSION = 1;
				FRAMEWORK_SEARCH_PATHS = "$(SRCROOT)/../XDF/build/";
				FRAMEWORK_VERSION = A;
				GCC_MODEL_TUNING = G5;
				GCC_PRECOMPILE_PREFIX_HEADER = YES;
				GCC_PREFIX_HEADER = KittyMUD_Prefix.pch;
				INFOPLIST_FILE = Info.plist;
				INSTALL_PATH = "$(HOME)/Library/Frameworks";
				PRODUCT_NAME = KittyMUD;
				SYMROOT = ../build;
				VERSIONING_SYSTEM = "apple-generic";
				VERSION_INFO_EXPORT_DECL = "";
				VERSION_INFO_PREFIX = KM;
				WRAPPER_EXTENSION = framework;
			};
			name = Release;
		};
		1DEB91B208733DA50010E9CD /* Debug */ = {
			isa = XCBuildConfiguration;
			buildSettings = {
				ARCHS = "$(ARCHS_STANDARD_32_64_BIT)";
				FRAMEWORK_SEARCH_PATHS = "$(SRCROOT)/../XDF/build/$(CONFIGURATION)";
				GCC_C_LANGUAGE_STANDARD = gnu99;
				GCC_ENABLE_OBJC_GC = required;
				GCC_OPTIMIZATION_LEVEL = 0;
				GCC_VERSION = com.apple.compilers.llvm.clang.1_0;
				GCC_WARN_ABOUT_RETURN_TYPE = YES;
				GCC_WARN_UNUSED_VARIABLE = YES;
				ONLY_ACTIVE_ARCH = YES;
				PREBINDING = NO;
				SDKROOT = macosx10.6;
			};
			name = Debug;
		};
		1DEB91B308733DA50010E9CD /* Release */ = {
			isa = XCBuildConfiguration;
			buildSettings = {
				ARCHS = "$(ARCHS_STANDARD_32_64_BIT)";
				FRAMEWORK_SEARCH_PATHS = "$(SRCROOT)/../XDF/build/$(CONFIGURATION)";
				GCC_C_LANGUAGE_STANDARD = gnu99;
				GCC_ENABLE_OBJC_GC = required;
				GCC_VERSION = com.apple.compilers.llvm.clang.1_0;
				GCC_WARN_ABOUT_RETURN_TYPE = YES;
				GCC_WARN_UNUSED_VARIABLE = YES;
				PREBINDING = NO;
				SDKROOT = macosx10.6;
			};
			name = Release;
		};
		3A2F78FE1098CD7800EA69DC /* Analyze */ = {
			isa = XCBuildConfiguration;
			buildSettings = {
				ARCHS = "$(ARCHS_STANDARD_32_64_BIT)";
				FRAMEWORK_SEARCH_PATHS = "$(SRCROOT)/../XDF/build/$(CONFIGURATION)";
				GCC_C_LANGUAGE_STANDARD = gnu99;
				GCC_ENABLE_OBJC_GC = required;
				GCC_OPTIMIZATION_LEVEL = 0;
				GCC_VERSION = com.apple.compilers.llvm.clang.1_0;
				GCC_WARN_ABOUT_RETURN_TYPE = YES;
				GCC_WARN_UNUSED_VARIABLE = YES;
				ONLY_ACTIVE_ARCH = YES;
				PREBINDING = NO;
				RUN_CLANG_STATIC_ANALYZER = YES;
				SDKROOT = macosx10.6;
			};
			name = Analyze;
		};
		3A2F78FF1098CD7800EA69DC /* Analyze */ = {
			isa = XCBuildConfiguration;
			buildSettings = {
				ALWAYS_SEARCH_USER_PATHS = NO;
				CODE_SIGN_IDENTITY = "Don't Code Sign";
				COPY_PHASE_STRIP = NO;
				CURRENT_PROJECT_VERSION = 1;
				DYLIB_COMPATIBILITY_VERSION = 1;
				DYLIB_CURRENT_VERSION = 1;
				FRAMEWORK_SEARCH_PATHS = "$(SRCROOT)/../XDF/build/";
				FRAMEWORK_VERSION = A;
				GCC_DYNAMIC_NO_PIC = NO;
				GCC_ENABLE_FIX_AND_CONTINUE = YES;
				GCC_MODEL_TUNING = G5;
				GCC_OPTIMIZATION_LEVEL = 0;
				GCC_PRECOMPILE_PREFIX_HEADER = YES;
				GCC_PREFIX_HEADER = KittyMUD_Prefix.pch;
				INFOPLIST_FILE = Info.plist;
				INSTALL_PATH = "$(HOME)/Library/Frameworks";
				PRODUCT_NAME = KittyMUD;
				SYMROOT = ../build;
				VERSIONING_SYSTEM = "apple-generic";
				VERSION_INFO_EXPORT_DECL = "";
				VERSION_INFO_PREFIX = KM;
				WRAPPER_EXTENSION = framework;
			};
			name = Analyze;
		};
		3A427D80109B4EBC00E1C502 /* Coverage */ = {
			isa = XCBuildConfiguration;
			buildSettings = {
				ARCHS = "$(ARCHS_STANDARD_32_64_BIT)";
				FRAMEWORK_SEARCH_PATHS = "$(SRCROOT)/../XDF/build/$(CONFIGURATION)";
				GCC_C_LANGUAGE_STANDARD = gnu99;
				GCC_ENABLE_OBJC_GC = required;
				GCC_GENERATE_TEST_COVERAGE_FILES = YES;
				GCC_INSTRUMENT_PROGRAM_FLOW_ARCS = YES;
				GCC_OPTIMIZATION_LEVEL = 0;
				GCC_VERSION = com.apple.compilers.llvm.clang.1_0;
				GCC_WARN_ABOUT_RETURN_TYPE = YES;
				GCC_WARN_UNUSED_VARIABLE = YES;
				ONLY_ACTIVE_ARCH = YES;
				OTHER_LDFLAGS = "-lgcov";
				PREBINDING = NO;
				SDKROOT = macosx10.6;
			};
			name = Coverage;
		};
		3A427D81109B4EBC00E1C502 /* Coverage */ = {
			isa = XCBuildConfiguration;
			buildSettings = {
				ALWAYS_SEARCH_USER_PATHS = NO;
				CODE_SIGN_IDENTITY = "Don't Code Sign";
				COPY_PHASE_STRIP = NO;
				CURRENT_PROJECT_VERSION = 1;
				DYLIB_COMPATIBILITY_VERSION = 1;
				DYLIB_CURRENT_VERSION = 1;
				FRAMEWORK_SEARCH_PATHS = "$(SRCROOT)/../XDF/build/";
				FRAMEWORK_VERSION = A;
				GCC_DYNAMIC_NO_PIC = NO;
				GCC_ENABLE_FIX_AND_CONTINUE = YES;
				GCC_MODEL_TUNING = G5;
				GCC_OPTIMIZATION_LEVEL = 0;
				GCC_PRECOMPILE_PREFIX_HEADER = YES;
				GCC_PREFIX_HEADER = KittyMUD_Prefix.pch;
				INFOPLIST_FILE = Info.plist;
				INSTALL_PATH = "$(HOME)/Library/Frameworks";
				PRODUCT_NAME = KittyMUD;
				SYMROOT = ../build;
				VERSIONING_SYSTEM = "apple-generic";
				VERSION_INFO_EXPORT_DECL = "";
				VERSION_INFO_PREFIX = KM;
				WRAPPER_EXTENSION = framework;
			};
			name = Coverage;
		};
		3A427D82109B4EBC00E1C502 /* Coverage */ = {
			isa = XCBuildConfiguration;
			buildSettings = {
				ALWAYS_SEARCH_USER_PATHS = NO;
				BUNDLE_LOADER = "";
				COPY_PHASE_STRIP = NO;
				FRAMEWORK_SEARCH_PATHS = (
					"$(DEVELOPER_LIBRARY_DIR)/Frameworks",
					"\"$(DEVELOPER_DIR)/Local/Frameworks\"",
				);
				GCC_DYNAMIC_NO_PIC = NO;
				GCC_ENABLE_FIX_AND_CONTINUE = NO;
				GCC_ENABLE_OBJC_EXCEPTIONS = YES;
				GCC_MODEL_TUNING = G5;
				GCC_OPTIMIZATION_LEVEL = 0;
				GCC_PRECOMPILE_PREFIX_HEADER = YES;
				GCC_PREFIX_HEADER = "$(SYSTEM_LIBRARY_DIR)/Frameworks/Cocoa.framework/Headers/Cocoa.h";
				INFOPLIST_FILE = "KittyMUDTests-Info.plist";
				INSTALL_PATH = "$(USER_LIBRARY_DIR)/Bundles";
				OTHER_LDFLAGS = (
					"-framework",
					Cocoa,
					"-framework",
					SenTestingKit,
				);
				PREBINDING = NO;
				PRODUCT_NAME = KittyMUDTests;
				WRAPPER_EXTENSION = octest;
			};
			name = Coverage;
		};
		3A427D83109B4EDF00E1C502 /* Analyze + Coverage */ = {
			isa = XCBuildConfiguration;
			buildSettings = {
				ARCHS = "$(ARCHS_STANDARD_32_64_BIT)";
				FRAMEWORK_SEARCH_PATHS = "$(SRCROOT)/../XDF/build/$(CONFIGURATION)";
				GCC_C_LANGUAGE_STANDARD = gnu99;
				GCC_ENABLE_OBJC_GC = required;
				GCC_GENERATE_TEST_COVERAGE_FILES = YES;
				GCC_INSTRUMENT_PROGRAM_FLOW_ARCS = YES;
				GCC_OPTIMIZATION_LEVEL = 0;
				GCC_VERSION = com.apple.compilers.llvm.clang.1_0;
				GCC_WARN_ABOUT_RETURN_TYPE = YES;
				GCC_WARN_UNUSED_VARIABLE = YES;
				ONLY_ACTIVE_ARCH = YES;
				OTHER_LDFLAGS = "-lgcov";
				PREBINDING = NO;
				RUN_CLANG_STATIC_ANALYZER = YES;
				SDKROOT = macosx10.6;
			};
			name = "Analyze + Coverage";
		};
		3A427D84109B4EDF00E1C502 /* Analyze + Coverage */ = {
			isa = XCBuildConfiguration;
			buildSettings = {
				ALWAYS_SEARCH_USER_PATHS = NO;
				CODE_SIGN_IDENTITY = "Don't Code Sign";
				COPY_PHASE_STRIP = NO;
				CURRENT_PROJECT_VERSION = 1;
				DYLIB_COMPATIBILITY_VERSION = 1;
				DYLIB_CURRENT_VERSION = 1;
				FRAMEWORK_SEARCH_PATHS = "$(SRCROOT)/../XDF/build/";
				FRAMEWORK_VERSION = A;
				GCC_DYNAMIC_NO_PIC = NO;
				GCC_ENABLE_FIX_AND_CONTINUE = YES;
				GCC_MODEL_TUNING = G5;
				GCC_OPTIMIZATION_LEVEL = 0;
				GCC_PRECOMPILE_PREFIX_HEADER = YES;
				GCC_PREFIX_HEADER = KittyMUD_Prefix.pch;
				INFOPLIST_FILE = Info.plist;
				INSTALL_PATH = "$(HOME)/Library/Frameworks";
				PRODUCT_NAME = KittyMUD;
				SYMROOT = ../build;
				VERSIONING_SYSTEM = "apple-generic";
				VERSION_INFO_EXPORT_DECL = "";
				VERSION_INFO_PREFIX = KM;
				WRAPPER_EXTENSION = framework;
			};
			name = "Analyze + Coverage";
		};
		3A427D85109B4EDF00E1C502 /* Analyze + Coverage */ = {
			isa = XCBuildConfiguration;
			buildSettings = {
				ALWAYS_SEARCH_USER_PATHS = NO;
				BUNDLE_LOADER = "";
				COPY_PHASE_STRIP = NO;
				FRAMEWORK_SEARCH_PATHS = (
					"$(DEVELOPER_LIBRARY_DIR)/Frameworks",
					"\"$(DEVELOPER_DIR)/Local/Frameworks\"",
				);
				GCC_DYNAMIC_NO_PIC = NO;
				GCC_ENABLE_FIX_AND_CONTINUE = NO;
				GCC_ENABLE_OBJC_EXCEPTIONS = YES;
				GCC_MODEL_TUNING = G5;
				GCC_OPTIMIZATION_LEVEL = 0;
				GCC_PRECOMPILE_PREFIX_HEADER = YES;
				GCC_PREFIX_HEADER = "$(SYSTEM_LIBRARY_DIR)/Frameworks/Cocoa.framework/Headers/Cocoa.h";
				INFOPLIST_FILE = "KittyMUDTests-Info.plist";
				INSTALL_PATH = "$(USER_LIBRARY_DIR)/Bundles";
				OTHER_LDFLAGS = (
					"-framework",
					Cocoa,
					"-framework",
					SenTestingKit,
				);
				PREBINDING = NO;
				PRODUCT_NAME = KittyMUDTests;
				WRAPPER_EXTENSION = octest;
			};
			name = "Analyze + Coverage";
		};
		3AFA20C61099437F0038B52D /* Debug */ = {
			isa = XCBuildConfiguration;
			buildSettings = {
				ALWAYS_SEARCH_USER_PATHS = NO;
				BUNDLE_LOADER = "";
				COPY_PHASE_STRIP = NO;
				FRAMEWORK_SEARCH_PATHS = (
					"$(DEVELOPER_LIBRARY_DIR)/Frameworks",
					"\"$(DEVELOPER_DIR)/Local/Frameworks\"",
				);
				GCC_DYNAMIC_NO_PIC = NO;
				GCC_ENABLE_FIX_AND_CONTINUE = NO;
				GCC_ENABLE_OBJC_EXCEPTIONS = YES;
				GCC_MODEL_TUNING = G5;
				GCC_OPTIMIZATION_LEVEL = 0;
				GCC_PRECOMPILE_PREFIX_HEADER = YES;
				GCC_PREFIX_HEADER = "$(SYSTEM_LIBRARY_DIR)/Frameworks/Cocoa.framework/Headers/Cocoa.h";
				INFOPLIST_FILE = "KittyMUDTests-Info.plist";
				INSTALL_PATH = "$(USER_LIBRARY_DIR)/Bundles";
				OTHER_LDFLAGS = (
					"-framework",
					Cocoa,
					"-framework",
					SenTestingKit,
				);
				PREBINDING = NO;
				PRODUCT_NAME = KittyMUDTests;
				WRAPPER_EXTENSION = octest;
			};
			name = Debug;
		};
		3AFA20C71099437F0038B52D /* Analyze */ = {
			isa = XCBuildConfiguration;
			buildSettings = {
				ALWAYS_SEARCH_USER_PATHS = NO;
				BUNDLE_LOADER = "";
				FRAMEWORK_SEARCH_PATHS = (
					"$(DEVELOPER_LIBRARY_DIR)/Frameworks",
					"\"$(DEVELOPER_DIR)/Local/Frameworks\"",
				);
				GCC_ENABLE_FIX_AND_CONTINUE = NO;
				GCC_ENABLE_OBJC_EXCEPTIONS = YES;
				GCC_MODEL_TUNING = G5;
				GCC_PRECOMPILE_PREFIX_HEADER = YES;
				GCC_PREFIX_HEADER = "$(SYSTEM_LIBRARY_DIR)/Frameworks/Cocoa.framework/Headers/Cocoa.h";
				INFOPLIST_FILE = "KittyMUDTests-Info.plist";
				INSTALL_PATH = "$(USER_LIBRARY_DIR)/Bundles";
				OTHER_LDFLAGS = "";
				PREBINDING = NO;
				PRODUCT_NAME = KittyMUDTests;
				WRAPPER_EXTENSION = octest;
			};
			name = Analyze;
		};
		3AFA20C81099437F0038B52D /* Release */ = {
			isa = XCBuildConfiguration;
			buildSettings = {
				ALWAYS_SEARCH_USER_PATHS = NO;
				BUNDLE_LOADER = "";
				COPY_PHASE_STRIP = YES;
				DEBUG_INFORMATION_FORMAT = "dwarf-with-dsym";
				FRAMEWORK_SEARCH_PATHS = (
					"$(DEVELOPER_LIBRARY_DIR)/Frameworks",
					"\"$(DEVELOPER_DIR)/Local/Frameworks\"",
				);
				GCC_ENABLE_FIX_AND_CONTINUE = NO;
				GCC_ENABLE_OBJC_EXCEPTIONS = YES;
				GCC_MODEL_TUNING = G5;
				GCC_PRECOMPILE_PREFIX_HEADER = YES;
				GCC_PREFIX_HEADER = "$(SYSTEM_LIBRARY_DIR)/Frameworks/Cocoa.framework/Headers/Cocoa.h";
				INFOPLIST_FILE = "KittyMUDTests-Info.plist";
				INSTALL_PATH = "$(USER_LIBRARY_DIR)/Bundles";
				OTHER_LDFLAGS = (
					"-framework",
					Cocoa,
					"-framework",
					SenTestingKit,
				);
				PREBINDING = NO;
				PRODUCT_NAME = KittyMUDTests;
				WRAPPER_EXTENSION = octest;
				ZERO_LINK = NO;
			};
			name = Release;
		};
/* End XCBuildConfiguration section */

/* Begin XCConfigurationList section */
		1DEB91AD08733DA50010E9CD /* Build configuration list for PBXNativeTarget "KittyMUD" */ = {
			isa = XCConfigurationList;
			buildConfigurations = (
				1DEB91AE08733DA50010E9CD /* Debug */,
				3A427D81109B4EBC00E1C502 /* Coverage */,
				3A2F78FF1098CD7800EA69DC /* Analyze */,
				3A427D84109B4EDF00E1C502 /* Analyze + Coverage */,
				1DEB91AF08733DA50010E9CD /* Release */,
			);
			defaultConfigurationIsVisible = 0;
			defaultConfigurationName = Release;
		};
		1DEB91B108733DA50010E9CD /* Build configuration list for PBXProject "KittyMUD" */ = {
			isa = XCConfigurationList;
			buildConfigurations = (
				1DEB91B208733DA50010E9CD /* Debug */,
				3A427D80109B4EBC00E1C502 /* Coverage */,
				3A2F78FE1098CD7800EA69DC /* Analyze */,
				3A427D83109B4EDF00E1C502 /* Analyze + Coverage */,
				1DEB91B308733DA50010E9CD /* Release */,
			);
			defaultConfigurationIsVisible = 0;
			defaultConfigurationName = Release;
		};
		3AFA20C91099437F0038B52D /* Build configuration list for PBXNativeTarget "KittyMUDTests" */ = {
			isa = XCConfigurationList;
			buildConfigurations = (
				3AFA20C61099437F0038B52D /* Debug */,
				3A427D82109B4EBC00E1C502 /* Coverage */,
				3AFA20C71099437F0038B52D /* Analyze */,
				3A427D85109B4EDF00E1C502 /* Analyze + Coverage */,
				3AFA20C81099437F0038B52D /* Release */,
			);
			defaultConfigurationIsVisible = 0;
			defaultConfigurationName = Release;
		};
/* End XCConfigurationList section */
	};
	rootObject = 0867D690FE84028FC02AAC07 /* Project object */;
}
