// !$*UTF8*$!
{
	archiveVersion = 1;
	classes = {
	};
	objectVersion = 46;
	objects = {

/* Begin PBXBuildFile section */
		3A10DB4412D923AE007F8032 /* KMChatEngine.h in Headers */ = {isa = PBXBuildFile; fileRef = 3A10DB4212D923AE007F8032 /* KMChatEngine.h */; settings = {ATTRIBUTES = (Public, ); }; };
		3A10DB4512D923AE007F8032 /* KMChatEngine.m in Sources */ = {isa = PBXBuildFile; fileRef = 3A10DB4312D923AE007F8032 /* KMChatEngine.m */; };
		3A21616112A9D4D300D292C7 /* ECScript.framework in Frameworks */ = {isa = PBXBuildFile; fileRef = 3A21615F12A9D4D300D292C7 /* ECScript.framework */; };
		3A21616212A9D4D300D292C7 /* OCLog.framework in Frameworks */ = {isa = PBXBuildFile; fileRef = 3A21616012A9D4D300D292C7 /* OCLog.framework */; };
		3A21616812A9D4EE00D292C7 /* KMAchievement.h in Headers */ = {isa = PBXBuildFile; fileRef = 3A21616412A9D4EE00D292C7 /* KMAchievement.h */; settings = {ATTRIBUTES = (Public, ); }; };
		3A21616912A9D4EE00D292C7 /* KMAchievement.m in Sources */ = {isa = PBXBuildFile; fileRef = 3A21616512A9D4EE00D292C7 /* KMAchievement.m */; };
		3A21616A12A9D4EE00D292C7 /* KMAchievementEngine.h in Headers */ = {isa = PBXBuildFile; fileRef = 3A21616612A9D4EE00D292C7 /* KMAchievementEngine.h */; settings = {ATTRIBUTES = (Public, ); }; };
		3A21616B12A9D4EE00D292C7 /* KMAchievementEngine.m in Sources */ = {isa = PBXBuildFile; fileRef = 3A21616712A9D4EE00D292C7 /* KMAchievementEngine.m */; };
		3A21617512A9D53B00D292C7 /* KMCharacter.h in Headers */ = {isa = PBXBuildFile; fileRef = 3A21616E12A9D53B00D292C7 /* KMCharacter.h */; settings = {ATTRIBUTES = (Public, ); }; };
		3A21617612A9D53B00D292C7 /* KMCharacter.m in Sources */ = {isa = PBXBuildFile; fileRef = 3A21616F12A9D53B00D292C7 /* KMCharacter.m */; };
		3A21617712A9D53B00D292C7 /* KMRequirement.h in Headers */ = {isa = PBXBuildFile; fileRef = 3A21617012A9D53B00D292C7 /* KMRequirement.h */; settings = {ATTRIBUTES = (Public, ); }; };
		3A21617812A9D53B00D292C7 /* KMRequirement.m in Sources */ = {isa = PBXBuildFile; fileRef = 3A21617112A9D53B00D292C7 /* KMRequirement.m */; };
		3A21617912A9D53B00D292C7 /* KMStat.h in Headers */ = {isa = PBXBuildFile; fileRef = 3A21617212A9D53B00D292C7 /* KMStat.h */; settings = {ATTRIBUTES = (Public, ); }; };
		3A21617A12A9D53B00D292C7 /* KMStat.m in Sources */ = {isa = PBXBuildFile; fileRef = 3A21617312A9D53B00D292C7 /* KMStat.m */; };
		3A21617B12A9D53B00D292C7 /* KMStatCopy.h in Headers */ = {isa = PBXBuildFile; fileRef = 3A21617412A9D53B00D292C7 /* KMStatCopy.h */; settings = {ATTRIBUTES = (Public, ); }; };
		3A21618112A9D5A100D292C7 /* KMItemEnhancement.h in Headers */ = {isa = PBXBuildFile; fileRef = 3A21617D12A9D5A100D292C7 /* KMItemEnhancement.h */; settings = {ATTRIBUTES = (Public, ); }; };
		3A21618212A9D5A100D292C7 /* KMItemEnhancement.m in Sources */ = {isa = PBXBuildFile; fileRef = 3A21617E12A9D5A100D292C7 /* KMItemEnhancement.m */; };
		3A21618312A9D5A100D292C7 /* KMItemTemplate.h in Headers */ = {isa = PBXBuildFile; fileRef = 3A21617F12A9D5A100D292C7 /* KMItemTemplate.h */; settings = {ATTRIBUTES = (Public, ); }; };
		3A21618412A9D5A100D292C7 /* KMItemTemplate.m in Sources */ = {isa = PBXBuildFile; fileRef = 3A21618012A9D5A100D292C7 /* KMItemTemplate.m */; };
		3A21618A12A9D5D400D292C7 /* KMExitInfo.h in Headers */ = {isa = PBXBuildFile; fileRef = 3A21618612A9D5D400D292C7 /* KMExitInfo.h */; settings = {ATTRIBUTES = (Public, ); }; };
		3A21618B12A9D5D400D292C7 /* KMExitInfo.m in Sources */ = {isa = PBXBuildFile; fileRef = 3A21618712A9D5D400D292C7 /* KMExitInfo.m */; };
		3A21618C12A9D5D400D292C7 /* KMRoom.h in Headers */ = {isa = PBXBuildFile; fileRef = 3A21618812A9D5D400D292C7 /* KMRoom.h */; settings = {ATTRIBUTES = (Public, ); }; };
		3A21618D12A9D5D400D292C7 /* KMRoom.m in Sources */ = {isa = PBXBuildFile; fileRef = 3A21618912A9D5D400D292C7 /* KMRoom.m */; };
		3A21619C12A9D5F300D292C7 /* KMClass.h in Headers */ = {isa = PBXBuildFile; fileRef = 3A21618E12A9D5F300D292C7 /* KMClass.h */; settings = {ATTRIBUTES = (Public, ); }; };
		3A21619D12A9D5F300D292C7 /* KMClass.m in Sources */ = {isa = PBXBuildFile; fileRef = 3A21618F12A9D5F300D292C7 /* KMClass.m */; };
		3A21619E12A9D5F300D292C7 /* KMDataManager.h in Headers */ = {isa = PBXBuildFile; fileRef = 3A21619012A9D5F300D292C7 /* KMDataManager.h */; settings = {ATTRIBUTES = (Public, ); }; };
		3A21619F12A9D5F300D292C7 /* KMDataManager.m in Sources */ = {isa = PBXBuildFile; fileRef = 3A21619112A9D5F300D292C7 /* KMDataManager.m */; };
		3A2161A012A9D5F300D292C7 /* KMDataStartup.h in Headers */ = {isa = PBXBuildFile; fileRef = 3A21619212A9D5F300D292C7 /* KMDataStartup.h */; settings = {ATTRIBUTES = (Public, ); }; };
		3A2161A112A9D5F300D292C7 /* KMExtensibleDataLoader.h in Headers */ = {isa = PBXBuildFile; fileRef = 3A21619312A9D5F300D292C7 /* KMExtensibleDataLoader.h */; settings = {ATTRIBUTES = (Public, ); }; };
		3A2161A212A9D5F300D292C7 /* KMExtensibleDataLoader.m in Sources */ = {isa = PBXBuildFile; fileRef = 3A21619412A9D5F300D292C7 /* KMExtensibleDataLoader.m */; };
		3A2161A312A9D5F300D292C7 /* KMExtensibleDataSchema.h in Headers */ = {isa = PBXBuildFile; fileRef = 3A21619512A9D5F300D292C7 /* KMExtensibleDataSchema.h */; settings = {ATTRIBUTES = (Public, ); }; };
		3A2161A412A9D5F300D292C7 /* KMPower.h in Headers */ = {isa = PBXBuildFile; fileRef = 3A21619612A9D5F300D292C7 /* KMPower.h */; settings = {ATTRIBUTES = (Public, ); }; };
		3A2161A512A9D5F300D292C7 /* KMPower.m in Sources */ = {isa = PBXBuildFile; fileRef = 3A21619712A9D5F300D292C7 /* KMPower.m */; };
		3A2161A612A9D5F300D292C7 /* KMRace.h in Headers */ = {isa = PBXBuildFile; fileRef = 3A21619812A9D5F300D292C7 /* KMRace.h */; settings = {ATTRIBUTES = (Public, ); }; };
		3A2161A712A9D5F300D292C7 /* KMRace.m in Sources */ = {isa = PBXBuildFile; fileRef = 3A21619912A9D5F300D292C7 /* KMRace.m */; };
		3A2161A812A9D5F300D292C7 /* KMSpecial.h in Headers */ = {isa = PBXBuildFile; fileRef = 3A21619A12A9D5F300D292C7 /* KMSpecial.h */; settings = {ATTRIBUTES = (Public, ); }; };
		3A2161A912A9D5F300D292C7 /* KMSpecial.m in Sources */ = {isa = PBXBuildFile; fileRef = 3A21619B12A9D5F300D292C7 /* KMSpecial.m */; };
		3A2161BF12A9D66B00D292C7 /* KMColorProcessWriteHook.h in Headers */ = {isa = PBXBuildFile; fileRef = 3A2161AF12A9D66B00D292C7 /* KMColorProcessWriteHook.h */; settings = {ATTRIBUTES = (Public, ); }; };
		3A2161C012A9D66B00D292C7 /* KMColorProcessWriteHook.m in Sources */ = {isa = PBXBuildFile; fileRef = 3A2161B012A9D66B00D292C7 /* KMColorProcessWriteHook.m */; };
		3A2161C112A9D66B00D292C7 /* KMEnumFactory.h in Headers */ = {isa = PBXBuildFile; fileRef = 3A2161B112A9D66B00D292C7 /* KMEnumFactory.h */; settings = {ATTRIBUTES = (Public, ); }; };
		3A2161C212A9D66B00D292C7 /* KMInfoDisplay.h in Headers */ = {isa = PBXBuildFile; fileRef = 3A2161B212A9D66B00D292C7 /* KMInfoDisplay.h */; settings = {ATTRIBUTES = (Public, ); }; };
		3A2161C312A9D66B00D292C7 /* KMInfoDisplay.m in Sources */ = {isa = PBXBuildFile; fileRef = 3A2161B312A9D66B00D292C7 /* KMInfoDisplay.m */; };
		3A2161C412A9D66B00D292C7 /* KMObject.h in Headers */ = {isa = PBXBuildFile; fileRef = 3A2161B412A9D66B00D292C7 /* KMObject.h */; settings = {ATTRIBUTES = (Public, ); }; };
		3A2161C512A9D66B00D292C7 /* KMObject.m in Sources */ = {isa = PBXBuildFile; fileRef = 3A2161B512A9D66B00D292C7 /* KMObject.m */; };
		3A2161C612A9D66B00D292C7 /* KMStack.h in Headers */ = {isa = PBXBuildFile; fileRef = 3A2161B612A9D66B00D292C7 /* KMStack.h */; settings = {ATTRIBUTES = (Public, ); }; };
		3A2161C712A9D66B00D292C7 /* KMStack.m in Sources */ = {isa = PBXBuildFile; fileRef = 3A2161B712A9D66B00D292C7 /* KMStack.m */; };
		3A2161C812A9D66B00D292C7 /* KMVariableHook.h in Headers */ = {isa = PBXBuildFile; fileRef = 3A2161B812A9D66B00D292C7 /* KMVariableHook.h */; settings = {ATTRIBUTES = (Public, ); }; };
		3A2161C912A9D66B00D292C7 /* KMVariableHook.m in Sources */ = {isa = PBXBuildFile; fileRef = 3A2161B912A9D66B00D292C7 /* KMVariableHook.m */; };
		3A2161CA12A9D66B00D292C7 /* KMVariableManager.h in Headers */ = {isa = PBXBuildFile; fileRef = 3A2161BA12A9D66B00D292C7 /* KMVariableManager.h */; settings = {ATTRIBUTES = (Public, ); }; };
		3A2161CB12A9D66B00D292C7 /* KMVariableManager.m in Sources */ = {isa = PBXBuildFile; fileRef = 3A2161BB12A9D66B00D292C7 /* KMVariableManager.m */; };
		3A2161CC12A9D66B00D292C7 /* KMWriteHook.h in Headers */ = {isa = PBXBuildFile; fileRef = 3A2161BC12A9D66B00D292C7 /* KMWriteHook.h */; settings = {ATTRIBUTES = (Public, ); }; };
		3A2161CD12A9D66B00D292C7 /* NSString+KMAdditions.h in Headers */ = {isa = PBXBuildFile; fileRef = 3A2161BD12A9D66B00D292C7 /* NSString+KMAdditions.h */; settings = {ATTRIBUTES = (Public, ); }; };
		3A2161CE12A9D66B00D292C7 /* NSString+KMAdditions.m in Sources */ = {isa = PBXBuildFile; fileRef = 3A2161BE12A9D66B00D292C7 /* NSString+KMAdditions.m */; };
		3A2161D412A9D6A100D292C7 /* KMAccountMenu.h in Headers */ = {isa = PBXBuildFile; fileRef = 3A2161D012A9D6A100D292C7 /* KMAccountMenu.h */; settings = {ATTRIBUTES = (Public, ); }; };
		3A2161D512A9D6A100D292C7 /* KMMenu.h in Headers */ = {isa = PBXBuildFile; fileRef = 3A2161D112A9D6A100D292C7 /* KMMenu.h */; settings = {ATTRIBUTES = (Public, ); }; };
		3A2161D612A9D6A100D292C7 /* KMMenuHandler.h in Headers */ = {isa = PBXBuildFile; fileRef = 3A2161D212A9D6A100D292C7 /* KMMenuHandler.h */; settings = {ATTRIBUTES = (Public, ); }; };
		3A2161D712A9D6A100D292C7 /* KMMenuHandler.m in Sources */ = {isa = PBXBuildFile; fileRef = 3A2161D312A9D6A100D292C7 /* KMMenuHandler.m */; };
		3A2161F512A9D6AA00D292C7 /* KMAccountMenuState.h in Headers */ = {isa = PBXBuildFile; fileRef = 3A2161D812A9D6AA00D292C7 /* KMAccountMenuState.h */; settings = {ATTRIBUTES = (Public, ); }; };
		3A2161F612A9D6AA00D292C7 /* KMAccountMenuState.m in Sources */ = {isa = PBXBuildFile; fileRef = 3A2161D912A9D6AA00D292C7 /* KMAccountMenuState.m */; };
		3A2161F712A9D6AA00D292C7 /* KMAccountNameState.h in Headers */ = {isa = PBXBuildFile; fileRef = 3A2161DA12A9D6AA00D292C7 /* KMAccountNameState.h */; settings = {ATTRIBUTES = (Public, ); }; };
		3A2161F812A9D6AA00D292C7 /* KMAccountNameState.m in Sources */ = {isa = PBXBuildFile; fileRef = 3A2161DB12A9D6AA00D292C7 /* KMAccountNameState.m */; };
		3A2161F912A9D6AA00D292C7 /* KMChooseCharacterNameState.h in Headers */ = {isa = PBXBuildFile; fileRef = 3A2161DC12A9D6AA00D292C7 /* KMChooseCharacterNameState.h */; settings = {ATTRIBUTES = (Public, ); }; };
		3A2161FA12A9D6AA00D292C7 /* KMChooseCharacterNameState.m in Sources */ = {isa = PBXBuildFile; fileRef = 3A2161DD12A9D6AA00D292C7 /* KMChooseCharacterNameState.m */; };
		3A2161FB12A9D6AA00D292C7 /* KMChooseCharacterState.h in Headers */ = {isa = PBXBuildFile; fileRef = 3A2161DE12A9D6AA00D292C7 /* KMChooseCharacterState.h */; settings = {ATTRIBUTES = (Public, ); }; };
		3A2161FC12A9D6AA00D292C7 /* KMChooseCharacterState.m in Sources */ = {isa = PBXBuildFile; fileRef = 3A2161DF12A9D6AA00D292C7 /* KMChooseCharacterState.m */; };
		3A2161FD12A9D6AA00D292C7 /* KMChooseClassState.h in Headers */ = {isa = PBXBuildFile; fileRef = 3A2161E012A9D6AA00D292C7 /* KMChooseClassState.h */; settings = {ATTRIBUTES = (Public, ); }; };
		3A2161FE12A9D6AA00D292C7 /* KMChooseClassState.m in Sources */ = {isa = PBXBuildFile; fileRef = 3A2161E112A9D6AA00D292C7 /* KMChooseClassState.m */; };
		3A2161FF12A9D6AA00D292C7 /* KMChooseRaceState.h in Headers */ = {isa = PBXBuildFile; fileRef = 3A2161E212A9D6AA00D292C7 /* KMChooseRaceState.h */; settings = {ATTRIBUTES = (Public, ); }; };
		3A21620012A9D6AA00D292C7 /* KMChooseRaceState.m in Sources */ = {isa = PBXBuildFile; fileRef = 3A2161E312A9D6AA00D292C7 /* KMChooseRaceState.m */; };
		3A21620112A9D6AA00D292C7 /* KMConfirmPasswordState.h in Headers */ = {isa = PBXBuildFile; fileRef = 3A2161E412A9D6AA00D292C7 /* KMConfirmPasswordState.h */; settings = {ATTRIBUTES = (Public, ); }; };
		3A21620212A9D6AA00D292C7 /* KMConfirmPasswordState.m in Sources */ = {isa = PBXBuildFile; fileRef = 3A2161E512A9D6AA00D292C7 /* KMConfirmPasswordState.m */; };
		3A21620312A9D6AA00D292C7 /* KMConfirmStatAllocationState.h in Headers */ = {isa = PBXBuildFile; fileRef = 3A2161E612A9D6AA00D292C7 /* KMConfirmStatAllocationState.h */; settings = {ATTRIBUTES = (Public, ); }; };
		3A21620412A9D6AA00D292C7 /* KMConfirmStatAllocationState.m in Sources */ = {isa = PBXBuildFile; fileRef = 3A2161E712A9D6AA00D292C7 /* KMConfirmStatAllocationState.m */; };
		3A21620512A9D6AA00D292C7 /* KMCreateCharacterState.h in Headers */ = {isa = PBXBuildFile; fileRef = 3A2161E812A9D6AA00D292C7 /* KMCreateCharacterState.h */; settings = {ATTRIBUTES = (Public, ); }; };
		3A21620612A9D6AA00D292C7 /* KMCreateCharacterState.m in Sources */ = {isa = PBXBuildFile; fileRef = 3A2161E912A9D6AA00D292C7 /* KMCreateCharacterState.m */; };
		3A21620712A9D6AA00D292C7 /* KMNewPasswordState.h in Headers */ = {isa = PBXBuildFile; fileRef = 3A2161EA12A9D6AA00D292C7 /* KMNewPasswordState.h */; settings = {ATTRIBUTES = (Public, ); }; };
		3A21620812A9D6AA00D292C7 /* KMNewPasswordState.m in Sources */ = {isa = PBXBuildFile; fileRef = 3A2161EB12A9D6AA00D292C7 /* KMNewPasswordState.m */; };
		3A21620912A9D6AA00D292C7 /* KMNullState.m in Sources */ = {isa = PBXBuildFile; fileRef = 3A2161EC12A9D6AA00D292C7 /* KMNullState.m */; };
		3A21620A12A9D6AA00D292C7 /* KMPlayingState.h in Headers */ = {isa = PBXBuildFile; fileRef = 3A2161ED12A9D6AA00D292C7 /* KMPlayingState.h */; settings = {ATTRIBUTES = (Public, ); }; };
		3A21620B12A9D6AA00D292C7 /* KMPlayingState.m in Sources */ = {isa = PBXBuildFile; fileRef = 3A2161EE12A9D6AA00D292C7 /* KMPlayingState.m */; };
		3A21620C12A9D6AA00D292C7 /* KMQuitState.h in Headers */ = {isa = PBXBuildFile; fileRef = 3A2161EF12A9D6AA00D292C7 /* KMQuitState.h */; settings = {ATTRIBUTES = (Public, ); }; };
		3A21620D12A9D6AA00D292C7 /* KMQuitState.m in Sources */ = {isa = PBXBuildFile; fileRef = 3A2161F012A9D6AA00D292C7 /* KMQuitState.m */; };
		3A21620E12A9D6AA00D292C7 /* KMStatAllocationState.h in Headers */ = {isa = PBXBuildFile; fileRef = 3A2161F112A9D6AA00D292C7 /* KMStatAllocationState.h */; settings = {ATTRIBUTES = (Public, ); }; };
		3A21620F12A9D6AA00D292C7 /* KMStatAllocationState.m in Sources */ = {isa = PBXBuildFile; fileRef = 3A2161F212A9D6AA00D292C7 /* KMStatAllocationState.m */; };
		3A21621012A9D6AA00D292C7 /* KMState.h in Headers */ = {isa = PBXBuildFile; fileRef = 3A2161F312A9D6AA00D292C7 /* KMState.h */; settings = {ATTRIBUTES = (Public, ); }; };
		3A21621112A9D6AA00D292C7 /* KMState.m in Sources */ = {isa = PBXBuildFile; fileRef = 3A2161F412A9D6AA00D292C7 /* KMState.m */; };
		3A35E9C112D8C73500300695 /* KMPlayingLogic+Social.h in Headers */ = {isa = PBXBuildFile; fileRef = 3A35E9BF12D8C73500300695 /* KMPlayingLogic+Social.h */; settings = {ATTRIBUTES = (Public, ); }; };
		3A35E9C212D8C73500300695 /* KMPlayingLogic+Social.m in Sources */ = {isa = PBXBuildFile; fileRef = 3A35E9C012D8C73500300695 /* KMPlayingLogic+Social.m */; };
		3AA378BD12AA941100ADE0F8 /* KMWorkflow.h in Headers */ = {isa = PBXBuildFile; fileRef = 3AA378B912AA941100ADE0F8 /* KMWorkflow.h */; settings = {ATTRIBUTES = (Public, ); }; };
		3AA378BE12AA941100ADE0F8 /* KMWorkflow.m in Sources */ = {isa = PBXBuildFile; fileRef = 3AA378BA12AA941100ADE0F8 /* KMWorkflow.m */; };
		3AA378BF12AA941100ADE0F8 /* KMWorkflowStep.h in Headers */ = {isa = PBXBuildFile; fileRef = 3AA378BB12AA941100ADE0F8 /* KMWorkflowStep.h */; settings = {ATTRIBUTES = (Public, ); }; };
		3AA378C012AA941100ADE0F8 /* KMWorkflowStep.m in Sources */ = {isa = PBXBuildFile; fileRef = 3AA378BC12AA941100ADE0F8 /* KMWorkflowStep.m */; };
		3AA378C212AA95EA00ADE0F8 /* OCMock.framework in Frameworks */ = {isa = PBXBuildFile; fileRef = 3AA378C112AA95EA00ADE0F8 /* OCMock.framework */; };
		3AA378C412AABCF700ADE0F8 /* libcrypto.dylib in Frameworks */ = {isa = PBXBuildFile; fileRef = 3AA378C312AABCF700ADE0F8 /* libcrypto.dylib */; };
		3ACD0F1612A9DB2B00CE8E92 /* KMConnectionCoordinator.h in Headers */ = {isa = PBXBuildFile; fileRef = 3ACD0F1012A9DB2B00CE8E92 /* KMConnectionCoordinator.h */; settings = {ATTRIBUTES = (Public, ); }; };
		3ACD0F1712A9DB2B00CE8E92 /* KMConnectionCoordinator.m in Sources */ = {isa = PBXBuildFile; fileRef = 3ACD0F1112A9DB2B00CE8E92 /* KMConnectionCoordinator.m */; };
		3ACD0F1812A9DB2B00CE8E92 /* KMConnectionPool.h in Headers */ = {isa = PBXBuildFile; fileRef = 3ACD0F1212A9DB2B00CE8E92 /* KMConnectionPool.h */; settings = {ATTRIBUTES = (Public, ); }; };
		3ACD0F1912A9DB2B00CE8E92 /* KMConnectionPool.m in Sources */ = {isa = PBXBuildFile; fileRef = 3ACD0F1312A9DB2B00CE8E92 /* KMConnectionPool.m */; };
		3ACD0F1A12A9DB2B00CE8E92 /* KMServer.h in Headers */ = {isa = PBXBuildFile; fileRef = 3ACD0F1412A9DB2B00CE8E92 /* KMServer.h */; settings = {ATTRIBUTES = (Public, ); }; };
		3ACD0F1B12A9DB2B00CE8E92 /* KMServer.m in Sources */ = {isa = PBXBuildFile; fileRef = 3ACD0F1512A9DB2B00CE8E92 /* KMServer.m */; };
		3ACD0F2112A9DBAB00CE8E92 /* KMPlayingLogic.h in Headers */ = {isa = PBXBuildFile; fileRef = 3ACD0F1D12A9DBAB00CE8E92 /* KMPlayingLogic.h */; settings = {ATTRIBUTES = (Public, ); }; };
		3ACD0F2212A9DBAB00CE8E92 /* KMPlayingLogic.m in Sources */ = {isa = PBXBuildFile; fileRef = 3ACD0F1E12A9DBAB00CE8E92 /* KMPlayingLogic.m */; };
		3ACD0F2312A9DBAB00CE8E92 /* KMStatAllocationLogic.h in Headers */ = {isa = PBXBuildFile; fileRef = 3ACD0F1F12A9DBAB00CE8E92 /* KMStatAllocationLogic.h */; settings = {ATTRIBUTES = (Public, ); }; };
		3ACD0F2412A9DBAB00CE8E92 /* KMStatAllocationLogic.m in Sources */ = {isa = PBXBuildFile; fileRef = 3ACD0F2012A9DBAB00CE8E92 /* KMStatAllocationLogic.m */; };
		3ACD0F2D12A9DBF500CE8E92 /* KMBasicInterpreter.h in Headers */ = {isa = PBXBuildFile; fileRef = 3ACD0F2512A9DBF500CE8E92 /* KMBasicInterpreter.h */; settings = {ATTRIBUTES = (Public, ); }; };
		3ACD0F2E12A9DBF500CE8E92 /* KMBasicInterpreter.m in Sources */ = {isa = PBXBuildFile; fileRef = 3ACD0F2612A9DBF500CE8E92 /* KMBasicInterpreter.m */; };
		3ACD0F2F12A9DBF500CE8E92 /* KMCommandInfo.h in Headers */ = {isa = PBXBuildFile; fileRef = 3ACD0F2712A9DBF500CE8E92 /* KMCommandInfo.h */; settings = {ATTRIBUTES = (Public, ); }; };
		3ACD0F3012A9DBF500CE8E92 /* KMCommandInfo.m in Sources */ = {isa = PBXBuildFile; fileRef = 3ACD0F2812A9DBF500CE8E92 /* KMCommandInfo.m */; };
		3ACD0F3112A9DBF500CE8E92 /* KMCommandInterpreter.h in Headers */ = {isa = PBXBuildFile; fileRef = 3ACD0F2912A9DBF500CE8E92 /* KMCommandInterpreter.h */; settings = {ATTRIBUTES = (Public, ); }; };
		3ACD0F3212A9DBF500CE8E92 /* KMCommandInterpreter.m in Sources */ = {isa = PBXBuildFile; fileRef = 3ACD0F2A12A9DBF500CE8E92 /* KMCommandInterpreter.m */; };
		3ACD0F3312A9DBF500CE8E92 /* KMCommandInterpreterLogic.h in Headers */ = {isa = PBXBuildFile; fileRef = 3ACD0F2B12A9DBF500CE8E92 /* KMCommandInterpreterLogic.h */; settings = {ATTRIBUTES = (Public, ); }; };
		3ACD0F3412A9DBF500CE8E92 /* KMInterpreter.h in Headers */ = {isa = PBXBuildFile; fileRef = 3ACD0F2C12A9DBF500CE8E92 /* KMInterpreter.h */; settings = {ATTRIBUTES = (Public, ); }; };
		3ACD0F3912A9DC1E00CE8E92 /* KMEventDuration.h in Headers */ = {isa = PBXBuildFile; fileRef = 3ACD0F3512A9DC1E00CE8E92 /* KMEventDuration.h */; settings = {ATTRIBUTES = (Public, ); }; };
		3ACD0F3A12A9DC1E00CE8E92 /* KMEventDuration.m in Sources */ = {isa = PBXBuildFile; fileRef = 3ACD0F3612A9DC1E00CE8E92 /* KMEventDuration.m */; };
		3ACD0F3B12A9DC1E00CE8E92 /* KMEventEngine.h in Headers */ = {isa = PBXBuildFile; fileRef = 3ACD0F3712A9DC1E00CE8E92 /* KMEventEngine.h */; settings = {ATTRIBUTES = (Public, ); }; };
		3ACD0F3C12A9DC1E00CE8E92 /* KMEventEngine.m in Sources */ = {isa = PBXBuildFile; fileRef = 3ACD0F3812A9DC1E00CE8E92 /* KMEventEngine.m */; };
		3ACD0F3E12A9DCA600CE8E92 /* KittyMUD.h in Headers */ = {isa = PBXBuildFile; fileRef = 3ACD0F3D12A9DCA600CE8E92 /* KittyMUD.h */; settings = {ATTRIBUTES = (Public, ); }; };
		3ACD279B12A9D45000C399AC /* Cocoa.framework in Frameworks */ = {isa = PBXBuildFile; fileRef = 3A01FF3E12A9CC3A005A9772 /* Cocoa.framework */; };
		3ACD27A012A9D45000C399AC /* InfoPlist.strings in Resources */ = {isa = PBXBuildFile; fileRef = 3ACD279E12A9D45000C399AC /* InfoPlist.strings */; };
/* End PBXBuildFile section */

/* Begin PBXFileReference section */
		3A01FF3E12A9CC3A005A9772 /* Cocoa.framework */ = {isa = PBXFileReference; lastKnownFileType = wrapper.framework; name = Cocoa.framework; path = System/Library/Frameworks/Cocoa.framework; sourceTree = SDKROOT; };
		3A01FF4312A9CC3A005A9772 /* en */ = {isa = PBXFileReference; lastKnownFileType = text.plist.strings; name = en; path = en.lproj/InfoPlist.strings; sourceTree = "<group>"; };
		3A10DB4212D923AE007F8032 /* KMChatEngine.h */ = {isa = PBXFileReference; fileEncoding = 4; lastKnownFileType = sourcecode.c.h; path = KMChatEngine.h; sourceTree = "<group>"; };
		3A10DB4312D923AE007F8032 /* KMChatEngine.m */ = {isa = PBXFileReference; fileEncoding = 4; lastKnownFileType = sourcecode.c.objc; path = KMChatEngine.m; sourceTree = "<group>"; };
		3A21615F12A9D4D300D292C7 /* ECScript.framework */ = {isa = PBXFileReference; explicitFileType = wrapper.framework; path = ECScript.framework; sourceTree = SOURCE_ROOT; };
		3A21616012A9D4D300D292C7 /* OCLog.framework */ = {isa = PBXFileReference; explicitFileType = wrapper.framework; path = OCLog.framework; sourceTree = SOURCE_ROOT; };
		3A21616412A9D4EE00D292C7 /* KMAchievement.h */ = {isa = PBXFileReference; fileEncoding = 4; lastKnownFileType = sourcecode.c.h; name = KMAchievement.h; path = /Users/mtindal/Projects/EternityChronicles/KittyMUD/Classes/Achievements/KMAchievement.h; sourceTree = "<absolute>"; };
		3A21616512A9D4EE00D292C7 /* KMAchievement.m */ = {isa = PBXFileReference; fileEncoding = 4; lastKnownFileType = sourcecode.c.objc; name = KMAchievement.m; path = /Users/mtindal/Projects/EternityChronicles/KittyMUD/Classes/Achievements/KMAchievement.m; sourceTree = "<absolute>"; };
		3A21616612A9D4EE00D292C7 /* KMAchievementEngine.h */ = {isa = PBXFileReference; fileEncoding = 4; lastKnownFileType = sourcecode.c.h; name = KMAchievementEngine.h; path = /Users/mtindal/Projects/EternityChronicles/KittyMUD/Classes/Achievements/KMAchievementEngine.h; sourceTree = "<absolute>"; };
		3A21616712A9D4EE00D292C7 /* KMAchievementEngine.m */ = {isa = PBXFileReference; fileEncoding = 4; lastKnownFileType = sourcecode.c.objc; name = KMAchievementEngine.m; path = /Users/mtindal/Projects/EternityChronicles/KittyMUD/Classes/Achievements/KMAchievementEngine.m; sourceTree = "<absolute>"; };
		3A21616E12A9D53B00D292C7 /* KMCharacter.h */ = {isa = PBXFileReference; fileEncoding = 4; lastKnownFileType = sourcecode.c.h; name = KMCharacter.h; path = /Users/mtindal/Projects/EternityChronicles/KittyMUD/Classes/Data/Character/KMCharacter.h; sourceTree = "<absolute>"; };
		3A21616F12A9D53B00D292C7 /* KMCharacter.m */ = {isa = PBXFileReference; fileEncoding = 4; lastKnownFileType = sourcecode.c.objc; name = KMCharacter.m; path = /Users/mtindal/Projects/EternityChronicles/KittyMUD/Classes/Data/Character/KMCharacter.m; sourceTree = "<absolute>"; };
		3A21617012A9D53B00D292C7 /* KMRequirement.h */ = {isa = PBXFileReference; fileEncoding = 4; lastKnownFileType = sourcecode.c.h; name = KMRequirement.h; path = /Users/mtindal/Projects/EternityChronicles/KittyMUD/Classes/Data/Character/KMRequirement.h; sourceTree = "<absolute>"; };
		3A21617112A9D53B00D292C7 /* KMRequirement.m */ = {isa = PBXFileReference; fileEncoding = 4; lastKnownFileType = sourcecode.c.objc; name = KMRequirement.m; path = /Users/mtindal/Projects/EternityChronicles/KittyMUD/Classes/Data/Character/KMRequirement.m; sourceTree = "<absolute>"; };
		3A21617212A9D53B00D292C7 /* KMStat.h */ = {isa = PBXFileReference; fileEncoding = 4; lastKnownFileType = sourcecode.c.h; name = KMStat.h; path = /Users/mtindal/Projects/EternityChronicles/KittyMUD/Classes/Data/Character/KMStat.h; sourceTree = "<absolute>"; };
		3A21617312A9D53B00D292C7 /* KMStat.m */ = {isa = PBXFileReference; fileEncoding = 4; lastKnownFileType = sourcecode.c.objc; name = KMStat.m; path = /Users/mtindal/Projects/EternityChronicles/KittyMUD/Classes/Data/Character/KMStat.m; sourceTree = "<absolute>"; };
		3A21617412A9D53B00D292C7 /* KMStatCopy.h */ = {isa = PBXFileReference; fileEncoding = 4; lastKnownFileType = sourcecode.c.h; name = KMStatCopy.h; path = /Users/mtindal/Projects/EternityChronicles/KittyMUD/Classes/Data/Character/KMStatCopy.h; sourceTree = "<absolute>"; };
		3A21617D12A9D5A100D292C7 /* KMItemEnhancement.h */ = {isa = PBXFileReference; fileEncoding = 4; lastKnownFileType = sourcecode.c.h; name = KMItemEnhancement.h; path = /Users/mtindal/Projects/EternityChronicles/KittyMUD/Classes/Data/Items/KMItemEnhancement.h; sourceTree = "<absolute>"; };
		3A21617E12A9D5A100D292C7 /* KMItemEnhancement.m */ = {isa = PBXFileReference; fileEncoding = 4; lastKnownFileType = sourcecode.c.objc; name = KMItemEnhancement.m; path = /Users/mtindal/Projects/EternityChronicles/KittyMUD/Classes/Data/Items/KMItemEnhancement.m; sourceTree = "<absolute>"; };
		3A21617F12A9D5A100D292C7 /* KMItemTemplate.h */ = {isa = PBXFileReference; fileEncoding = 4; lastKnownFileType = sourcecode.c.h; name = KMItemTemplate.h; path = /Users/mtindal/Projects/EternityChronicles/KittyMUD/Classes/Data/Items/KMItemTemplate.h; sourceTree = "<absolute>"; };
		3A21618012A9D5A100D292C7 /* KMItemTemplate.m */ = {isa = PBXFileReference; fileEncoding = 4; lastKnownFileType = sourcecode.c.objc; name = KMItemTemplate.m; path = /Users/mtindal/Projects/EternityChronicles/KittyMUD/Classes/Data/Items/KMItemTemplate.m; sourceTree = "<absolute>"; };
		3A21618612A9D5D400D292C7 /* KMExitInfo.h */ = {isa = PBXFileReference; fileEncoding = 4; lastKnownFileType = sourcecode.c.h; name = KMExitInfo.h; path = /Users/mtindal/Projects/EternityChronicles/KittyMUD/Classes/Data/World/KMExitInfo.h; sourceTree = "<absolute>"; };
		3A21618712A9D5D400D292C7 /* KMExitInfo.m */ = {isa = PBXFileReference; fileEncoding = 4; lastKnownFileType = sourcecode.c.objc; name = KMExitInfo.m; path = /Users/mtindal/Projects/EternityChronicles/KittyMUD/Classes/Data/World/KMExitInfo.m; sourceTree = "<absolute>"; };
		3A21618812A9D5D400D292C7 /* KMRoom.h */ = {isa = PBXFileReference; fileEncoding = 4; lastKnownFileType = sourcecode.c.h; name = KMRoom.h; path = /Users/mtindal/Projects/EternityChronicles/KittyMUD/Classes/Data/World/KMRoom.h; sourceTree = "<absolute>"; };
		3A21618912A9D5D400D292C7 /* KMRoom.m */ = {isa = PBXFileReference; fileEncoding = 4; lastKnownFileType = sourcecode.c.objc; name = KMRoom.m; path = /Users/mtindal/Projects/EternityChronicles/KittyMUD/Classes/Data/World/KMRoom.m; sourceTree = "<absolute>"; };
		3A21618E12A9D5F300D292C7 /* KMClass.h */ = {isa = PBXFileReference; fileEncoding = 4; lastKnownFileType = sourcecode.c.h; name = KMClass.h; path = ./KMClass.h; sourceTree = "<group>"; };
		3A21618F12A9D5F300D292C7 /* KMClass.m */ = {isa = PBXFileReference; fileEncoding = 4; lastKnownFileType = sourcecode.c.objc; name = KMClass.m; path = ./KMClass.m; sourceTree = "<group>"; };
		3A21619012A9D5F300D292C7 /* KMDataManager.h */ = {isa = PBXFileReference; fileEncoding = 4; lastKnownFileType = sourcecode.c.h; name = KMDataManager.h; path = ./KMDataManager.h; sourceTree = "<group>"; };
		3A21619112A9D5F300D292C7 /* KMDataManager.m */ = {isa = PBXFileReference; fileEncoding = 4; lastKnownFileType = sourcecode.c.objc; name = KMDataManager.m; path = ./KMDataManager.m; sourceTree = "<group>"; };
		3A21619212A9D5F300D292C7 /* KMDataStartup.h */ = {isa = PBXFileReference; fileEncoding = 4; lastKnownFileType = sourcecode.c.h; name = KMDataStartup.h; path = ./KMDataStartup.h; sourceTree = "<group>"; };
		3A21619312A9D5F300D292C7 /* KMExtensibleDataLoader.h */ = {isa = PBXFileReference; fileEncoding = 4; lastKnownFileType = sourcecode.c.h; name = KMExtensibleDataLoader.h; path = ./KMExtensibleDataLoader.h; sourceTree = "<group>"; };
		3A21619412A9D5F300D292C7 /* KMExtensibleDataLoader.m */ = {isa = PBXFileReference; fileEncoding = 4; lastKnownFileType = sourcecode.c.objc; name = KMExtensibleDataLoader.m; path = ./KMExtensibleDataLoader.m; sourceTree = "<group>"; };
		3A21619512A9D5F300D292C7 /* KMExtensibleDataSchema.h */ = {isa = PBXFileReference; fileEncoding = 4; lastKnownFileType = sourcecode.c.h; name = KMExtensibleDataSchema.h; path = ./KMExtensibleDataSchema.h; sourceTree = "<group>"; };
		3A21619612A9D5F300D292C7 /* KMPower.h */ = {isa = PBXFileReference; fileEncoding = 4; lastKnownFileType = sourcecode.c.h; name = KMPower.h; path = ./KMPower.h; sourceTree = "<group>"; };
		3A21619712A9D5F300D292C7 /* KMPower.m */ = {isa = PBXFileReference; fileEncoding = 4; lastKnownFileType = sourcecode.c.objc; name = KMPower.m; path = ./KMPower.m; sourceTree = "<group>"; };
		3A21619812A9D5F300D292C7 /* KMRace.h */ = {isa = PBXFileReference; fileEncoding = 4; lastKnownFileType = sourcecode.c.h; name = KMRace.h; path = ./KMRace.h; sourceTree = "<group>"; };
		3A21619912A9D5F300D292C7 /* KMRace.m */ = {isa = PBXFileReference; fileEncoding = 4; lastKnownFileType = sourcecode.c.objc; name = KMRace.m; path = ./KMRace.m; sourceTree = "<group>"; };
		3A21619A12A9D5F300D292C7 /* KMSpecial.h */ = {isa = PBXFileReference; fileEncoding = 4; lastKnownFileType = sourcecode.c.h; name = KMSpecial.h; path = ./KMSpecial.h; sourceTree = "<group>"; };
		3A21619B12A9D5F300D292C7 /* KMSpecial.m */ = {isa = PBXFileReference; fileEncoding = 4; lastKnownFileType = sourcecode.c.objc; name = KMSpecial.m; path = ./KMSpecial.m; sourceTree = "<group>"; };
		3A2161AF12A9D66B00D292C7 /* KMColorProcessWriteHook.h */ = {isa = PBXFileReference; fileEncoding = 4; lastKnownFileType = sourcecode.c.h; name = KMColorProcessWriteHook.h; path = ./KMColorProcessWriteHook.h; sourceTree = "<group>"; };
		3A2161B012A9D66B00D292C7 /* KMColorProcessWriteHook.m */ = {isa = PBXFileReference; fileEncoding = 4; lastKnownFileType = sourcecode.c.objc; name = KMColorProcessWriteHook.m; path = ./KMColorProcessWriteHook.m; sourceTree = "<group>"; };
		3A2161B112A9D66B00D292C7 /* KMEnumFactory.h */ = {isa = PBXFileReference; fileEncoding = 4; lastKnownFileType = sourcecode.c.h; name = KMEnumFactory.h; path = ./KMEnumFactory.h; sourceTree = "<group>"; };
		3A2161B212A9D66B00D292C7 /* KMInfoDisplay.h */ = {isa = PBXFileReference; fileEncoding = 4; lastKnownFileType = sourcecode.c.h; name = KMInfoDisplay.h; path = ./KMInfoDisplay.h; sourceTree = "<group>"; };
		3A2161B312A9D66B00D292C7 /* KMInfoDisplay.m */ = {isa = PBXFileReference; fileEncoding = 4; lastKnownFileType = sourcecode.c.objc; name = KMInfoDisplay.m; path = ./KMInfoDisplay.m; sourceTree = "<group>"; };
		3A2161B412A9D66B00D292C7 /* KMObject.h */ = {isa = PBXFileReference; fileEncoding = 4; lastKnownFileType = sourcecode.c.h; name = KMObject.h; path = ./KMObject.h; sourceTree = "<group>"; };
		3A2161B512A9D66B00D292C7 /* KMObject.m */ = {isa = PBXFileReference; fileEncoding = 4; lastKnownFileType = sourcecode.c.objc; name = KMObject.m; path = ./KMObject.m; sourceTree = "<group>"; };
		3A2161B612A9D66B00D292C7 /* KMStack.h */ = {isa = PBXFileReference; fileEncoding = 4; lastKnownFileType = sourcecode.c.h; name = KMStack.h; path = ./KMStack.h; sourceTree = "<group>"; };
		3A2161B712A9D66B00D292C7 /* KMStack.m */ = {isa = PBXFileReference; fileEncoding = 4; lastKnownFileType = sourcecode.c.objc; name = KMStack.m; path = ./KMStack.m; sourceTree = "<group>"; };
		3A2161B812A9D66B00D292C7 /* KMVariableHook.h */ = {isa = PBXFileReference; fileEncoding = 4; lastKnownFileType = sourcecode.c.h; name = KMVariableHook.h; path = ./KMVariableHook.h; sourceTree = "<group>"; };
		3A2161B912A9D66B00D292C7 /* KMVariableHook.m */ = {isa = PBXFileReference; fileEncoding = 4; lastKnownFileType = sourcecode.c.objc; name = KMVariableHook.m; path = ./KMVariableHook.m; sourceTree = "<group>"; };
		3A2161BA12A9D66B00D292C7 /* KMVariableManager.h */ = {isa = PBXFileReference; fileEncoding = 4; lastKnownFileType = sourcecode.c.h; name = KMVariableManager.h; path = ./KMVariableManager.h; sourceTree = "<group>"; };
		3A2161BB12A9D66B00D292C7 /* KMVariableManager.m */ = {isa = PBXFileReference; fileEncoding = 4; lastKnownFileType = sourcecode.c.objc; name = KMVariableManager.m; path = ./KMVariableManager.m; sourceTree = "<group>"; };
		3A2161BC12A9D66B00D292C7 /* KMWriteHook.h */ = {isa = PBXFileReference; fileEncoding = 4; lastKnownFileType = sourcecode.c.h; name = KMWriteHook.h; path = ./KMWriteHook.h; sourceTree = "<group>"; };
		3A2161BD12A9D66B00D292C7 /* NSString+KMAdditions.h */ = {isa = PBXFileReference; fileEncoding = 4; lastKnownFileType = sourcecode.c.h; name = "NSString+KMAdditions.h"; path = "./NSString+KMAdditions.h"; sourceTree = "<group>"; };
		3A2161BE12A9D66B00D292C7 /* NSString+KMAdditions.m */ = {isa = PBXFileReference; fileEncoding = 4; lastKnownFileType = sourcecode.c.objc; name = "NSString+KMAdditions.m"; path = "./NSString+KMAdditions.m"; sourceTree = "<group>"; };
		3A2161D012A9D6A100D292C7 /* KMAccountMenu.h */ = {isa = PBXFileReference; fileEncoding = 4; lastKnownFileType = sourcecode.c.h; name = KMAccountMenu.h; path = ./KMAccountMenu.h; sourceTree = "<group>"; };
		3A2161D112A9D6A100D292C7 /* KMMenu.h */ = {isa = PBXFileReference; fileEncoding = 4; lastKnownFileType = sourcecode.c.h; name = KMMenu.h; path = ./KMMenu.h; sourceTree = "<group>"; };
		3A2161D212A9D6A100D292C7 /* KMMenuHandler.h */ = {isa = PBXFileReference; fileEncoding = 4; lastKnownFileType = sourcecode.c.h; name = KMMenuHandler.h; path = ./KMMenuHandler.h; sourceTree = "<group>"; };
		3A2161D312A9D6A100D292C7 /* KMMenuHandler.m */ = {isa = PBXFileReference; fileEncoding = 4; lastKnownFileType = sourcecode.c.objc; name = KMMenuHandler.m; path = ./KMMenuHandler.m; sourceTree = "<group>"; };
		3A2161D812A9D6AA00D292C7 /* KMAccountMenuState.h */ = {isa = PBXFileReference; fileEncoding = 4; lastKnownFileType = sourcecode.c.h; name = KMAccountMenuState.h; path = ./KMAccountMenuState.h; sourceTree = "<group>"; };
		3A2161D912A9D6AA00D292C7 /* KMAccountMenuState.m */ = {isa = PBXFileReference; fileEncoding = 4; lastKnownFileType = sourcecode.c.objc; name = KMAccountMenuState.m; path = ./KMAccountMenuState.m; sourceTree = "<group>"; };
		3A2161DA12A9D6AA00D292C7 /* KMAccountNameState.h */ = {isa = PBXFileReference; fileEncoding = 4; lastKnownFileType = sourcecode.c.h; name = KMAccountNameState.h; path = ./KMAccountNameState.h; sourceTree = "<group>"; };
		3A2161DB12A9D6AA00D292C7 /* KMAccountNameState.m */ = {isa = PBXFileReference; fileEncoding = 4; lastKnownFileType = sourcecode.c.objc; name = KMAccountNameState.m; path = ./KMAccountNameState.m; sourceTree = "<group>"; };
		3A2161DC12A9D6AA00D292C7 /* KMChooseCharacterNameState.h */ = {isa = PBXFileReference; fileEncoding = 4; lastKnownFileType = sourcecode.c.h; name = KMChooseCharacterNameState.h; path = ./KMChooseCharacterNameState.h; sourceTree = "<group>"; };
		3A2161DD12A9D6AA00D292C7 /* KMChooseCharacterNameState.m */ = {isa = PBXFileReference; fileEncoding = 4; lastKnownFileType = sourcecode.c.objc; name = KMChooseCharacterNameState.m; path = ./KMChooseCharacterNameState.m; sourceTree = "<group>"; };
		3A2161DE12A9D6AA00D292C7 /* KMChooseCharacterState.h */ = {isa = PBXFileReference; fileEncoding = 4; lastKnownFileType = sourcecode.c.h; name = KMChooseCharacterState.h; path = ./KMChooseCharacterState.h; sourceTree = "<group>"; };
		3A2161DF12A9D6AA00D292C7 /* KMChooseCharacterState.m */ = {isa = PBXFileReference; fileEncoding = 4; lastKnownFileType = sourcecode.c.objc; name = KMChooseCharacterState.m; path = ./KMChooseCharacterState.m; sourceTree = "<group>"; };
		3A2161E012A9D6AA00D292C7 /* KMChooseClassState.h */ = {isa = PBXFileReference; fileEncoding = 4; lastKnownFileType = sourcecode.c.h; name = KMChooseClassState.h; path = ./KMChooseClassState.h; sourceTree = "<group>"; };
		3A2161E112A9D6AA00D292C7 /* KMChooseClassState.m */ = {isa = PBXFileReference; fileEncoding = 4; lastKnownFileType = sourcecode.c.objc; name = KMChooseClassState.m; path = ./KMChooseClassState.m; sourceTree = "<group>"; };
		3A2161E212A9D6AA00D292C7 /* KMChooseRaceState.h */ = {isa = PBXFileReference; fileEncoding = 4; lastKnownFileType = sourcecode.c.h; name = KMChooseRaceState.h; path = ./KMChooseRaceState.h; sourceTree = "<group>"; };
		3A2161E312A9D6AA00D292C7 /* KMChooseRaceState.m */ = {isa = PBXFileReference; fileEncoding = 4; lastKnownFileType = sourcecode.c.objc; name = KMChooseRaceState.m; path = ./KMChooseRaceState.m; sourceTree = "<group>"; };
		3A2161E412A9D6AA00D292C7 /* KMConfirmPasswordState.h */ = {isa = PBXFileReference; fileEncoding = 4; lastKnownFileType = sourcecode.c.h; name = KMConfirmPasswordState.h; path = ./KMConfirmPasswordState.h; sourceTree = "<group>"; };
		3A2161E512A9D6AA00D292C7 /* KMConfirmPasswordState.m */ = {isa = PBXFileReference; fileEncoding = 4; lastKnownFileType = sourcecode.c.objc; name = KMConfirmPasswordState.m; path = ./KMConfirmPasswordState.m; sourceTree = "<group>"; };
		3A2161E612A9D6AA00D292C7 /* KMConfirmStatAllocationState.h */ = {isa = PBXFileReference; fileEncoding = 4; lastKnownFileType = sourcecode.c.h; name = KMConfirmStatAllocationState.h; path = ./KMConfirmStatAllocationState.h; sourceTree = "<group>"; };
		3A2161E712A9D6AA00D292C7 /* KMConfirmStatAllocationState.m */ = {isa = PBXFileReference; fileEncoding = 4; lastKnownFileType = sourcecode.c.objc; name = KMConfirmStatAllocationState.m; path = ./KMConfirmStatAllocationState.m; sourceTree = "<group>"; };
		3A2161E812A9D6AA00D292C7 /* KMCreateCharacterState.h */ = {isa = PBXFileReference; fileEncoding = 4; lastKnownFileType = sourcecode.c.h; name = KMCreateCharacterState.h; path = ./KMCreateCharacterState.h; sourceTree = "<group>"; };
		3A2161E912A9D6AA00D292C7 /* KMCreateCharacterState.m */ = {isa = PBXFileReference; fileEncoding = 4; lastKnownFileType = sourcecode.c.objc; name = KMCreateCharacterState.m; path = ./KMCreateCharacterState.m; sourceTree = "<group>"; };
		3A2161EA12A9D6AA00D292C7 /* KMNewPasswordState.h */ = {isa = PBXFileReference; fileEncoding = 4; lastKnownFileType = sourcecode.c.h; name = KMNewPasswordState.h; path = ./KMNewPasswordState.h; sourceTree = "<group>"; };
		3A2161EB12A9D6AA00D292C7 /* KMNewPasswordState.m */ = {isa = PBXFileReference; fileEncoding = 4; lastKnownFileType = sourcecode.c.objc; name = KMNewPasswordState.m; path = ./KMNewPasswordState.m; sourceTree = "<group>"; };
		3A2161EC12A9D6AA00D292C7 /* KMNullState.m */ = {isa = PBXFileReference; fileEncoding = 4; lastKnownFileType = sourcecode.c.objc; name = KMNullState.m; path = ./KMNullState.m; sourceTree = "<group>"; };
		3A2161ED12A9D6AA00D292C7 /* KMPlayingState.h */ = {isa = PBXFileReference; fileEncoding = 4; lastKnownFileType = sourcecode.c.h; name = KMPlayingState.h; path = ./KMPlayingState.h; sourceTree = "<group>"; };
		3A2161EE12A9D6AA00D292C7 /* KMPlayingState.m */ = {isa = PBXFileReference; fileEncoding = 4; lastKnownFileType = sourcecode.c.objc; name = KMPlayingState.m; path = ./KMPlayingState.m; sourceTree = "<group>"; };
		3A2161EF12A9D6AA00D292C7 /* KMQuitState.h */ = {isa = PBXFileReference; fileEncoding = 4; lastKnownFileType = sourcecode.c.h; name = KMQuitState.h; path = ./KMQuitState.h; sourceTree = "<group>"; };
		3A2161F012A9D6AA00D292C7 /* KMQuitState.m */ = {isa = PBXFileReference; fileEncoding = 4; lastKnownFileType = sourcecode.c.objc; name = KMQuitState.m; path = ./KMQuitState.m; sourceTree = "<group>"; };
		3A2161F112A9D6AA00D292C7 /* KMStatAllocationState.h */ = {isa = PBXFileReference; fileEncoding = 4; lastKnownFileType = sourcecode.c.h; name = KMStatAllocationState.h; path = ./KMStatAllocationState.h; sourceTree = "<group>"; };
		3A2161F212A9D6AA00D292C7 /* KMStatAllocationState.m */ = {isa = PBXFileReference; fileEncoding = 4; lastKnownFileType = sourcecode.c.objc; name = KMStatAllocationState.m; path = ./KMStatAllocationState.m; sourceTree = "<group>"; };
		3A2161F312A9D6AA00D292C7 /* KMState.h */ = {isa = PBXFileReference; fileEncoding = 4; lastKnownFileType = sourcecode.c.h; name = KMState.h; path = ./KMState.h; sourceTree = "<group>"; };
		3A2161F412A9D6AA00D292C7 /* KMState.m */ = {isa = PBXFileReference; fileEncoding = 4; lastKnownFileType = sourcecode.c.objc; name = KMState.m; path = ./KMState.m; sourceTree = "<group>"; };
		3A35E9BF12D8C73500300695 /* KMPlayingLogic+Social.h */ = {isa = PBXFileReference; fileEncoding = 4; lastKnownFileType = sourcecode.c.h; path = "KMPlayingLogic+Social.h"; sourceTree = "<group>"; };
		3A35E9C012D8C73500300695 /* KMPlayingLogic+Social.m */ = {isa = PBXFileReference; fileEncoding = 4; lastKnownFileType = sourcecode.c.objc; path = "KMPlayingLogic+Social.m"; sourceTree = "<group>"; };
		3AA378B912AA941100ADE0F8 /* KMWorkflow.h */ = {isa = PBXFileReference; fileEncoding = 4; lastKnownFileType = sourcecode.c.h; path = KMWorkflow.h; sourceTree = "<group>"; };
		3AA378BA12AA941100ADE0F8 /* KMWorkflow.m */ = {isa = PBXFileReference; fileEncoding = 4; lastKnownFileType = sourcecode.c.objc; path = KMWorkflow.m; sourceTree = "<group>"; };
		3AA378BB12AA941100ADE0F8 /* KMWorkflowStep.h */ = {isa = PBXFileReference; fileEncoding = 4; lastKnownFileType = sourcecode.c.h; path = KMWorkflowStep.h; sourceTree = "<group>"; };
		3AA378BC12AA941100ADE0F8 /* KMWorkflowStep.m */ = {isa = PBXFileReference; fileEncoding = 4; lastKnownFileType = sourcecode.c.objc; path = KMWorkflowStep.m; sourceTree = "<group>"; };
		3AA378C112AA95EA00ADE0F8 /* OCMock.framework */ = {isa = PBXFileReference; lastKnownFileType = wrapper.framework; name = OCMock.framework; path = Local/Frameworks/OCMock.framework; sourceTree = DEVELOPER_DIR; };
		3AA378C312AABCF700ADE0F8 /* libcrypto.dylib */ = {isa = PBXFileReference; lastKnownFileType = "compiled.mach-o.dylib"; name = libcrypto.dylib; path = usr/lib/libcrypto.dylib; sourceTree = SDKROOT; };
		3ACD0F1012A9DB2B00CE8E92 /* KMConnectionCoordinator.h */ = {isa = PBXFileReference; fileEncoding = 4; lastKnownFileType = sourcecode.c.h; name = KMConnectionCoordinator.h; path = ./KMConnectionCoordinator.h; sourceTree = "<group>"; };
		3ACD0F1112A9DB2B00CE8E92 /* KMConnectionCoordinator.m */ = {isa = PBXFileReference; fileEncoding = 4; lastKnownFileType = sourcecode.c.objc; name = KMConnectionCoordinator.m; path = ./KMConnectionCoordinator.m; sourceTree = "<group>"; };
		3ACD0F1212A9DB2B00CE8E92 /* KMConnectionPool.h */ = {isa = PBXFileReference; fileEncoding = 4; lastKnownFileType = sourcecode.c.h; name = KMConnectionPool.h; path = ./KMConnectionPool.h; sourceTree = "<group>"; };
		3ACD0F1312A9DB2B00CE8E92 /* KMConnectionPool.m */ = {isa = PBXFileReference; fileEncoding = 4; lastKnownFileType = sourcecode.c.objc; name = KMConnectionPool.m; path = ./KMConnectionPool.m; sourceTree = "<group>"; };
		3ACD0F1412A9DB2B00CE8E92 /* KMServer.h */ = {isa = PBXFileReference; fileEncoding = 4; lastKnownFileType = sourcecode.c.h; name = KMServer.h; path = ./KMServer.h; sourceTree = "<group>"; };
		3ACD0F1512A9DB2B00CE8E92 /* KMServer.m */ = {isa = PBXFileReference; fileEncoding = 4; lastKnownFileType = sourcecode.c.objc; name = KMServer.m; path = ./KMServer.m; sourceTree = "<group>"; };
		3ACD0F1D12A9DBAB00CE8E92 /* KMPlayingLogic.h */ = {isa = PBXFileReference; fileEncoding = 4; lastKnownFileType = sourcecode.c.h; name = KMPlayingLogic.h; path = ./KMPlayingLogic.h; sourceTree = "<group>"; };
		3ACD0F1E12A9DBAB00CE8E92 /* KMPlayingLogic.m */ = {isa = PBXFileReference; fileEncoding = 4; lastKnownFileType = sourcecode.c.objc; name = KMPlayingLogic.m; path = ./KMPlayingLogic.m; sourceTree = "<group>"; };
		3ACD0F1F12A9DBAB00CE8E92 /* KMStatAllocationLogic.h */ = {isa = PBXFileReference; fileEncoding = 4; lastKnownFileType = sourcecode.c.h; name = KMStatAllocationLogic.h; path = ./KMStatAllocationLogic.h; sourceTree = "<group>"; };
		3ACD0F2012A9DBAB00CE8E92 /* KMStatAllocationLogic.m */ = {isa = PBXFileReference; fileEncoding = 4; lastKnownFileType = sourcecode.c.objc; name = KMStatAllocationLogic.m; path = ./KMStatAllocationLogic.m; sourceTree = "<group>"; };
		3ACD0F2512A9DBF500CE8E92 /* KMBasicInterpreter.h */ = {isa = PBXFileReference; fileEncoding = 4; lastKnownFileType = sourcecode.c.h; name = KMBasicInterpreter.h; path = ./KMBasicInterpreter.h; sourceTree = "<group>"; };
		3ACD0F2612A9DBF500CE8E92 /* KMBasicInterpreter.m */ = {isa = PBXFileReference; fileEncoding = 4; lastKnownFileType = sourcecode.c.objc; name = KMBasicInterpreter.m; path = ./KMBasicInterpreter.m; sourceTree = "<group>"; };
		3ACD0F2712A9DBF500CE8E92 /* KMCommandInfo.h */ = {isa = PBXFileReference; fileEncoding = 4; lastKnownFileType = sourcecode.c.h; name = KMCommandInfo.h; path = ./KMCommandInfo.h; sourceTree = "<group>"; };
		3ACD0F2812A9DBF500CE8E92 /* KMCommandInfo.m */ = {isa = PBXFileReference; fileEncoding = 4; lastKnownFileType = sourcecode.c.objc; name = KMCommandInfo.m; path = ./KMCommandInfo.m; sourceTree = "<group>"; };
		3ACD0F2912A9DBF500CE8E92 /* KMCommandInterpreter.h */ = {isa = PBXFileReference; fileEncoding = 4; lastKnownFileType = sourcecode.c.h; name = KMCommandInterpreter.h; path = ./KMCommandInterpreter.h; sourceTree = "<group>"; };
		3ACD0F2A12A9DBF500CE8E92 /* KMCommandInterpreter.m */ = {isa = PBXFileReference; fileEncoding = 4; lastKnownFileType = sourcecode.c.objc; name = KMCommandInterpreter.m; path = ./KMCommandInterpreter.m; sourceTree = "<group>"; };
		3ACD0F2B12A9DBF500CE8E92 /* KMCommandInterpreterLogic.h */ = {isa = PBXFileReference; fileEncoding = 4; lastKnownFileType = sourcecode.c.h; name = KMCommandInterpreterLogic.h; path = ./KMCommandInterpreterLogic.h; sourceTree = "<group>"; };
		3ACD0F2C12A9DBF500CE8E92 /* KMInterpreter.h */ = {isa = PBXFileReference; fileEncoding = 4; lastKnownFileType = sourcecode.c.h; name = KMInterpreter.h; path = ./KMInterpreter.h; sourceTree = "<group>"; };
		3ACD0F3512A9DC1E00CE8E92 /* KMEventDuration.h */ = {isa = PBXFileReference; fileEncoding = 4; lastKnownFileType = sourcecode.c.h; name = KMEventDuration.h; path = ./KMEventDuration.h; sourceTree = "<group>"; };
		3ACD0F3612A9DC1E00CE8E92 /* KMEventDuration.m */ = {isa = PBXFileReference; fileEncoding = 4; lastKnownFileType = sourcecode.c.objc; name = KMEventDuration.m; path = ./KMEventDuration.m; sourceTree = "<group>"; };
		3ACD0F3712A9DC1E00CE8E92 /* KMEventEngine.h */ = {isa = PBXFileReference; fileEncoding = 4; lastKnownFileType = sourcecode.c.h; name = KMEventEngine.h; path = ./KMEventEngine.h; sourceTree = "<group>"; };
		3ACD0F3812A9DC1E00CE8E92 /* KMEventEngine.m */ = {isa = PBXFileReference; fileEncoding = 4; lastKnownFileType = sourcecode.c.objc; name = KMEventEngine.m; path = ./KMEventEngine.m; sourceTree = "<group>"; };
		3ACD0F3D12A9DCA600CE8E92 /* KittyMUD.h */ = {isa = PBXFileReference; fileEncoding = 4; lastKnownFileType = sourcecode.c.h; name = KittyMUD.h; path = ./KittyMUD.h; sourceTree = "<group>"; };
		3ACD279A12A9D44F00C399AC /* KittyMUD.framework */ = {isa = PBXFileReference; explicitFileType = wrapper.framework; includeInIndex = 0; path = KittyMUD.framework; sourceTree = BUILT_PRODUCTS_DIR; };
		3ACD279C12A9D45000C399AC /* KittyMUD-Info.plist */ = {isa = PBXFileReference; lastKnownFileType = text.plist.xml; path = "KittyMUD-Info.plist"; sourceTree = "<group>"; };
		3ACD279D12A9D45000C399AC /* KittyMUD-Prefix.pch */ = {isa = PBXFileReference; lastKnownFileType = sourcecode.c.h; path = "KittyMUD-Prefix.pch"; sourceTree = "<group>"; };
		3ACD279F12A9D45000C399AC /* en */ = {isa = PBXFileReference; lastKnownFileType = text.plist.strings; name = en; path = en.lproj/InfoPlist.strings; sourceTree = "<group>"; };
/* End PBXFileReference section */

/* Begin PBXFrameworksBuildPhase section */
		3ACD279612A9D44F00C399AC /* Frameworks */ = {
			isa = PBXFrameworksBuildPhase;
			buildActionMask = 2147483647;
			files = (
				3AA378C412AABCF700ADE0F8 /* libcrypto.dylib in Frameworks */,
				3AA378C212AA95EA00ADE0F8 /* OCMock.framework in Frameworks */,
				3A21616112A9D4D300D292C7 /* ECScript.framework in Frameworks */,
				3A21616212A9D4D300D292C7 /* OCLog.framework in Frameworks */,
				3ACD279B12A9D45000C399AC /* Cocoa.framework in Frameworks */,
			);
			runOnlyForDeploymentPostprocessing = 0;
		};
/* End PBXFrameworksBuildPhase section */

/* Begin PBXGroup section */
		3A01FF2C12A9CC3A005A9772 = {
			isa = PBXGroup;
			children = (
				3AA378C312AABCF700ADE0F8 /* libcrypto.dylib */,
				3AA378C112AA95EA00ADE0F8 /* OCMock.framework */,
				3A21615F12A9D4D300D292C7 /* ECScript.framework */,
				3A21616012A9D4D300D292C7 /* OCLog.framework */,
				3A01FF3312A9CC3A005A9772 /* Classes */,
				3A01FF3412A9CC3A005A9772 /* Other Sources */,
				3A01FF3512A9CC3A005A9772 /* Resources */,
				3A01FF3612A9CC3A005A9772 /* Frameworks */,
				3A01FF3D12A9CC3A005A9772 /* Products */,
			);
			sourceTree = "<group>";
		};
		3A01FF3312A9CC3A005A9772 /* Classes */ = {
			isa = PBXGroup;
			children = (
				3A10DB4012D9237D007F8032 /* Chat */,
				3A2161AE12A9D65A00D292C7 /* Utility */,
				3A2161AD12A9D65000D292C7 /* StateMachine */,
				3A2161AC12A9D64500D292C7 /* Server */,
				3A2161AB12A9D63800D292C7 /* Interpreters */,
				3A2161AA12A9D62100D292C7 /* EventEngine */,
				3A21616C12A9D52000D292C7 /* Data */,
				3A21616312A9D4D900D292C7 /* Achievements */,
			);
			path = Classes;
			sourceTree = "<group>";
		};
		3A01FF3412A9CC3A005A9772 /* Other Sources */ = {
			isa = PBXGroup;
			children = (
				3ACD0F3D12A9DCA600CE8E92 /* KittyMUD.h */,
				3ACD279D12A9D45000C399AC /* KittyMUD-Prefix.pch */,
			);
			name = "Other Sources";
			sourceTree = "<group>";
		};
		3A01FF3512A9CC3A005A9772 /* Resources */ = {
			isa = PBXGroup;
			children = (
				3A01FF4212A9CC3A005A9772 /* InfoPlist.strings */,
				3ACD279C12A9D45000C399AC /* KittyMUD-Info.plist */,
				3ACD279E12A9D45000C399AC /* InfoPlist.strings */,
			);
			name = Resources;
			sourceTree = "<group>";
		};
		3A01FF3612A9CC3A005A9772 /* Frameworks */ = {
			isa = PBXGroup;
			children = (
				3A01FF3E12A9CC3A005A9772 /* Cocoa.framework */,
			);
			name = Frameworks;
			sourceTree = "<group>";
		};
		3A01FF3D12A9CC3A005A9772 /* Products */ = {
			isa = PBXGroup;
			children = (
				3ACD279A12A9D44F00C399AC /* KittyMUD.framework */,
			);
			name = Products;
			sourceTree = "<group>";
		};
		3A10DB4012D9237D007F8032 /* Chat */ = {
			isa = PBXGroup;
			children = (
				3A10DB4212D923AE007F8032 /* KMChatEngine.h */,
				3A10DB4312D923AE007F8032 /* KMChatEngine.m */,
			);
			path = Chat;
			sourceTree = "<group>";
		};
		3A21616312A9D4D900D292C7 /* Achievements */ = {
			isa = PBXGroup;
			children = (
				3A21616412A9D4EE00D292C7 /* KMAchievement.h */,
				3A21616512A9D4EE00D292C7 /* KMAchievement.m */,
				3A21616612A9D4EE00D292C7 /* KMAchievementEngine.h */,
				3A21616712A9D4EE00D292C7 /* KMAchievementEngine.m */,
			);
			path = Achievements;
			sourceTree = "<group>";
		};
		3A21616C12A9D52000D292C7 /* Data */ = {
			isa = PBXGroup;
			children = (
				3A21616D12A9D52A00D292C7 /* Character */,
				3A21617C12A9D55A00D292C7 /* Items */,
				3A21618512A9D5C500D292C7 /* World */,
				3A21618E12A9D5F300D292C7 /* KMClass.h */,
				3A21618F12A9D5F300D292C7 /* KMClass.m */,
				3A21619012A9D5F300D292C7 /* KMDataManager.h */,
				3A21619112A9D5F300D292C7 /* KMDataManager.m */,
				3A21619212A9D5F300D292C7 /* KMDataStartup.h */,
				3A21619312A9D5F300D292C7 /* KMExtensibleDataLoader.h */,
				3A21619412A9D5F300D292C7 /* KMExtensibleDataLoader.m */,
				3A21619512A9D5F300D292C7 /* KMExtensibleDataSchema.h */,
				3A21619612A9D5F300D292C7 /* KMPower.h */,
				3A21619712A9D5F300D292C7 /* KMPower.m */,
				3A21619812A9D5F300D292C7 /* KMRace.h */,
				3A21619912A9D5F300D292C7 /* KMRace.m */,
				3A21619A12A9D5F300D292C7 /* KMSpecial.h */,
				3A21619B12A9D5F300D292C7 /* KMSpecial.m */,
			);
			path = Data;
			sourceTree = "<group>";
		};
		3A21616D12A9D52A00D292C7 /* Character */ = {
			isa = PBXGroup;
			children = (
				3A21616E12A9D53B00D292C7 /* KMCharacter.h */,
				3A21616F12A9D53B00D292C7 /* KMCharacter.m */,
				3A21617012A9D53B00D292C7 /* KMRequirement.h */,
				3A21617112A9D53B00D292C7 /* KMRequirement.m */,
				3A21617212A9D53B00D292C7 /* KMStat.h */,
				3A21617312A9D53B00D292C7 /* KMStat.m */,
				3A21617412A9D53B00D292C7 /* KMStatCopy.h */,
			);
			path = Character;
			sourceTree = "<group>";
		};
		3A21617C12A9D55A00D292C7 /* Items */ = {
			isa = PBXGroup;
			children = (
				3A21617D12A9D5A100D292C7 /* KMItemEnhancement.h */,
				3A21617E12A9D5A100D292C7 /* KMItemEnhancement.m */,
				3A21617F12A9D5A100D292C7 /* KMItemTemplate.h */,
				3A21618012A9D5A100D292C7 /* KMItemTemplate.m */,
			);
			path = Items;
			sourceTree = "<group>";
		};
		3A21618512A9D5C500D292C7 /* World */ = {
			isa = PBXGroup;
			children = (
				3A21618612A9D5D400D292C7 /* KMExitInfo.h */,
				3A21618712A9D5D400D292C7 /* KMExitInfo.m */,
				3A21618812A9D5D400D292C7 /* KMRoom.h */,
				3A21618912A9D5D400D292C7 /* KMRoom.m */,
			);
			path = World;
			sourceTree = "<group>";
		};
		3A2161AA12A9D62100D292C7 /* EventEngine */ = {
			isa = PBXGroup;
			children = (
				3ACD0F3512A9DC1E00CE8E92 /* KMEventDuration.h */,
				3ACD0F3612A9DC1E00CE8E92 /* KMEventDuration.m */,
				3ACD0F3712A9DC1E00CE8E92 /* KMEventEngine.h */,
				3ACD0F3812A9DC1E00CE8E92 /* KMEventEngine.m */,
			);
			path = EventEngine;
			sourceTree = "<group>";
		};
		3A2161AB12A9D63800D292C7 /* Interpreters */ = {
			isa = PBXGroup;
			children = (
				3ACD0F2512A9DBF500CE8E92 /* KMBasicInterpreter.h */,
				3ACD0F2612A9DBF500CE8E92 /* KMBasicInterpreter.m */,
				3ACD0F2712A9DBF500CE8E92 /* KMCommandInfo.h */,
				3ACD0F2812A9DBF500CE8E92 /* KMCommandInfo.m */,
				3ACD0F2912A9DBF500CE8E92 /* KMCommandInterpreter.h */,
				3ACD0F2A12A9DBF500CE8E92 /* KMCommandInterpreter.m */,
				3ACD0F2B12A9DBF500CE8E92 /* KMCommandInterpreterLogic.h */,
				3ACD0F2C12A9DBF500CE8E92 /* KMInterpreter.h */,
				3ACD0F1C12A9DB4500CE8E92 /* Logic */,
			);
			path = Interpreters;
			sourceTree = "<group>";
		};
		3A2161AC12A9D64500D292C7 /* Server */ = {
			isa = PBXGroup;
			children = (
				3ACD0F1012A9DB2B00CE8E92 /* KMConnectionCoordinator.h */,
				3ACD0F1112A9DB2B00CE8E92 /* KMConnectionCoordinator.m */,
				3ACD0F1212A9DB2B00CE8E92 /* KMConnectionPool.h */,
				3ACD0F1312A9DB2B00CE8E92 /* KMConnectionPool.m */,
				3ACD0F1412A9DB2B00CE8E92 /* KMServer.h */,
				3ACD0F1512A9DB2B00CE8E92 /* KMServer.m */,
			);
			path = Server;
			sourceTree = "<group>";
		};
		3A2161AD12A9D65000D292C7 /* StateMachine */ = {
			isa = PBXGroup;
			children = (
				3ACD0FD312A9E64A00CE8E92 /* Workflow */,
				3A2161D812A9D6AA00D292C7 /* KMAccountMenuState.h */,
				3A2161D912A9D6AA00D292C7 /* KMAccountMenuState.m */,
				3A2161DA12A9D6AA00D292C7 /* KMAccountNameState.h */,
				3A2161DB12A9D6AA00D292C7 /* KMAccountNameState.m */,
				3A2161DC12A9D6AA00D292C7 /* KMChooseCharacterNameState.h */,
				3A2161DD12A9D6AA00D292C7 /* KMChooseCharacterNameState.m */,
				3A2161DE12A9D6AA00D292C7 /* KMChooseCharacterState.h */,
				3A2161DF12A9D6AA00D292C7 /* KMChooseCharacterState.m */,
				3A2161E012A9D6AA00D292C7 /* KMChooseClassState.h */,
				3A2161E112A9D6AA00D292C7 /* KMChooseClassState.m */,
				3A2161E212A9D6AA00D292C7 /* KMChooseRaceState.h */,
				3A2161E312A9D6AA00D292C7 /* KMChooseRaceState.m */,
				3A2161E412A9D6AA00D292C7 /* KMConfirmPasswordState.h */,
				3A2161E512A9D6AA00D292C7 /* KMConfirmPasswordState.m */,
				3A2161E612A9D6AA00D292C7 /* KMConfirmStatAllocationState.h */,
				3A2161E712A9D6AA00D292C7 /* KMConfirmStatAllocationState.m */,
				3A2161E812A9D6AA00D292C7 /* KMCreateCharacterState.h */,
				3A2161E912A9D6AA00D292C7 /* KMCreateCharacterState.m */,
				3A2161EA12A9D6AA00D292C7 /* KMNewPasswordState.h */,
				3A2161EB12A9D6AA00D292C7 /* KMNewPasswordState.m */,
				3A2161EC12A9D6AA00D292C7 /* KMNullState.m */,
				3A2161ED12A9D6AA00D292C7 /* KMPlayingState.h */,
				3A2161EE12A9D6AA00D292C7 /* KMPlayingState.m */,
				3A2161EF12A9D6AA00D292C7 /* KMQuitState.h */,
				3A2161F012A9D6AA00D292C7 /* KMQuitState.m */,
				3A2161F112A9D6AA00D292C7 /* KMStatAllocationState.h */,
				3A2161F212A9D6AA00D292C7 /* KMStatAllocationState.m */,
				3A2161F312A9D6AA00D292C7 /* KMState.h */,
				3A2161F412A9D6AA00D292C7 /* KMState.m */,
				3A2161CF12A9D69600D292C7 /* Helpers */,
			);
			path = StateMachine;
			sourceTree = "<group>";
		};
		3A2161AE12A9D65A00D292C7 /* Utility */ = {
			isa = PBXGroup;
			children = (
				3A2161AF12A9D66B00D292C7 /* KMColorProcessWriteHook.h */,
				3A2161B012A9D66B00D292C7 /* KMColorProcessWriteHook.m */,
				3A2161B112A9D66B00D292C7 /* KMEnumFactory.h */,
				3A2161B212A9D66B00D292C7 /* KMInfoDisplay.h */,
				3A2161B312A9D66B00D292C7 /* KMInfoDisplay.m */,
				3A2161B412A9D66B00D292C7 /* KMObject.h */,
				3A2161B512A9D66B00D292C7 /* KMObject.m */,
				3A2161B612A9D66B00D292C7 /* KMStack.h */,
				3A2161B712A9D66B00D292C7 /* KMStack.m */,
				3A2161B812A9D66B00D292C7 /* KMVariableHook.h */,
				3A2161B912A9D66B00D292C7 /* KMVariableHook.m */,
				3A2161BA12A9D66B00D292C7 /* KMVariableManager.h */,
				3A2161BB12A9D66B00D292C7 /* KMVariableManager.m */,
				3A2161BC12A9D66B00D292C7 /* KMWriteHook.h */,
				3A2161BD12A9D66B00D292C7 /* NSString+KMAdditions.h */,
				3A2161BE12A9D66B00D292C7 /* NSString+KMAdditions.m */,
			);
			path = Utility;
			sourceTree = "<group>";
		};
		3A2161CF12A9D69600D292C7 /* Helpers */ = {
			isa = PBXGroup;
			children = (
				3A2161D012A9D6A100D292C7 /* KMAccountMenu.h */,
				3A2161D112A9D6A100D292C7 /* KMMenu.h */,
				3A2161D212A9D6A100D292C7 /* KMMenuHandler.h */,
				3A2161D312A9D6A100D292C7 /* KMMenuHandler.m */,
			);
			path = Helpers;
			sourceTree = "<group>";
		};
		3ACD0F1C12A9DB4500CE8E92 /* Logic */ = {
			isa = PBXGroup;
			children = (
				3ACD0F1D12A9DBAB00CE8E92 /* KMPlayingLogic.h */,
				3ACD0F1E12A9DBAB00CE8E92 /* KMPlayingLogic.m */,
				3ACD0F1F12A9DBAB00CE8E92 /* KMStatAllocationLogic.h */,
				3ACD0F2012A9DBAB00CE8E92 /* KMStatAllocationLogic.m */,
				3A35E9BF12D8C73500300695 /* KMPlayingLogic+Social.h */,
				3A35E9C012D8C73500300695 /* KMPlayingLogic+Social.m */,
			);
			path = Logic;
			sourceTree = "<group>";
		};
		3ACD0FD312A9E64A00CE8E92 /* Workflow */ = {
			isa = PBXGroup;
			children = (
				3AA378B912AA941100ADE0F8 /* KMWorkflow.h */,
				3AA378BA12AA941100ADE0F8 /* KMWorkflow.m */,
				3AA378BB12AA941100ADE0F8 /* KMWorkflowStep.h */,
				3AA378BC12AA941100ADE0F8 /* KMWorkflowStep.m */,
			);
			path = Workflow;
			sourceTree = "<group>";
		};
/* End PBXGroup section */

/* Begin PBXHeadersBuildPhase section */
		3ACD279712A9D44F00C399AC /* Headers */ = {
			isa = PBXHeadersBuildPhase;
			buildActionMask = 2147483647;
			files = (
				3A21616812A9D4EE00D292C7 /* KMAchievement.h in Headers */,
				3A21616A12A9D4EE00D292C7 /* KMAchievementEngine.h in Headers */,
				3A21617512A9D53B00D292C7 /* KMCharacter.h in Headers */,
				3A21617712A9D53B00D292C7 /* KMRequirement.h in Headers */,
				3A21617912A9D53B00D292C7 /* KMStat.h in Headers */,
				3A21617B12A9D53B00D292C7 /* KMStatCopy.h in Headers */,
				3A21618112A9D5A100D292C7 /* KMItemEnhancement.h in Headers */,
				3A21618312A9D5A100D292C7 /* KMItemTemplate.h in Headers */,
				3A21618A12A9D5D400D292C7 /* KMExitInfo.h in Headers */,
				3A21618C12A9D5D400D292C7 /* KMRoom.h in Headers */,
				3A21619C12A9D5F300D292C7 /* KMClass.h in Headers */,
				3A21619E12A9D5F300D292C7 /* KMDataManager.h in Headers */,
				3A2161A012A9D5F300D292C7 /* KMDataStartup.h in Headers */,
				3A2161A112A9D5F300D292C7 /* KMExtensibleDataLoader.h in Headers */,
				3A2161A312A9D5F300D292C7 /* KMExtensibleDataSchema.h in Headers */,
				3A2161A412A9D5F300D292C7 /* KMPower.h in Headers */,
				3A2161A612A9D5F300D292C7 /* KMRace.h in Headers */,
				3A2161A812A9D5F300D292C7 /* KMSpecial.h in Headers */,
				3A2161BF12A9D66B00D292C7 /* KMColorProcessWriteHook.h in Headers */,
				3A2161C112A9D66B00D292C7 /* KMEnumFactory.h in Headers */,
				3A2161C212A9D66B00D292C7 /* KMInfoDisplay.h in Headers */,
				3A2161C412A9D66B00D292C7 /* KMObject.h in Headers */,
				3A2161C612A9D66B00D292C7 /* KMStack.h in Headers */,
				3A2161C812A9D66B00D292C7 /* KMVariableHook.h in Headers */,
				3A2161CA12A9D66B00D292C7 /* KMVariableManager.h in Headers */,
				3A2161CC12A9D66B00D292C7 /* KMWriteHook.h in Headers */,
				3A2161CD12A9D66B00D292C7 /* NSString+KMAdditions.h in Headers */,
				3A2161D412A9D6A100D292C7 /* KMAccountMenu.h in Headers */,
				3A2161D512A9D6A100D292C7 /* KMMenu.h in Headers */,
				3A2161D612A9D6A100D292C7 /* KMMenuHandler.h in Headers */,
				3A2161F512A9D6AA00D292C7 /* KMAccountMenuState.h in Headers */,
				3A2161F712A9D6AA00D292C7 /* KMAccountNameState.h in Headers */,
				3A2161F912A9D6AA00D292C7 /* KMChooseCharacterNameState.h in Headers */,
				3A2161FB12A9D6AA00D292C7 /* KMChooseCharacterState.h in Headers */,
				3A2161FD12A9D6AA00D292C7 /* KMChooseClassState.h in Headers */,
				3A2161FF12A9D6AA00D292C7 /* KMChooseRaceState.h in Headers */,
				3A21620112A9D6AA00D292C7 /* KMConfirmPasswordState.h in Headers */,
				3A21620312A9D6AA00D292C7 /* KMConfirmStatAllocationState.h in Headers */,
				3A21620512A9D6AA00D292C7 /* KMCreateCharacterState.h in Headers */,
				3A21620712A9D6AA00D292C7 /* KMNewPasswordState.h in Headers */,
				3A21620A12A9D6AA00D292C7 /* KMPlayingState.h in Headers */,
				3A21620C12A9D6AA00D292C7 /* KMQuitState.h in Headers */,
				3A21620E12A9D6AA00D292C7 /* KMStatAllocationState.h in Headers */,
				3A21621012A9D6AA00D292C7 /* KMState.h in Headers */,
				3ACD0F1612A9DB2B00CE8E92 /* KMConnectionCoordinator.h in Headers */,
				3ACD0F1812A9DB2B00CE8E92 /* KMConnectionPool.h in Headers */,
				3ACD0F1A12A9DB2B00CE8E92 /* KMServer.h in Headers */,
				3ACD0F2112A9DBAB00CE8E92 /* KMPlayingLogic.h in Headers */,
				3ACD0F2312A9DBAB00CE8E92 /* KMStatAllocationLogic.h in Headers */,
				3ACD0F2D12A9DBF500CE8E92 /* KMBasicInterpreter.h in Headers */,
				3ACD0F2F12A9DBF500CE8E92 /* KMCommandInfo.h in Headers */,
				3ACD0F3112A9DBF500CE8E92 /* KMCommandInterpreter.h in Headers */,
				3ACD0F3312A9DBF500CE8E92 /* KMCommandInterpreterLogic.h in Headers */,
				3ACD0F3412A9DBF500CE8E92 /* KMInterpreter.h in Headers */,
				3ACD0F3912A9DC1E00CE8E92 /* KMEventDuration.h in Headers */,
				3ACD0F3B12A9DC1E00CE8E92 /* KMEventEngine.h in Headers */,
				3AA378BD12AA941100ADE0F8 /* KMWorkflow.h in Headers */,
				3AA378BF12AA941100ADE0F8 /* KMWorkflowStep.h in Headers */,
				3A35E9C112D8C73500300695 /* KMPlayingLogic+Social.h in Headers */,
				3A10DB4412D923AE007F8032 /* KMChatEngine.h in Headers */,
				3ACD0F3E12A9DCA600CE8E92 /* KittyMUD.h in Headers */,
			);
			runOnlyForDeploymentPostprocessing = 0;
		};
/* End PBXHeadersBuildPhase section */

/* Begin PBXNativeTarget section */
		3ACD279912A9D44F00C399AC /* KittyMUD */ = {
			isa = PBXNativeTarget;
			buildConfigurationList = 3ACD27A312A9D45000C399AC /* Build configuration list for PBXNativeTarget "KittyMUD" */;
			buildPhases = (
				3ACD279512A9D44F00C399AC /* Sources */,
				3ACD279612A9D44F00C399AC /* Frameworks */,
				3ACD279712A9D44F00C399AC /* Headers */,
				3ACD279812A9D44F00C399AC /* Resources */,
			);
			buildRules = (
			);
			dependencies = (
			);
			name = KittyMUD;
			productName = KittyMUD;
			productReference = 3ACD279A12A9D44F00C399AC /* KittyMUD.framework */;
			productType = "com.apple.product-type.framework";
		};
/* End PBXNativeTarget section */

/* Begin PBXProject section */
		3A01FF2E12A9CC3A005A9772 /* Project object */ = {
			isa = PBXProject;
			buildConfigurationList = 3A01FF3112A9CC3A005A9772 /* Build configuration list for PBXProject "KittyMUD" */;
			compatibilityVersion = "Xcode 3.2";
			developmentRegion = English;
			hasScannedForEncodings = 0;
			knownRegions = (
				en,
			);
			mainGroup = 3A01FF2C12A9CC3A005A9772;
			productRefGroup = 3A01FF3D12A9CC3A005A9772 /* Products */;
			projectDirPath = "";
			projectRoot = "";
			targets = (
				3ACD279912A9D44F00C399AC /* KittyMUD */,
			);
		};
/* End PBXProject section */

/* Begin PBXResourcesBuildPhase section */
		3ACD279812A9D44F00C399AC /* Resources */ = {
			isa = PBXResourcesBuildPhase;
			buildActionMask = 2147483647;
			files = (
				3ACD27A012A9D45000C399AC /* InfoPlist.strings in Resources */,
			);
			runOnlyForDeploymentPostprocessing = 0;
		};
/* End PBXResourcesBuildPhase section */

/* Begin PBXSourcesBuildPhase section */
		3ACD279512A9D44F00C399AC /* Sources */ = {
			isa = PBXSourcesBuildPhase;
			buildActionMask = 2147483647;
			files = (
				3A21616912A9D4EE00D292C7 /* KMAchievement.m in Sources */,
				3A21616B12A9D4EE00D292C7 /* KMAchievementEngine.m in Sources */,
				3A21617612A9D53B00D292C7 /* KMCharacter.m in Sources */,
				3A21617812A9D53B00D292C7 /* KMRequirement.m in Sources */,
				3A21617A12A9D53B00D292C7 /* KMStat.m in Sources */,
				3A21618212A9D5A100D292C7 /* KMItemEnhancement.m in Sources */,
				3A21618412A9D5A100D292C7 /* KMItemTemplate.m in Sources */,
				3A21618B12A9D5D400D292C7 /* KMExitInfo.m in Sources */,
				3A21618D12A9D5D400D292C7 /* KMRoom.m in Sources */,
				3A21619D12A9D5F300D292C7 /* KMClass.m in Sources */,
				3A21619F12A9D5F300D292C7 /* KMDataManager.m in Sources */,
				3A2161A212A9D5F300D292C7 /* KMExtensibleDataLoader.m in Sources */,
				3A2161A512A9D5F300D292C7 /* KMPower.m in Sources */,
				3A2161A712A9D5F300D292C7 /* KMRace.m in Sources */,
				3A2161A912A9D5F300D292C7 /* KMSpecial.m in Sources */,
				3A2161C012A9D66B00D292C7 /* KMColorProcessWriteHook.m in Sources */,
				3A2161C312A9D66B00D292C7 /* KMInfoDisplay.m in Sources */,
				3A2161C512A9D66B00D292C7 /* KMObject.m in Sources */,
				3A2161C712A9D66B00D292C7 /* KMStack.m in Sources */,
				3A2161C912A9D66B00D292C7 /* KMVariableHook.m in Sources */,
				3A2161CB12A9D66B00D292C7 /* KMVariableManager.m in Sources */,
				3A2161CE12A9D66B00D292C7 /* NSString+KMAdditions.m in Sources */,
				3A2161D712A9D6A100D292C7 /* KMMenuHandler.m in Sources */,
				3A2161F612A9D6AA00D292C7 /* KMAccountMenuState.m in Sources */,
				3A2161F812A9D6AA00D292C7 /* KMAccountNameState.m in Sources */,
				3A2161FA12A9D6AA00D292C7 /* KMChooseCharacterNameState.m in Sources */,
				3A2161FC12A9D6AA00D292C7 /* KMChooseCharacterState.m in Sources */,
				3A2161FE12A9D6AA00D292C7 /* KMChooseClassState.m in Sources */,
				3A21620012A9D6AA00D292C7 /* KMChooseRaceState.m in Sources */,
				3A21620212A9D6AA00D292C7 /* KMConfirmPasswordState.m in Sources */,
				3A21620412A9D6AA00D292C7 /* KMConfirmStatAllocationState.m in Sources */,
				3A21620612A9D6AA00D292C7 /* KMCreateCharacterState.m in Sources */,
				3A21620812A9D6AA00D292C7 /* KMNewPasswordState.m in Sources */,
				3A21620912A9D6AA00D292C7 /* KMNullState.m in Sources */,
				3A21620B12A9D6AA00D292C7 /* KMPlayingState.m in Sources */,
				3A21620D12A9D6AA00D292C7 /* KMQuitState.m in Sources */,
				3A21620F12A9D6AA00D292C7 /* KMStatAllocationState.m in Sources */,
				3A21621112A9D6AA00D292C7 /* KMState.m in Sources */,
				3ACD0F1712A9DB2B00CE8E92 /* KMConnectionCoordinator.m in Sources */,
				3ACD0F1912A9DB2B00CE8E92 /* KMConnectionPool.m in Sources */,
				3ACD0F1B12A9DB2B00CE8E92 /* KMServer.m in Sources */,
				3ACD0F2212A9DBAB00CE8E92 /* KMPlayingLogic.m in Sources */,
				3ACD0F2412A9DBAB00CE8E92 /* KMStatAllocationLogic.m in Sources */,
				3ACD0F2E12A9DBF500CE8E92 /* KMBasicInterpreter.m in Sources */,
				3ACD0F3012A9DBF500CE8E92 /* KMCommandInfo.m in Sources */,
				3ACD0F3212A9DBF500CE8E92 /* KMCommandInterpreter.m in Sources */,
				3ACD0F3A12A9DC1E00CE8E92 /* KMEventDuration.m in Sources */,
				3ACD0F3C12A9DC1E00CE8E92 /* KMEventEngine.m in Sources */,
				3AA378BE12AA941100ADE0F8 /* KMWorkflow.m in Sources */,
				3AA378C012AA941100ADE0F8 /* KMWorkflowStep.m in Sources */,
				3A35E9C212D8C73500300695 /* KMPlayingLogic+Social.m in Sources */,
				3A10DB4512D923AE007F8032 /* KMChatEngine.m in Sources */,
			);
			runOnlyForDeploymentPostprocessing = 0;
		};
/* End PBXSourcesBuildPhase section */

/* Begin PBXVariantGroup section */
		3A01FF4212A9CC3A005A9772 /* InfoPlist.strings */ = {
			isa = PBXVariantGroup;
			children = (
				3A01FF4312A9CC3A005A9772 /* en */,
			);
			name = InfoPlist.strings;
			sourceTree = "<group>";
		};
		3ACD279E12A9D45000C399AC /* InfoPlist.strings */ = {
			isa = PBXVariantGroup;
			children = (
				3ACD279F12A9D45000C399AC /* en */,
			);
			name = InfoPlist.strings;
			sourceTree = "<group>";
		};
/* End PBXVariantGroup section */

/* Begin XCBuildConfiguration section */
		3A01FF4512A9CC3A005A9772 /* Debug */ = {
			isa = XCBuildConfiguration;
			buildSettings = {
				ARCHS = "$(ARCHS_STANDARD_32_64_BIT)";
				GCC_C_LANGUAGE_STANDARD = gnu99;
				GCC_ENABLE_OBJC_GC = required;
				GCC_OPTIMIZATION_LEVEL = 0;
				GCC_PREPROCESSOR_DEFINITIONS = DEBUG;
				GCC_VERSION = com.apple.compilers.llvm.clang.1_0;
				GCC_WARN_ABOUT_RETURN_TYPE = YES;
				GCC_WARN_UNUSED_VARIABLE = YES;
				MACOSX_DEPLOYMENT_TARGET = 10.6;
				ONLY_ACTIVE_ARCH = YES;
				PREBINDING = NO;
				SDKROOT = macosx;
			};
			name = Debug;
		};
		3A01FF4612A9CC3A005A9772 /* Release */ = {
			isa = XCBuildConfiguration;
			buildSettings = {
				ARCHS = "$(ARCHS_STANDARD_32_64_BIT)";
				GCC_C_LANGUAGE_STANDARD = gnu99;
				GCC_ENABLE_OBJC_GC = required;
				GCC_VERSION = com.apple.compilers.llvm.clang.1_0;
				GCC_WARN_ABOUT_RETURN_TYPE = YES;
				GCC_WARN_UNUSED_VARIABLE = YES;
				MACOSX_DEPLOYMENT_TARGET = 10.6;
				PREBINDING = NO;
				SDKROOT = macosx;
			};
			name = Release;
		};
		3ACD27A112A9D45000C399AC /* Debug */ = {
			isa = XCBuildConfiguration;
			buildSettings = {
			};
			name = Debug;
		};
		3ACD27A212A9D45000C399AC /* Release */ = {
			isa = XCBuildConfiguration;
			buildSettings = {
			};
			name = Release;
		};
		3ACD27A412A9D45000C399AC /* Debug */ = {
			isa = XCBuildConfiguration;
			buildSettings = {
				ALWAYS_SEARCH_USER_PATHS = NO;
				COPY_PHASE_STRIP = NO;
				DYLIB_COMPATIBILITY_VERSION = 1;
				DYLIB_CURRENT_VERSION = 1;
				FRAMEWORK_SEARCH_PATHS = (
					"$(inherited)",
					"\"$(SRCROOT)\"",
					"\"$(DEVELOPER_DIR)/Local/Frameworks\"",
				);
				FRAMEWORK_VERSION = A;
				GCC_DYNAMIC_NO_PIC = NO;
				GCC_ENABLE_OBJC_EXCEPTIONS = YES;
				GCC_ENABLE_OBJC_GC = required;
				GCC_PRECOMPILE_PREFIX_HEADER = YES;
				GCC_PREFIX_HEADER = "KittyMUD-Prefix.pch";
				INFOPLIST_FILE = "KittyMUD-Info.plist";
				INSTALL_PATH = "$(BUILT_PRODUCTS_DIR)";
				LD_RUNPATH_SEARCH_PATHS = /Xcode4/Local/Frameworks;
				MACOSX_DEPLOYMENT_TARGET = 10.6;
				PRODUCT_NAME = "$(TARGET_NAME)";
				WRAPPER_EXTENSION = framework;
			};
			name = Debug;
		};
		3ACD27A512A9D45000C399AC /* Release */ = {
			isa = XCBuildConfiguration;
			buildSettings = {
				ALWAYS_SEARCH_USER_PATHS = NO;
				COPY_PHASE_STRIP = YES;
				DEBUG_INFORMATION_FORMAT = "dwarf-with-dsym";
				DYLIB_COMPATIBILITY_VERSION = 1;
				DYLIB_CURRENT_VERSION = 1;
				FRAMEWORK_SEARCH_PATHS = (
					"$(inherited)",
					"\"$(SRCROOT)\"",
					"\"$(DEVELOPER_DIR)/Local/Frameworks\"",
				);
				FRAMEWORK_VERSION = A;
				GCC_ENABLE_OBJC_EXCEPTIONS = YES;
				GCC_PRECOMPILE_PREFIX_HEADER = YES;
				GCC_PREFIX_HEADER = "KittyMUD-Prefix.pch";
				INFOPLIST_FILE = "KittyMUD-Info.plist";
				INSTALL_PATH = "$(BUILT_PRODUCTS_DIR)";
				LD_RUNPATH_SEARCH_PATHS = /Xcode4/Local/Frameworks;
				MACOSX_DEPLOYMENT_TARGET = 10.6;
				PRODUCT_NAME = "$(TARGET_NAME)";
				WRAPPER_EXTENSION = framework;
			};
			name = Release;
		};
		3ACD27A612A9D45000C399AC /* Debug */ = {
			isa = XCBuildConfiguration;
			buildSettings = {
				COPY_PHASE_STRIP = NO;
				FRAMEWORK_SEARCH_PATHS = (
					"$(inherited)",
					"\"$(SRCROOT)\"",
					"\"$(DEVELOPER_DIR)/Local/Frameworks\"",
				);
				GCC_DYNAMIC_NO_PIC = NO;
				GCC_OPTIMIZATION_LEVEL = 0;
				PRODUCT_NAME = KittyMUD;
			};
			name = Debug;
		};
		3ACD27A712A9D45000C399AC /* Release */ = {
			isa = XCBuildConfiguration;
			buildSettings = {
				COPY_PHASE_STRIP = YES;
				DEBUG_INFORMATION_FORMAT = "dwarf-with-dsym";
				FRAMEWORK_SEARCH_PATHS = (
					"$(inherited)",
					"\"$(SRCROOT)\"",
					"\"$(DEVELOPER_DIR)/Local/Frameworks\"",
				);
				PRODUCT_NAME = KittyMUD;
			};
			name = Release;
		};
/* End XCBuildConfiguration section */

/* Begin XCConfigurationList section */
		3A01FF3112A9CC3A005A9772 /* Build configuration list for PBXProject "KittyMUD" */ = {
			isa = XCConfigurationList;
			buildConfigurations = (
				3A01FF4512A9CC3A005A9772 /* Debug */,
				3A01FF4612A9CC3A005A9772 /* Release */,
				3ACD27A112A9D45000C399AC /* Debug */,
				3ACD27A212A9D45000C399AC /* Release */,
			);
			defaultConfigurationIsVisible = 0;
			defaultConfigurationName = Release;
		};
		3ACD27A312A9D45000C399AC /* Build configuration list for PBXNativeTarget "KittyMUD" */ = {
			isa = XCConfigurationList;
			buildConfigurations = (
				3ACD27A412A9D45000C399AC /* Debug */,
				3ACD27A512A9D45000C399AC /* Release */,
				3ACD27A612A9D45000C399AC /* Debug */,
				3ACD27A712A9D45000C399AC /* Release */,
			);
			defaultConfigurationIsVisible = 0;
			defaultConfigurationName = Release;
		};
/* End XCConfigurationList section */
	};
	rootObject = 3A01FF2E12A9CC3A005A9772 /* Project object */;
}
