// !$*UTF8*$!
{
	archiveVersion = 1;
	classes = {
	};
	objectVersion = 45;
	objects = {

/* Begin PBXBuildFile section */
		3AFF9280109551A8000208EA /* libcrypto.dylib in Frameworks */ = {isa = PBXBuildFile; fileRef = 3A78ED2A106574DF002209B6 /* libcrypto.dylib */; };
		3AFF9281109551AC000208EA /* RegexKit.framework in Frameworks */ = {isa = PBXBuildFile; fileRef = 3A78ED2C106574EA002209B6 /* RegexKit.framework */; };
		3AFF9282109551B7000208EA /* KMAccountNameState.m in Sources */ = {isa = PBXBuildFile; fileRef = 3AC38BC510627D1F0011EBD4 /* KMAccountNameState.m */; };
		3AFF9283109551B7000208EA /* KMColorProcessWriteHook.m in Sources */ = {isa = PBXBuildFile; fileRef = 3AC38BC710627D1F0011EBD4 /* KMColorProcessWriteHook.m */; };
		3AFF9284109551B7000208EA /* KMConnectionCoordinator.m in Sources */ = {isa = PBXBuildFile; fileRef = 3AC38BC910627D1F0011EBD4 /* KMConnectionCoordinator.m */; };
		3AFF9285109551B7000208EA /* KMConnectionPool.m in Sources */ = {isa = PBXBuildFile; fileRef = 3AC38BCB10627D1F0011EBD4 /* KMConnectionPool.m */; };
		3AFF9286109551B7000208EA /* KMString.m in Sources */ = {isa = PBXBuildFile; fileRef = 3AC38BCF10627D1F0011EBD4 /* KMString.m */; };
		3AFF9287109551B7000208EA /* KMServer.m in Sources */ = {isa = PBXBuildFile; fileRef = 3AC38BD110627D1F0011EBD4 /* KMServer.m */; };
		3AFF9288109551B7000208EA /* KMVariableHook.m in Sources */ = {isa = PBXBuildFile; fileRef = 3AC38BD410627D1F0011EBD4 /* KMVariableHook.m */; };
		3AFF9289109551B7000208EA /* KMVariableManager.m in Sources */ = {isa = PBXBuildFile; fileRef = 3AC38BD610627D1F0011EBD4 /* KMVariableManager.m */; };
		3AFF928A109551B7000208EA /* KMNewPasswordState.m in Sources */ = {isa = PBXBuildFile; fileRef = 3AC38CCE1062ABA50011EBD4 /* KMNewPasswordState.m */; };
		3AFF928B109551B7000208EA /* KMBasicInterpreter.m in Sources */ = {isa = PBXBuildFile; fileRef = 3AC38CD31062B1B20011EBD4 /* KMBasicInterpreter.m */; };
		3AFF928C109551B7000208EA /* KMConfirmPasswordState.m in Sources */ = {isa = PBXBuildFile; fileRef = 3AC38CFC1062B8620011EBD4 /* KMConfirmPasswordState.m */; };
		3AFF928D109551B7000208EA /* KMAccountMenuState.m in Sources */ = {isa = PBXBuildFile; fileRef = 3AC38D811063BD5C0011EBD4 /* KMAccountMenuState.m */; };
		3AFF928E109551B7000208EA /* KMCreateCharacterState.m in Sources */ = {isa = PBXBuildFile; fileRef = 3AE80B5E1064770700B86C4B /* KMCreateCharacterState.m */; };
		3AFF928F109551B7000208EA /* KMCharacter.m in Sources */ = {isa = PBXBuildFile; fileRef = 3AE80B691064874800B86C4B /* KMCharacter.m */; };
		3AFF9290109551B7000208EA /* KMStat.m in Sources */ = {isa = PBXBuildFile; fileRef = 3A78ED5410669D55002209B6 /* KMStat.m */; };
		3AFF9291109551B7000208EA /* KMQuitState.m in Sources */ = {isa = PBXBuildFile; fileRef = 3A78EEA61067CA19002209B6 /* KMQuitState.m */; };
		3AFF9292109551B7000208EA /* KMChooseCharacterState.m in Sources */ = {isa = PBXBuildFile; fileRef = 3A78EF451067EC33002209B6 /* KMChooseCharacterState.m */; };
		3AFF9293109551B7000208EA /* KMDataManager.m in Sources */ = {isa = PBXBuildFile; fileRef = 3AAA35331077A987000D0767 /* KMDataManager.m */; };
		3AFF9294109551B7000208EA /* KMRace.m in Sources */ = {isa = PBXBuildFile; fileRef = 3A0E12A61079459800537E9B /* KMRace.m */; };
		3AFF9295109551B7000208EA /* KMMenuHandler.m in Sources */ = {isa = PBXBuildFile; fileRef = 3A0E1332107A67EE00537E9B /* KMMenuHandler.m */; };
		3AFF9296109551B7000208EA /* KMChooseRaceState.m in Sources */ = {isa = PBXBuildFile; fileRef = 3A0E1340107A6BE500537E9B /* KMChooseRaceState.m */; };
		3AFF9297109551B7000208EA /* KMCommandInterpreter.m in Sources */ = {isa = PBXBuildFile; fileRef = 3AD8C402107BD03B003B810E /* KMCommandInterpreter.m */; };
		3AFF9298109551B7000208EA /* KMStatCopy.m in Sources */ = {isa = PBXBuildFile; fileRef = 3A642E95107E271B005A2619 /* KMStatCopy.m */; };
		3AFF9299109551B7000208EA /* KMStatAllocationLogic.m in Sources */ = {isa = PBXBuildFile; fileRef = 3A642E99107E2DD4005A2619 /* KMStatAllocationLogic.m */; };
		3AFF929A109551B7000208EA /* KMStatAllocationState.m in Sources */ = {isa = PBXBuildFile; fileRef = 3A6D3D891080B492006F4727 /* KMStatAllocationState.m */; };
		3AFF929B109551B7000208EA /* KMJob.m in Sources */ = {isa = PBXBuildFile; fileRef = 3A6D3EF51081054D006F4727 /* KMJob.m */; };
		3AFF929C109551B7000208EA /* KMInfoDisplay.m in Sources */ = {isa = PBXBuildFile; fileRef = 3A6D3FEF10824EF5006F4727 /* KMInfoDisplay.m */; };
		3AFF929D109551B7000208EA /* KMStack.m in Sources */ = {isa = PBXBuildFile; fileRef = 3A6D401D108256B8006F4727 /* KMStack.m */; };
		3AFF929E109551B7000208EA /* KMConfirmStatAllocationState.m in Sources */ = {isa = PBXBuildFile; fileRef = 3A6D402810825B38006F4727 /* KMConfirmStatAllocationState.m */; };
		3AFF929F109551B7000208EA /* KMChooseJobState.m in Sources */ = {isa = PBXBuildFile; fileRef = 3A6D402B10825D14006F4727 /* KMChooseJobState.m */; };
		3AFF92A0109551B7000208EA /* KMRoom.m in Sources */ = {isa = PBXBuildFile; fileRef = 3AE9DAA21083636F00AED290 /* KMRoom.m */; };
		3AFF92A1109551B7000208EA /* KMExitInfo.m in Sources */ = {isa = PBXBuildFile; fileRef = 3AE9DAA61083644900AED290 /* KMExitInfo.m */; };
		3AFF92A2109551B7000208EA /* KMPlayingLogic.m in Sources */ = {isa = PBXBuildFile; fileRef = 3AE9DBB61084F66F00AED290 /* KMPlayingLogic.m */; };
		3AFF92A3109551B7000208EA /* KMPlayingState.m in Sources */ = {isa = PBXBuildFile; fileRef = 3AE9DBCC1084FE0A00AED290 /* KMPlayingState.m */; };
		3AFF92A4109551B7000208EA /* KMCommandInfo.m in Sources */ = {isa = PBXBuildFile; fileRef = 3AE9DE541087747C00AED290 /* KMCommandInfo.m */; };
		3AFF92A5109551B7000208EA /* KMCodingAspect.m in Sources */ = {isa = PBXBuildFile; fileRef = 3AE9DF9A1087B8A100AED290 /* KMCodingAspect.m */; };
		3AFF92A6109551B7000208EA /* KMItemTemplate.m in Sources */ = {isa = PBXBuildFile; fileRef = 3AE9E028108A11C300AED290 /* KMItemTemplate.m */; };
		3AFF92A7109551B7000208EA /* KMItemEnhancement.m in Sources */ = {isa = PBXBuildFile; fileRef = 3AE9E069108A299300AED290 /* KMItemEnhancement.m */; };
		3AFF92A8109551B7000208EA /* KMXDF.lm in Sources */ = {isa = PBXBuildFile; fileRef = 3AFF8C2F1093607E000208EA /* KMXDF.lm */; settings = {COMPILER_FLAGS = "--prefix=XDF --header-file=KMXDF.yy.h"; }; };
		3AFF92A9109551B7000208EA /* KMXDF.ym in Sources */ = {isa = PBXBuildFile; fileRef = 3AFF8C301093607E000208EA /* KMXDF.ym */; settings = {COMPILER_FLAGS = "--name-prefix=XDF -d"; }; };
		3AFF92AA109551B7000208EA /* KMXDFEngine.m in Sources */ = {isa = PBXBuildFile; fileRef = 3AFF8C3410936318000208EA /* KMXDFEngine.m */; };
		3AFF92AB109551B7000208EA /* KMXDFReference.m in Sources */ = {isa = PBXBuildFile; fileRef = 3AFF8C3A10936465000208EA /* KMXDFReference.m */; };
		3AFF92AC109551B7000208EA /* KMXDFFunctionReference.m in Sources */ = {isa = PBXBuildFile; fileRef = 3AFF8EE71094A93F000208EA /* KMXDFFunctionReference.m */; };
		3AFF92AD109551B7000208EA /* KMXDFNumberReference.m in Sources */ = {isa = PBXBuildFile; fileRef = 3AFF8EEA1094A9BE000208EA /* KMXDFNumberReference.m */; };
		3AFF92AE109551B7000208EA /* KMXDFVariableReference.m in Sources */ = {isa = PBXBuildFile; fileRef = 3AFF8EED1094AAAB000208EA /* KMXDFVariableReference.m */; };
		3AFF92AF109551B7000208EA /* KMXDFExpressionReference.m in Sources */ = {isa = PBXBuildFile; fileRef = 3AFF8EF01094AB30000208EA /* KMXDFExpressionReference.m */; };
		3AFF92B0109551B7000208EA /* KMXDFStatReference.m in Sources */ = {isa = PBXBuildFile; fileRef = 3AFF8EF31094ABD0000208EA /* KMXDFStatReference.m */; };
		3AFF92B1109551B7000208EA /* KMXDFFunctionInfo.m in Sources */ = {isa = PBXBuildFile; fileRef = 3AFF8F921094BAF3000208EA /* KMXDFFunctionInfo.m */; };
		3AFF93061095553C000208EA /* EternityChronicles.m in Sources */ = {isa = PBXBuildFile; fileRef = 08FB7796FE84155DC02AAC07 /* EternityChronicles.m */; };
		3AFF930710955540000208EA /* KittyMUD.framework in Frameworks */ = {isa = PBXBuildFile; fileRef = 3AFF927B10955195000208EA /* KittyMUD.framework */; };
		3AFF93191095558B000208EA /* RegexKit.framework in CopyFiles */ = {isa = PBXBuildFile; fileRef = 3A78ED2C106574EA002209B6 /* RegexKit.framework */; };
		3AFF935110955653000208EA /* KittyMUD.framework in CopyFiles */ = {isa = PBXBuildFile; fileRef = 3AFF927B10955195000208EA /* KittyMUD.framework */; };
/* End PBXBuildFile section */

/* Begin PBXContainerItemProxy section */
		3AFF930810955548000208EA /* PBXContainerItemProxy */ = {
			isa = PBXContainerItemProxy;
			containerPortal = 08FB7793FE84155DC02AAC07 /* Project object */;
			proxyType = 1;
			remoteGlobalIDString = 3AFF927A10955195000208EA /* KittyMUD */;
			remoteInfo = KittyMUD;
		};
/* End PBXContainerItemProxy section */

/* Begin PBXCopyFilesBuildPhase section */
		3AFF93241095559F000208EA /* CopyFiles */ = {
			isa = PBXCopyFilesBuildPhase;
			buildActionMask = 2147483647;
			dstPath = ../Frameworks;
			dstSubfolderSpec = 16;
			files = (
				3AFF935110955653000208EA /* KittyMUD.framework in CopyFiles */,
				3AFF93191095558B000208EA /* RegexKit.framework in CopyFiles */,
			);
			runOnlyForDeploymentPostprocessing = 0;
		};
/* End PBXCopyFilesBuildPhase section */

/* Begin PBXFileReference section */
		08FB7796FE84155DC02AAC07 /* EternityChronicles.m */ = {isa = PBXFileReference; explicitFileType = sourcecode.c.objc; fileEncoding = 4; path = EternityChronicles.m; sourceTree = "<group>"; };
		32A70AAB03705E1F00C91783 /* KittyMUD_Prefix.pch */ = {isa = PBXFileReference; fileEncoding = 4; lastKnownFileType = sourcecode.c.h; path = KittyMUD_Prefix.pch; sourceTree = "<group>"; };
		3A0D31EA108CC62E0018D19A /* spellpower.xml */ = {isa = PBXFileReference; fileEncoding = 4; lastKnownFileType = text.xml; path = spellpower.xml; sourceTree = "<group>"; };
		3A0D31F2108E20680018D19A /* armor.xml */ = {isa = PBXFileReference; fileEncoding = 4; lastKnownFileType = text.xml; path = armor.xml; sourceTree = "<group>"; };
		3A0D31F3108E22A00018D19A /* mana.xml */ = {isa = PBXFileReference; fileEncoding = 4; lastKnownFileType = text.xml; path = mana.xml; sourceTree = "<group>"; };
		3A0D31F6108F59D20018D19A /* resistances.xml */ = {isa = PBXFileReference; fileEncoding = 4; lastKnownFileType = text.xml; path = resistances.xml; sourceTree = "<group>"; };
		3A0D31F9108F5D5C0018D19A /* socket.xml */ = {isa = PBXFileReference; fileEncoding = 4; lastKnownFileType = text.xml; path = socket.xml; sourceTree = "<group>"; };
		3A0E12A51079459800537E9B /* KMRace.h */ = {isa = PBXFileReference; fileEncoding = 4; lastKnownFileType = sourcecode.c.h; path = KMRace.h; sourceTree = "<group>"; };
		3A0E12A61079459800537E9B /* KMRace.m */ = {isa = PBXFileReference; fileEncoding = 4; lastKnownFileType = sourcecode.c.objc; path = KMRace.m; sourceTree = "<group>"; };
		3A0E132C107A53C300537E9B /* KMDataStartup.h */ = {isa = PBXFileReference; fileEncoding = 4; lastKnownFileType = sourcecode.c.h; path = KMDataStartup.h; sourceTree = "<group>"; };
		3A0E1331107A67EE00537E9B /* KMMenuHandler.h */ = {isa = PBXFileReference; fileEncoding = 4; lastKnownFileType = sourcecode.c.h; path = KMMenuHandler.h; sourceTree = "<group>"; };
		3A0E1332107A67EE00537E9B /* KMMenuHandler.m */ = {isa = PBXFileReference; fileEncoding = 4; lastKnownFileType = sourcecode.c.objc; path = KMMenuHandler.m; sourceTree = "<group>"; };
		3A0E1334107A694100537E9B /* KMMenu.h */ = {isa = PBXFileReference; fileEncoding = 4; lastKnownFileType = sourcecode.c.h; path = KMMenu.h; sourceTree = "<group>"; };
		3A0E133F107A6BE500537E9B /* KMChooseRaceState.h */ = {isa = PBXFileReference; fileEncoding = 4; lastKnownFileType = sourcecode.c.h; path = KMChooseRaceState.h; sourceTree = "<group>"; };
		3A0E1340107A6BE500537E9B /* KMChooseRaceState.m */ = {isa = PBXFileReference; fileEncoding = 4; lastKnownFileType = sourcecode.c.objc; path = KMChooseRaceState.m; sourceTree = "<group>"; };
		3A44533C108F8ACF00293333 /* dwarf.xml */ = {isa = PBXFileReference; fileEncoding = 4; lastKnownFileType = text.xml; path = dwarf.xml; sourceTree = "<group>"; };
		3A44533D108F8ACF00293333 /* elf.xml */ = {isa = PBXFileReference; fileEncoding = 4; lastKnownFileType = text.xml; path = elf.xml; sourceTree = "<group>"; };
		3A44533E108F8ACF00293333 /* human.xml */ = {isa = PBXFileReference; fileEncoding = 4; lastKnownFileType = text.xml; path = human.xml; sourceTree = "<group>"; };
		3A642E94107E271B005A2619 /* KMStatCopy.h */ = {isa = PBXFileReference; fileEncoding = 4; lastKnownFileType = sourcecode.c.h; path = KMStatCopy.h; sourceTree = "<group>"; };
		3A642E95107E271B005A2619 /* KMStatCopy.m */ = {isa = PBXFileReference; fileEncoding = 4; lastKnownFileType = sourcecode.c.objc; path = KMStatCopy.m; sourceTree = "<group>"; };
		3A642E98107E2DD4005A2619 /* KMStatAllocationLogic.h */ = {isa = PBXFileReference; fileEncoding = 4; lastKnownFileType = sourcecode.c.h; path = KMStatAllocationLogic.h; sourceTree = "<group>"; };
		3A642E99107E2DD4005A2619 /* KMStatAllocationLogic.m */ = {isa = PBXFileReference; fileEncoding = 4; lastKnownFileType = sourcecode.c.objc; path = KMStatAllocationLogic.m; sourceTree = "<group>"; };
		3A6D3D881080B492006F4727 /* KMStatAllocationState.h */ = {isa = PBXFileReference; fileEncoding = 4; lastKnownFileType = sourcecode.c.h; path = KMStatAllocationState.h; sourceTree = "<group>"; };
		3A6D3D891080B492006F4727 /* KMStatAllocationState.m */ = {isa = PBXFileReference; fileEncoding = 4; lastKnownFileType = sourcecode.c.objc; path = KMStatAllocationState.m; sourceTree = "<group>"; };
		3A6D3EF41081054D006F4727 /* KMJob.h */ = {isa = PBXFileReference; fileEncoding = 4; lastKnownFileType = sourcecode.c.h; path = KMJob.h; sourceTree = "<group>"; };
		3A6D3EF51081054D006F4727 /* KMJob.m */ = {isa = PBXFileReference; fileEncoding = 4; lastKnownFileType = sourcecode.c.objc; path = KMJob.m; sourceTree = "<group>"; };
		3A6D3FEE10824EF5006F4727 /* KMInfoDisplay.h */ = {isa = PBXFileReference; fileEncoding = 4; lastKnownFileType = sourcecode.c.h; path = KMInfoDisplay.h; sourceTree = "<group>"; };
		3A6D3FEF10824EF5006F4727 /* KMInfoDisplay.m */ = {isa = PBXFileReference; fileEncoding = 4; lastKnownFileType = sourcecode.c.objc; path = KMInfoDisplay.m; sourceTree = "<group>"; };
		3A6D401C108256B8006F4727 /* KMStack.h */ = {isa = PBXFileReference; fileEncoding = 4; lastKnownFileType = sourcecode.c.h; path = KMStack.h; sourceTree = "<group>"; };
		3A6D401D108256B8006F4727 /* KMStack.m */ = {isa = PBXFileReference; fileEncoding = 4; lastKnownFileType = sourcecode.c.objc; path = KMStack.m; sourceTree = "<group>"; };
		3A6D402710825B38006F4727 /* KMConfirmStatAllocationState.h */ = {isa = PBXFileReference; fileEncoding = 4; lastKnownFileType = sourcecode.c.h; path = KMConfirmStatAllocationState.h; sourceTree = "<group>"; };
		3A6D402810825B38006F4727 /* KMConfirmStatAllocationState.m */ = {isa = PBXFileReference; fileEncoding = 4; lastKnownFileType = sourcecode.c.objc; path = KMConfirmStatAllocationState.m; sourceTree = "<group>"; };
		3A6D402A10825D14006F4727 /* KMChooseJobState.h */ = {isa = PBXFileReference; fileEncoding = 4; lastKnownFileType = sourcecode.c.h; path = KMChooseJobState.h; sourceTree = "<group>"; };
		3A6D402B10825D14006F4727 /* KMChooseJobState.m */ = {isa = PBXFileReference; fileEncoding = 4; lastKnownFileType = sourcecode.c.objc; path = KMChooseJobState.m; sourceTree = "<group>"; };
		3A78ECA11065749C002209B6 /* Foundation.framework */ = {isa = PBXFileReference; lastKnownFileType = wrapper.framework; name = Foundation.framework; path = System/Library/Frameworks/Foundation.framework; sourceTree = SDKROOT; };
		3A78ED2A106574DF002209B6 /* libcrypto.dylib */ = {isa = PBXFileReference; lastKnownFileType = "compiled.mach-o.dylib"; name = libcrypto.dylib; path = /usr/lib/libcrypto.dylib; sourceTree = "<absolute>"; };
		3A78ED2C106574EA002209B6 /* RegexKit.framework */ = {isa = PBXFileReference; lastKnownFileType = wrapper.framework; name = RegexKit.framework; path = Local/Frameworks/RegexKit.framework; sourceTree = DEVELOPER_DIR; };
		3A78ED5310669D55002209B6 /* KMStat.h */ = {isa = PBXFileReference; fileEncoding = 4; lastKnownFileType = sourcecode.c.h; path = KMStat.h; sourceTree = "<group>"; };
		3A78ED5410669D55002209B6 /* KMStat.m */ = {isa = PBXFileReference; fileEncoding = 4; lastKnownFileType = sourcecode.c.objc; path = KMStat.m; sourceTree = "<group>"; };
		3A78EEA51067CA19002209B6 /* KMQuitState.h */ = {isa = PBXFileReference; fileEncoding = 4; lastKnownFileType = sourcecode.c.h; path = KMQuitState.h; sourceTree = "<group>"; };
		3A78EEA61067CA19002209B6 /* KMQuitState.m */ = {isa = PBXFileReference; fileEncoding = 4; lastKnownFileType = sourcecode.c.objc; path = KMQuitState.m; sourceTree = "<group>"; };
		3A78EF441067EC33002209B6 /* KMChooseCharacterState.h */ = {isa = PBXFileReference; fileEncoding = 4; lastKnownFileType = sourcecode.c.h; path = KMChooseCharacterState.h; sourceTree = "<group>"; };
		3A78EF451067EC33002209B6 /* KMChooseCharacterState.m */ = {isa = PBXFileReference; fileEncoding = 4; lastKnownFileType = sourcecode.c.objc; path = KMChooseCharacterState.m; sourceTree = "<group>"; };
		3A8C1EF8107D0753001530AA /* KMCommandInterpreterLogic.h */ = {isa = PBXFileReference; fileEncoding = 4; lastKnownFileType = sourcecode.c.h; path = KMCommandInterpreterLogic.h; sourceTree = "<group>"; };
		3AAA35321077A987000D0767 /* KMDataManager.h */ = {isa = PBXFileReference; fileEncoding = 4; lastKnownFileType = sourcecode.c.h; path = KMDataManager.h; sourceTree = "<group>"; };
		3AAA35331077A987000D0767 /* KMDataManager.m */ = {isa = PBXFileReference; fileEncoding = 4; lastKnownFileType = sourcecode.c.objc; path = KMDataManager.m; sourceTree = "<group>"; };
		3AC38BC410627D1F0011EBD4 /* KMAccountNameState.h */ = {isa = PBXFileReference; fileEncoding = 4; lastKnownFileType = sourcecode.c.h; path = KMAccountNameState.h; sourceTree = "<group>"; };
		3AC38BC510627D1F0011EBD4 /* KMAccountNameState.m */ = {isa = PBXFileReference; fileEncoding = 4; lastKnownFileType = sourcecode.c.objc; path = KMAccountNameState.m; sourceTree = "<group>"; };
		3AC38BC610627D1F0011EBD4 /* KMColorProcessWriteHook.h */ = {isa = PBXFileReference; fileEncoding = 4; lastKnownFileType = sourcecode.c.h; path = KMColorProcessWriteHook.h; sourceTree = "<group>"; };
		3AC38BC710627D1F0011EBD4 /* KMColorProcessWriteHook.m */ = {isa = PBXFileReference; fileEncoding = 4; lastKnownFileType = sourcecode.c.objc; path = KMColorProcessWriteHook.m; sourceTree = "<group>"; };
		3AC38BC810627D1F0011EBD4 /* KMConnectionCoordinator.h */ = {isa = PBXFileReference; fileEncoding = 4; lastKnownFileType = sourcecode.c.h; path = KMConnectionCoordinator.h; sourceTree = "<group>"; };
		3AC38BC910627D1F0011EBD4 /* KMConnectionCoordinator.m */ = {isa = PBXFileReference; fileEncoding = 4; lastKnownFileType = sourcecode.c.objc; path = KMConnectionCoordinator.m; sourceTree = "<group>"; };
		3AC38BCA10627D1F0011EBD4 /* KMConnectionPool.h */ = {isa = PBXFileReference; fileEncoding = 4; lastKnownFileType = sourcecode.c.h; path = KMConnectionPool.h; sourceTree = "<group>"; };
		3AC38BCB10627D1F0011EBD4 /* KMConnectionPool.m */ = {isa = PBXFileReference; fileEncoding = 4; lastKnownFileType = sourcecode.c.objc; path = KMConnectionPool.m; sourceTree = "<group>"; };
		3AC38BCE10627D1F0011EBD4 /* KMString.h */ = {isa = PBXFileReference; fileEncoding = 4; lastKnownFileType = sourcecode.c.h; path = KMString.h; sourceTree = "<group>"; };
		3AC38BCF10627D1F0011EBD4 /* KMString.m */ = {isa = PBXFileReference; fileEncoding = 4; lastKnownFileType = sourcecode.c.objc; path = KMString.m; sourceTree = "<group>"; };
		3AC38BD010627D1F0011EBD4 /* KMServer.h */ = {isa = PBXFileReference; fileEncoding = 4; lastKnownFileType = sourcecode.c.h; path = KMServer.h; sourceTree = "<group>"; };
		3AC38BD110627D1F0011EBD4 /* KMServer.m */ = {isa = PBXFileReference; fileEncoding = 4; lastKnownFileType = sourcecode.c.objc; path = KMServer.m; sourceTree = "<group>"; };
		3AC38BD210627D1F0011EBD4 /* KMState.h */ = {isa = PBXFileReference; fileEncoding = 4; lastKnownFileType = sourcecode.c.h; path = KMState.h; sourceTree = "<group>"; };
		3AC38BD310627D1F0011EBD4 /* KMVariableHook.h */ = {isa = PBXFileReference; fileEncoding = 4; lastKnownFileType = sourcecode.c.h; path = KMVariableHook.h; sourceTree = "<group>"; };
		3AC38BD410627D1F0011EBD4 /* KMVariableHook.m */ = {isa = PBXFileReference; fileEncoding = 4; lastKnownFileType = sourcecode.c.objc; path = KMVariableHook.m; sourceTree = "<group>"; };
		3AC38BD510627D1F0011EBD4 /* KMVariableManager.h */ = {isa = PBXFileReference; fileEncoding = 4; lastKnownFileType = sourcecode.c.h; path = KMVariableManager.h; sourceTree = "<group>"; };
		3AC38BD610627D1F0011EBD4 /* KMVariableManager.m */ = {isa = PBXFileReference; fileEncoding = 4; lastKnownFileType = sourcecode.c.objc; path = KMVariableManager.m; sourceTree = "<group>"; };
		3AC38BD710627D1F0011EBD4 /* KMWriteHook.h */ = {isa = PBXFileReference; fileEncoding = 4; lastKnownFileType = sourcecode.c.h; path = KMWriteHook.h; sourceTree = "<group>"; };
		3AC38BD910627D1F0011EBD4 /* sys.conf */ = {isa = PBXFileReference; fileEncoding = 4; lastKnownFileType = text; path = sys.conf; sourceTree = "<group>"; };
		3AC38CCD1062ABA50011EBD4 /* KMNewPasswordState.h */ = {isa = PBXFileReference; fileEncoding = 4; lastKnownFileType = sourcecode.c.h; path = KMNewPasswordState.h; sourceTree = "<group>"; };
		3AC38CCE1062ABA50011EBD4 /* KMNewPasswordState.m */ = {isa = PBXFileReference; fileEncoding = 4; lastKnownFileType = sourcecode.c.objc; path = KMNewPasswordState.m; sourceTree = "<group>"; };
		3AC38CD11062ACC10011EBD4 /* KMInterpreter.h */ = {isa = PBXFileReference; fileEncoding = 4; lastKnownFileType = sourcecode.c.h; path = KMInterpreter.h; sourceTree = "<group>"; };
		3AC38CD21062B1B20011EBD4 /* KMBasicInterpreter.h */ = {isa = PBXFileReference; fileEncoding = 4; lastKnownFileType = sourcecode.c.h; path = KMBasicInterpreter.h; sourceTree = "<group>"; };
		3AC38CD31062B1B20011EBD4 /* KMBasicInterpreter.m */ = {isa = PBXFileReference; fileEncoding = 4; lastKnownFileType = sourcecode.c.objc; path = KMBasicInterpreter.m; sourceTree = "<group>"; };
		3AC38CFB1062B8620011EBD4 /* KMConfirmPasswordState.h */ = {isa = PBXFileReference; fileEncoding = 4; lastKnownFileType = sourcecode.c.h; path = KMConfirmPasswordState.h; sourceTree = "<group>"; };
		3AC38CFC1062B8620011EBD4 /* KMConfirmPasswordState.m */ = {isa = PBXFileReference; fileEncoding = 4; lastKnownFileType = sourcecode.c.objc; path = KMConfirmPasswordState.m; sourceTree = "<group>"; };
		3AC38D791063B7100011EBD4 /* KMAccountMenu.h */ = {isa = PBXFileReference; fileEncoding = 4; lastKnownFileType = sourcecode.c.h; path = KMAccountMenu.h; sourceTree = "<group>"; };
		3AC38D801063BD5C0011EBD4 /* KMAccountMenuState.h */ = {isa = PBXFileReference; fileEncoding = 4; lastKnownFileType = sourcecode.c.h; path = KMAccountMenuState.h; sourceTree = "<group>"; };
		3AC38D811063BD5C0011EBD4 /* KMAccountMenuState.m */ = {isa = PBXFileReference; fileEncoding = 4; lastKnownFileType = sourcecode.c.objc; path = KMAccountMenuState.m; sourceTree = "<group>"; };
		3AC38E701063FB950011EBD4 /* KMMessageState.h */ = {isa = PBXFileReference; fileEncoding = 4; lastKnownFileType = sourcecode.c.h; path = KMMessageState.h; sourceTree = "<group>"; };
		3AD8C401107BD03B003B810E /* KMCommandInterpreter.h */ = {isa = PBXFileReference; fileEncoding = 4; lastKnownFileType = sourcecode.c.h; path = KMCommandInterpreter.h; sourceTree = "<group>"; };
		3AD8C402107BD03B003B810E /* KMCommandInterpreter.m */ = {isa = PBXFileReference; fileEncoding = 4; lastKnownFileType = sourcecode.c.objc; path = KMCommandInterpreter.m; sourceTree = "<group>"; };
		3AE80B5D1064770700B86C4B /* KMCreateCharacterState.h */ = {isa = PBXFileReference; fileEncoding = 4; lastKnownFileType = sourcecode.c.h; path = KMCreateCharacterState.h; sourceTree = "<group>"; };
		3AE80B5E1064770700B86C4B /* KMCreateCharacterState.m */ = {isa = PBXFileReference; fileEncoding = 4; lastKnownFileType = sourcecode.c.objc; path = KMCreateCharacterState.m; sourceTree = "<group>"; };
		3AE80B681064874800B86C4B /* KMCharacter.h */ = {isa = PBXFileReference; fileEncoding = 4; lastKnownFileType = sourcecode.c.h; path = KMCharacter.h; sourceTree = "<group>"; };
		3AE80B691064874800B86C4B /* KMCharacter.m */ = {isa = PBXFileReference; fileEncoding = 4; lastKnownFileType = sourcecode.c.objc; path = KMCharacter.m; sourceTree = "<group>"; };
		3AE9DAA11083636F00AED290 /* KMRoom.h */ = {isa = PBXFileReference; fileEncoding = 4; lastKnownFileType = sourcecode.c.h; path = KMRoom.h; sourceTree = "<group>"; };
		3AE9DAA21083636F00AED290 /* KMRoom.m */ = {isa = PBXFileReference; fileEncoding = 4; lastKnownFileType = sourcecode.c.objc; path = KMRoom.m; sourceTree = "<group>"; };
		3AE9DAA51083644900AED290 /* KMExitInfo.h */ = {isa = PBXFileReference; fileEncoding = 4; lastKnownFileType = sourcecode.c.h; path = KMExitInfo.h; sourceTree = "<group>"; };
		3AE9DAA61083644900AED290 /* KMExitInfo.m */ = {isa = PBXFileReference; fileEncoding = 4; lastKnownFileType = sourcecode.c.objc; path = KMExitInfo.m; sourceTree = "<group>"; };
		3AE9DBB51084F66F00AED290 /* KMPlayingLogic.h */ = {isa = PBXFileReference; fileEncoding = 4; lastKnownFileType = sourcecode.c.h; path = KMPlayingLogic.h; sourceTree = "<group>"; };
		3AE9DBB61084F66F00AED290 /* KMPlayingLogic.m */ = {isa = PBXFileReference; fileEncoding = 4; lastKnownFileType = sourcecode.c.objc; path = KMPlayingLogic.m; sourceTree = "<group>"; };
		3AE9DBCB1084FE0A00AED290 /* KMPlayingState.h */ = {isa = PBXFileReference; fileEncoding = 4; lastKnownFileType = sourcecode.c.h; path = KMPlayingState.h; sourceTree = "<group>"; };
		3AE9DBCC1084FE0A00AED290 /* KMPlayingState.m */ = {isa = PBXFileReference; fileEncoding = 4; lastKnownFileType = sourcecode.c.objc; path = KMPlayingState.m; sourceTree = "<group>"; };
		3AE9DE531087747C00AED290 /* KMCommandInfo.h */ = {isa = PBXFileReference; fileEncoding = 4; lastKnownFileType = sourcecode.c.h; path = KMCommandInfo.h; sourceTree = "<group>"; };
		3AE9DE541087747C00AED290 /* KMCommandInfo.m */ = {isa = PBXFileReference; fileEncoding = 4; lastKnownFileType = sourcecode.c.objc; path = KMCommandInfo.m; sourceTree = "<group>"; };
		3AE9DF991087B8A100AED290 /* KMCodingAspect.h */ = {isa = PBXFileReference; fileEncoding = 4; lastKnownFileType = sourcecode.c.h; path = KMCodingAspect.h; sourceTree = "<group>"; };
		3AE9DF9A1087B8A100AED290 /* KMCodingAspect.m */ = {isa = PBXFileReference; fileEncoding = 4; lastKnownFileType = sourcecode.c.objc; path = KMCodingAspect.m; sourceTree = "<group>"; };
		3AE9E027108A11C300AED290 /* KMItemTemplate.h */ = {isa = PBXFileReference; fileEncoding = 4; lastKnownFileType = sourcecode.c.h; path = KMItemTemplate.h; sourceTree = "<group>"; };
		3AE9E028108A11C300AED290 /* KMItemTemplate.m */ = {isa = PBXFileReference; fileEncoding = 4; lastKnownFileType = sourcecode.c.objc; path = KMItemTemplate.m; sourceTree = "<group>"; };
		3AE9E068108A299300AED290 /* KMItemEnhancement.h */ = {isa = PBXFileReference; fileEncoding = 4; lastKnownFileType = sourcecode.c.h; path = KMItemEnhancement.h; sourceTree = "<group>"; };
		3AE9E069108A299300AED290 /* KMItemEnhancement.m */ = {isa = PBXFileReference; fileEncoding = 4; lastKnownFileType = sourcecode.c.objc; path = KMItemEnhancement.m; sourceTree = "<group>"; };
		3AE9E0DA108B36C000AED290 /* greeting.xml */ = {isa = PBXFileReference; fileEncoding = 4; lastKnownFileType = text.xml; path = greeting.xml; sourceTree = "<group>"; };
		3AE9E0DD108B36C000AED290 /* attackpower.xml */ = {isa = PBXFileReference; fileEncoding = 4; lastKnownFileType = text.xml; path = attackpower.xml; sourceTree = "<group>"; };
		3AE9E0E0108B36C000AED290 /* fighter.xml */ = {isa = PBXFileReference; fileEncoding = 4; lastKnownFileType = text.xml; path = fighter.xml; sourceTree = "<group>"; };
		3AE9E0E1108B36C000AED290 /* mage.xml */ = {isa = PBXFileReference; fileEncoding = 4; lastKnownFileType = text.xml; path = mage.xml; sourceTree = "<group>"; };
		3AE9E0E2108B36C000AED290 /* squire.xml */ = {isa = PBXFileReference; fileEncoding = 4; lastKnownFileType = text.xml; path = squire.xml; sourceTree = "<group>"; };
		3AE9E0E4108B36C000AED290 /* core.xml */ = {isa = PBXFileReference; fileEncoding = 4; lastKnownFileType = text.xml; path = core.xml; sourceTree = "<group>"; };
		3AE9E0E8108B36C000AED290 /* stat_template.xml */ = {isa = PBXFileReference; fileEncoding = 4; lastKnownFileType = text.xml; path = stat_template.xml; sourceTree = "<group>"; };
		3AE9E0EA108B36C000AED290 /* marketsquare.xml */ = {isa = PBXFileReference; fileEncoding = 4; lastKnownFileType = text.xml; path = marketsquare.xml; sourceTree = "<group>"; };
		3AE9E0EB108B36C000AED290 /* submarket.xml */ = {isa = PBXFileReference; fileEncoding = 4; lastKnownFileType = text.xml; path = submarket.xml; sourceTree = "<group>"; };
		3AFF8C2F1093607E000208EA /* KMXDF.lm */ = {isa = PBXFileReference; fileEncoding = 4; lastKnownFileType = sourcecode.lex; path = KMXDF.lm; sourceTree = "<group>"; };
		3AFF8C301093607E000208EA /* KMXDF.ym */ = {isa = PBXFileReference; fileEncoding = 4; lastKnownFileType = sourcecode.yacc; path = KMXDF.ym; sourceTree = "<group>"; };
		3AFF8C3310936318000208EA /* KMXDFEngine.h */ = {isa = PBXFileReference; fileEncoding = 4; lastKnownFileType = sourcecode.c.h; path = KMXDFEngine.h; sourceTree = "<group>"; };
		3AFF8C3410936318000208EA /* KMXDFEngine.m */ = {isa = PBXFileReference; fileEncoding = 4; lastKnownFileType = sourcecode.c.objc; path = KMXDFEngine.m; sourceTree = "<group>"; };
		3AFF8C3910936465000208EA /* KMXDFReference.h */ = {isa = PBXFileReference; fileEncoding = 4; lastKnownFileType = sourcecode.c.h; path = KMXDFReference.h; sourceTree = "<group>"; };
		3AFF8C3A10936465000208EA /* KMXDFReference.m */ = {isa = PBXFileReference; fileEncoding = 4; lastKnownFileType = sourcecode.c.objc; path = KMXDFReference.m; sourceTree = "<group>"; };
		3AFF8EE61094A93F000208EA /* KMXDFFunctionReference.h */ = {isa = PBXFileReference; fileEncoding = 4; lastKnownFileType = sourcecode.c.h; path = KMXDFFunctionReference.h; sourceTree = "<group>"; };
		3AFF8EE71094A93F000208EA /* KMXDFFunctionReference.m */ = {isa = PBXFileReference; fileEncoding = 4; lastKnownFileType = sourcecode.c.objc; path = KMXDFFunctionReference.m; sourceTree = "<group>"; };
		3AFF8EE91094A9BE000208EA /* KMXDFNumberReference.h */ = {isa = PBXFileReference; fileEncoding = 4; lastKnownFileType = sourcecode.c.h; path = KMXDFNumberReference.h; sourceTree = "<group>"; };
		3AFF8EEA1094A9BE000208EA /* KMXDFNumberReference.m */ = {isa = PBXFileReference; fileEncoding = 4; lastKnownFileType = sourcecode.c.objc; path = KMXDFNumberReference.m; sourceTree = "<group>"; };
		3AFF8EEC1094AAAB000208EA /* KMXDFVariableReference.h */ = {isa = PBXFileReference; fileEncoding = 4; lastKnownFileType = sourcecode.c.h; path = KMXDFVariableReference.h; sourceTree = "<group>"; };
		3AFF8EED1094AAAB000208EA /* KMXDFVariableReference.m */ = {isa = PBXFileReference; fileEncoding = 4; lastKnownFileType = sourcecode.c.objc; path = KMXDFVariableReference.m; sourceTree = "<group>"; };
		3AFF8EEF1094AB30000208EA /* KMXDFExpressionReference.h */ = {isa = PBXFileReference; fileEncoding = 4; lastKnownFileType = sourcecode.c.h; path = KMXDFExpressionReference.h; sourceTree = "<group>"; };
		3AFF8EF01094AB30000208EA /* KMXDFExpressionReference.m */ = {isa = PBXFileReference; fileEncoding = 4; lastKnownFileType = sourcecode.c.objc; path = KMXDFExpressionReference.m; sourceTree = "<group>"; };
		3AFF8EF21094ABD0000208EA /* KMXDFStatReference.h */ = {isa = PBXFileReference; fileEncoding = 4; lastKnownFileType = sourcecode.c.h; path = KMXDFStatReference.h; sourceTree = "<group>"; };
		3AFF8EF31094ABD0000208EA /* KMXDFStatReference.m */ = {isa = PBXFileReference; fileEncoding = 4; lastKnownFileType = sourcecode.c.objc; path = KMXDFStatReference.m; sourceTree = "<group>"; };
		3AFF8F911094BAF3000208EA /* KMXDFFunctionInfo.h */ = {isa = PBXFileReference; fileEncoding = 4; lastKnownFileType = sourcecode.c.h; path = KMXDFFunctionInfo.h; sourceTree = "<group>"; };
		3AFF8F921094BAF3000208EA /* KMXDFFunctionInfo.m */ = {isa = PBXFileReference; fileEncoding = 4; lastKnownFileType = sourcecode.c.objc; path = KMXDFFunctionInfo.m; sourceTree = "<group>"; };
		3AFF927B10955195000208EA /* KittyMUD.framework */ = {isa = PBXFileReference; explicitFileType = wrapper.framework; includeInIndex = 0; path = KittyMUD.framework; sourceTree = BUILT_PRODUCTS_DIR; };
		3AFF927C10955195000208EA /* KittyMUD-Info.plist */ = {isa = PBXFileReference; lastKnownFileType = text.plist.xml; path = "KittyMUD-Info.plist"; sourceTree = "<group>"; };
		3AFF92FF10955508000208EA /* EternityChronicles */ = {isa = PBXFileReference; explicitFileType = "compiled.mach-o.executable"; includeInIndex = 0; path = EternityChronicles; sourceTree = BUILT_PRODUCTS_DIR; };
		C6859EA3029092ED04C91782 /* KittyMUD.1 */ = {isa = PBXFileReference; lastKnownFileType = text.man; path = KittyMUD.1; sourceTree = "<group>"; };
/* End PBXFileReference section */

/* Begin PBXFrameworksBuildPhase section */
		3AFF927910955195000208EA /* Frameworks */ = {
			isa = PBXFrameworksBuildPhase;
			buildActionMask = 2147483647;
			files = (
				3AFF9281109551AC000208EA /* RegexKit.framework in Frameworks */,
				3AFF9280109551A8000208EA /* libcrypto.dylib in Frameworks */,
			);
			runOnlyForDeploymentPostprocessing = 0;
		};
		3AFF92FD10955508000208EA /* Frameworks */ = {
			isa = PBXFrameworksBuildPhase;
			buildActionMask = 2147483647;
			files = (
				3AFF930710955540000208EA /* KittyMUD.framework in Frameworks */,
			);
			runOnlyForDeploymentPostprocessing = 0;
		};
/* End PBXFrameworksBuildPhase section */

/* Begin PBXGroup section */
		08FB7794FE84155DC02AAC07 /* KittyMUD */ = {
			isa = PBXGroup;
			children = (
				3AE9E0D9108B36C000AED290 /* data */,
				08FB7795FE84155DC02AAC07 /* Source */,
				C6859EA2029092E104C91782 /* Documentation */,
				1AB674ADFE9D54B511CA2CBB /* Products */,
				3A78ECAA106574B4002209B6 /* External Libraries and Frameworks */,
				3AFF927C10955195000208EA /* KittyMUD-Info.plist */,
			);
			name = KittyMUD;
			sourceTree = "<group>";
		};
		08FB7795FE84155DC02AAC07 /* Source */ = {
			isa = PBXGroup;
			children = (
				3AFF8C201093604B000208EA /* XDF */,
				3AE9DAA41083637B00AED290 /* World */,
				3A642E97107E2DC6005A2619 /* InterpreterLogic */,
				3AAA352A10779728000D0767 /* Data */,
				3AE80B641064858600B86C4B /* Character */,
				3AC38CD01062ACAF0011EBD4 /* Interpreters */,
				3AC38C1A10627FF30011EBD4 /* Utility */,
				3AC38C1910627FE00011EBD4 /* StateMachine */,
				3AC38BE810627D330011EBD4 /* Network */,
				3AC38BD910627D1F0011EBD4 /* sys.conf */,
				32A70AAB03705E1F00C91783 /* KittyMUD_Prefix.pch */,
				08FB7796FE84155DC02AAC07 /* EternityChronicles.m */,
			);
			name = Source;
			sourceTree = "<group>";
		};
		1AB674ADFE9D54B511CA2CBB /* Products */ = {
			isa = PBXGroup;
			children = (
				3AFF927B10955195000208EA /* KittyMUD.framework */,
				3AFF92FF10955508000208EA /* EternityChronicles */,
			);
			name = Products;
			sourceTree = "<group>";
		};
		3A642E97107E2DC6005A2619 /* InterpreterLogic */ = {
			isa = PBXGroup;
			children = (
				3A642E98107E2DD4005A2619 /* KMStatAllocationLogic.h */,
				3A642E99107E2DD4005A2619 /* KMStatAllocationLogic.m */,
				3AE9DBB51084F66F00AED290 /* KMPlayingLogic.h */,
				3AE9DBB61084F66F00AED290 /* KMPlayingLogic.m */,
			);
			name = InterpreterLogic;
			sourceTree = "<group>";
		};
		3A78ECAA106574B4002209B6 /* External Libraries and Frameworks */ = {
			isa = PBXGroup;
			children = (
				3A78ECA11065749C002209B6 /* Foundation.framework */,
				3A78ED2A106574DF002209B6 /* libcrypto.dylib */,
				3A78ED2C106574EA002209B6 /* RegexKit.framework */,
			);
			name = "External Libraries and Frameworks";
			sourceTree = "<group>";
		};
		3AAA352A10779728000D0767 /* Data */ = {
			isa = PBXGroup;
			children = (
				3AAA35321077A987000D0767 /* KMDataManager.h */,
				3AAA35331077A987000D0767 /* KMDataManager.m */,
				3A0E12A51079459800537E9B /* KMRace.h */,
				3A0E12A61079459800537E9B /* KMRace.m */,
				3A0E132C107A53C300537E9B /* KMDataStartup.h */,
				3A6D3EF41081054D006F4727 /* KMJob.h */,
				3A6D3EF51081054D006F4727 /* KMJob.m */,
				3AE9E027108A11C300AED290 /* KMItemTemplate.h */,
				3AE9E028108A11C300AED290 /* KMItemTemplate.m */,
				3AE9E068108A299300AED290 /* KMItemEnhancement.h */,
				3AE9E069108A299300AED290 /* KMItemEnhancement.m */,
			);
			name = Data;
			sourceTree = "<group>";
		};
		3AC38BE810627D330011EBD4 /* Network */ = {
			isa = PBXGroup;
			children = (
				3AC38BD010627D1F0011EBD4 /* KMServer.h */,
				3AC38BD110627D1F0011EBD4 /* KMServer.m */,
				3AC38BC810627D1F0011EBD4 /* KMConnectionCoordinator.h */,
				3AC38BC910627D1F0011EBD4 /* KMConnectionCoordinator.m */,
				3AC38BCA10627D1F0011EBD4 /* KMConnectionPool.h */,
				3AC38BCB10627D1F0011EBD4 /* KMConnectionPool.m */,
			);
			name = Network;
			sourceTree = "<group>";
		};
		3AC38C1910627FE00011EBD4 /* StateMachine */ = {
			isa = PBXGroup;
			children = (
				3AE80B5D1064770700B86C4B /* KMCreateCharacterState.h */,
				3AE80B5E1064770700B86C4B /* KMCreateCharacterState.m */,
				3AC38BD210627D1F0011EBD4 /* KMState.h */,
				3AC38BC410627D1F0011EBD4 /* KMAccountNameState.h */,
				3AC38BC510627D1F0011EBD4 /* KMAccountNameState.m */,
				3AC38CCD1062ABA50011EBD4 /* KMNewPasswordState.h */,
				3AC38CCE1062ABA50011EBD4 /* KMNewPasswordState.m */,
				3AC38CFB1062B8620011EBD4 /* KMConfirmPasswordState.h */,
				3AC38CFC1062B8620011EBD4 /* KMConfirmPasswordState.m */,
				3AC38D791063B7100011EBD4 /* KMAccountMenu.h */,
				3AC38D801063BD5C0011EBD4 /* KMAccountMenuState.h */,
				3AC38D811063BD5C0011EBD4 /* KMAccountMenuState.m */,
				3AC38E701063FB950011EBD4 /* KMMessageState.h */,
				3A78EEA51067CA19002209B6 /* KMQuitState.h */,
				3A78EEA61067CA19002209B6 /* KMQuitState.m */,
				3A78EF441067EC33002209B6 /* KMChooseCharacterState.h */,
				3A78EF451067EC33002209B6 /* KMChooseCharacterState.m */,
				3A0E1331107A67EE00537E9B /* KMMenuHandler.h */,
				3A0E1332107A67EE00537E9B /* KMMenuHandler.m */,
				3A0E1334107A694100537E9B /* KMMenu.h */,
				3A0E133F107A6BE500537E9B /* KMChooseRaceState.h */,
				3A0E1340107A6BE500537E9B /* KMChooseRaceState.m */,
				3A6D3D881080B492006F4727 /* KMStatAllocationState.h */,
				3A6D3D891080B492006F4727 /* KMStatAllocationState.m */,
				3A6D402710825B38006F4727 /* KMConfirmStatAllocationState.h */,
				3A6D402810825B38006F4727 /* KMConfirmStatAllocationState.m */,
				3A6D402A10825D14006F4727 /* KMChooseJobState.h */,
				3A6D402B10825D14006F4727 /* KMChooseJobState.m */,
				3AE9DBCB1084FE0A00AED290 /* KMPlayingState.h */,
				3AE9DBCC1084FE0A00AED290 /* KMPlayingState.m */,
			);
			name = StateMachine;
			sourceTree = "<group>";
		};
		3AC38C1A10627FF30011EBD4 /* Utility */ = {
			isa = PBXGroup;
			children = (
				3AE9DF991087B8A100AED290 /* KMCodingAspect.h */,
				3AE9DF9A1087B8A100AED290 /* KMCodingAspect.m */,
				3AC38BC610627D1F0011EBD4 /* KMColorProcessWriteHook.h */,
				3AC38BC710627D1F0011EBD4 /* KMColorProcessWriteHook.m */,
				3AC38BCE10627D1F0011EBD4 /* KMString.h */,
				3AC38BCF10627D1F0011EBD4 /* KMString.m */,
				3AC38BD310627D1F0011EBD4 /* KMVariableHook.h */,
				3AC38BD410627D1F0011EBD4 /* KMVariableHook.m */,
				3AC38BD510627D1F0011EBD4 /* KMVariableManager.h */,
				3AC38BD610627D1F0011EBD4 /* KMVariableManager.m */,
				3AC38BD710627D1F0011EBD4 /* KMWriteHook.h */,
				3A6D3FEE10824EF5006F4727 /* KMInfoDisplay.h */,
				3A6D3FEF10824EF5006F4727 /* KMInfoDisplay.m */,
				3A6D401C108256B8006F4727 /* KMStack.h */,
				3A6D401D108256B8006F4727 /* KMStack.m */,
			);
			name = Utility;
			sourceTree = "<group>";
		};
		3AC38CD01062ACAF0011EBD4 /* Interpreters */ = {
			isa = PBXGroup;
			children = (
				3AC38CD11062ACC10011EBD4 /* KMInterpreter.h */,
				3AC38CD21062B1B20011EBD4 /* KMBasicInterpreter.h */,
				3AC38CD31062B1B20011EBD4 /* KMBasicInterpreter.m */,
				3AD8C401107BD03B003B810E /* KMCommandInterpreter.h */,
				3AD8C402107BD03B003B810E /* KMCommandInterpreter.m */,
				3A8C1EF8107D0753001530AA /* KMCommandInterpreterLogic.h */,
				3AE9DE531087747C00AED290 /* KMCommandInfo.h */,
				3AE9DE541087747C00AED290 /* KMCommandInfo.m */,
			);
			name = Interpreters;
			sourceTree = "<group>";
		};
		3AE80B641064858600B86C4B /* Character */ = {
			isa = PBXGroup;
			children = (
				3AE80B681064874800B86C4B /* KMCharacter.h */,
				3AE80B691064874800B86C4B /* KMCharacter.m */,
				3A78ED5310669D55002209B6 /* KMStat.h */,
				3A78ED5410669D55002209B6 /* KMStat.m */,
				3A642E94107E271B005A2619 /* KMStatCopy.h */,
				3A642E95107E271B005A2619 /* KMStatCopy.m */,
			);
			name = Character;
			sourceTree = "<group>";
		};
		3AE9DAA41083637B00AED290 /* World */ = {
			isa = PBXGroup;
			children = (
				3AE9DAA11083636F00AED290 /* KMRoom.h */,
				3AE9DAA21083636F00AED290 /* KMRoom.m */,
				3AE9DAA51083644900AED290 /* KMExitInfo.h */,
				3AE9DAA61083644900AED290 /* KMExitInfo.m */,
			);
			name = World;
			sourceTree = "<group>";
		};
		3AE9E0D9108B36C000AED290 /* data */ = {
			isa = PBXGroup;
			children = (
				3AE9E0DA108B36C000AED290 /* greeting.xml */,
				3AE9E0DB108B36C000AED290 /* items */,
				3AE9E0DF108B36C000AED290 /* jobs */,
				3AE9E0E3108B36C000AED290 /* races */,
				3AE9E0E7108B36C000AED290 /* templates */,
				3AE9E0E9108B36C000AED290 /* world */,
			);
			path = data;
			sourceTree = "<group>";
		};
		3AE9E0DB108B36C000AED290 /* items */ = {
			isa = PBXGroup;
			children = (
				3AE9E0DC108B36C000AED290 /* enhancements */,
				3AE9E0DE108B36C000AED290 /* templates */,
			);
			path = items;
			sourceTree = "<group>";
		};
		3AE9E0DC108B36C000AED290 /* enhancements */ = {
			isa = PBXGroup;
			children = (
				3AE9E0DD108B36C000AED290 /* attackpower.xml */,
				3A0D31EA108CC62E0018D19A /* spellpower.xml */,
				3A0D31F2108E20680018D19A /* armor.xml */,
				3A0D31F3108E22A00018D19A /* mana.xml */,
				3A0D31F6108F59D20018D19A /* resistances.xml */,
				3A0D31F9108F5D5C0018D19A /* socket.xml */,
			);
			path = enhancements;
			sourceTree = "<group>";
		};
		3AE9E0DE108B36C000AED290 /* templates */ = {
			isa = PBXGroup;
			children = (
			);
			path = templates;
			sourceTree = "<group>";
		};
		3AE9E0DF108B36C000AED290 /* jobs */ = {
			isa = PBXGroup;
			children = (
				3AE9E0E0108B36C000AED290 /* fighter.xml */,
				3AE9E0E1108B36C000AED290 /* mage.xml */,
				3AE9E0E2108B36C000AED290 /* squire.xml */,
			);
			path = jobs;
			sourceTree = "<group>";
		};
		3AE9E0E3108B36C000AED290 /* races */ = {
			isa = PBXGroup;
			children = (
				3A44533C108F8ACF00293333 /* dwarf.xml */,
				3A44533D108F8ACF00293333 /* elf.xml */,
				3A44533E108F8ACF00293333 /* human.xml */,
				3AE9E0E4108B36C000AED290 /* core.xml */,
			);
			path = races;
			sourceTree = "<group>";
		};
		3AE9E0E7108B36C000AED290 /* templates */ = {
			isa = PBXGroup;
			children = (
				3AE9E0E8108B36C000AED290 /* stat_template.xml */,
			);
			path = templates;
			sourceTree = "<group>";
		};
		3AE9E0E9108B36C000AED290 /* world */ = {
			isa = PBXGroup;
			children = (
				3AE9E0EA108B36C000AED290 /* marketsquare.xml */,
				3AE9E0EB108B36C000AED290 /* submarket.xml */,
			);
			path = world;
			sourceTree = "<group>";
		};
		3AFF8C201093604B000208EA /* XDF */ = {
			isa = PBXGroup;
			children = (
				3AFF8C2F1093607E000208EA /* KMXDF.lm */,
				3AFF8C301093607E000208EA /* KMXDF.ym */,
				3AFF8C3310936318000208EA /* KMXDFEngine.h */,
				3AFF8C3410936318000208EA /* KMXDFEngine.m */,
				3AFF8C3910936465000208EA /* KMXDFReference.h */,
				3AFF8C3A10936465000208EA /* KMXDFReference.m */,
				3AFF8EE61094A93F000208EA /* KMXDFFunctionReference.h */,
				3AFF8EE71094A93F000208EA /* KMXDFFunctionReference.m */,
				3AFF8EE91094A9BE000208EA /* KMXDFNumberReference.h */,
				3AFF8EEA1094A9BE000208EA /* KMXDFNumberReference.m */,
				3AFF8EEC1094AAAB000208EA /* KMXDFVariableReference.h */,
				3AFF8EED1094AAAB000208EA /* KMXDFVariableReference.m */,
				3AFF8EEF1094AB30000208EA /* KMXDFExpressionReference.h */,
				3AFF8EF01094AB30000208EA /* KMXDFExpressionReference.m */,
				3AFF8EF21094ABD0000208EA /* KMXDFStatReference.h */,
				3AFF8EF31094ABD0000208EA /* KMXDFStatReference.m */,
				3AFF8F911094BAF3000208EA /* KMXDFFunctionInfo.h */,
				3AFF8F921094BAF3000208EA /* KMXDFFunctionInfo.m */,
			);
			name = XDF;
			sourceTree = "<group>";
		};
		C6859EA2029092E104C91782 /* Documentation */ = {
			isa = PBXGroup;
			children = (
				C6859EA3029092ED04C91782 /* KittyMUD.1 */,
			);
			name = Documentation;
			sourceTree = "<group>";
		};
/* End PBXGroup section */

/* Begin PBXHeadersBuildPhase section */
		3AFF927610955195000208EA /* Headers */ = {
			isa = PBXHeadersBuildPhase;
			buildActionMask = 2147483647;
			files = (
			);
			runOnlyForDeploymentPostprocessing = 0;
		};
/* End PBXHeadersBuildPhase section */

/* Begin PBXNativeTarget section */
		3AFF927A10955195000208EA /* KittyMUD */ = {
			isa = PBXNativeTarget;
			buildConfigurationList = 3AFF927F10955195000208EA /* Build configuration list for PBXNativeTarget "KittyMUD" */;
			buildPhases = (
				3AFF927610955195000208EA /* Headers */,
				3AFF927710955195000208EA /* Resources */,
				3AFF927810955195000208EA /* Sources */,
				3AFF927910955195000208EA /* Frameworks */,
			);
			buildRules = (
			);
			dependencies = (
			);
			name = KittyMUD;
			productName = KittyMUD;
			productReference = 3AFF927B10955195000208EA /* KittyMUD.framework */;
			productType = "com.apple.product-type.framework";
		};
		3AFF92FE10955508000208EA /* EternityChronicles */ = {
			isa = PBXNativeTarget;
			buildConfigurationList = 3AFF930510955528000208EA /* Build configuration list for PBXNativeTarget "EternityChronicles" */;
			buildPhases = (
				3AFF92FC10955508000208EA /* Sources */,
				3AFF92FD10955508000208EA /* Frameworks */,
				3AFF93241095559F000208EA /* CopyFiles */,
				3AFF931C10955598000208EA /* ShellScript */,
			);
			buildRules = (
			);
			dependencies = (
				3AFF930910955548000208EA /* PBXTargetDependency */,
			);
			name = EternityChronicles;
			productName = EternityChronicles;
			productReference = 3AFF92FF10955508000208EA /* EternityChronicles */;
			productType = "com.apple.product-type.tool";
		};
/* End PBXNativeTarget section */

/* Begin PBXProject section */
		08FB7793FE84155DC02AAC07 /* Project object */ = {
			isa = PBXProject;
			attributes = {
				ORGANIZATIONNAME = "Gravinity Studios";
			};
			buildConfigurationList = 1DEB927808733DD40010E9CD /* Build configuration list for PBXProject "KittyMUD" */;
			compatibilityVersion = "Xcode 3.1";
			hasScannedForEncodings = 1;
			mainGroup = 08FB7794FE84155DC02AAC07 /* KittyMUD */;
			projectDirPath = "";
			projectRoot = "";
			targets = (
				3AFF927A10955195000208EA /* KittyMUD */,
				3AFF92FE10955508000208EA /* EternityChronicles */,
			);
		};
/* End PBXProject section */

/* Begin PBXResourcesBuildPhase section */
		3AFF927710955195000208EA /* Resources */ = {
			isa = PBXResourcesBuildPhase;
			buildActionMask = 2147483647;
			files = (
			);
			runOnlyForDeploymentPostprocessing = 0;
		};
/* End PBXResourcesBuildPhase section */

/* Begin PBXShellScriptBuildPhase section */
		3AFF931C10955598000208EA /* ShellScript */ = {
			isa = PBXShellScriptBuildPhase;
			buildActionMask = 2147483647;
			files = (
			);
			inputPaths = (
			);
			outputPaths = (
			);
			runOnlyForDeploymentPostprocessing = 0;
			shellPath = /bin/sh;
			shellScript = "mkdir -p ${BUILD_DIR}/Debug/config\ncp -v sys.conf ${BUILD_DIR}/Debug/config/\nmkdir -p ${BUILD_DIR}/Debug/saves\nmkdir -p ${BUILD_DIR}/Debug/tmp\nrm -rf ${BUILD_DIR}/Debug/data\nmkdir -p ${BUILD_DIR}/Debug/data\ncp -rv data ${BUILD_DIR}/Debug";
		};
/* End PBXShellScriptBuildPhase section */

/* Begin PBXSourcesBuildPhase section */
		3AFF927810955195000208EA /* Sources */ = {
			isa = PBXSourcesBuildPhase;
			buildActionMask = 2147483647;
			files = (
				3AFF9282109551B7000208EA /* KMAccountNameState.m in Sources */,
				3AFF9283109551B7000208EA /* KMColorProcessWriteHook.m in Sources */,
				3AFF9284109551B7000208EA /* KMConnectionCoordinator.m in Sources */,
				3AFF9285109551B7000208EA /* KMConnectionPool.m in Sources */,
				3AFF9286109551B7000208EA /* KMString.m in Sources */,
				3AFF9287109551B7000208EA /* KMServer.m in Sources */,
				3AFF9288109551B7000208EA /* KMVariableHook.m in Sources */,
				3AFF9289109551B7000208EA /* KMVariableManager.m in Sources */,
				3AFF928A109551B7000208EA /* KMNewPasswordState.m in Sources */,
				3AFF928B109551B7000208EA /* KMBasicInterpreter.m in Sources */,
				3AFF928C109551B7000208EA /* KMConfirmPasswordState.m in Sources */,
				3AFF928D109551B7000208EA /* KMAccountMenuState.m in Sources */,
				3AFF928E109551B7000208EA /* KMCreateCharacterState.m in Sources */,
				3AFF928F109551B7000208EA /* KMCharacter.m in Sources */,
				3AFF9290109551B7000208EA /* KMStat.m in Sources */,
				3AFF9291109551B7000208EA /* KMQuitState.m in Sources */,
				3AFF9292109551B7000208EA /* KMChooseCharacterState.m in Sources */,
				3AFF9293109551B7000208EA /* KMDataManager.m in Sources */,
				3AFF9294109551B7000208EA /* KMRace.m in Sources */,
				3AFF9295109551B7000208EA /* KMMenuHandler.m in Sources */,
				3AFF9296109551B7000208EA /* KMChooseRaceState.m in Sources */,
				3AFF9297109551B7000208EA /* KMCommandInterpreter.m in Sources */,
				3AFF9298109551B7000208EA /* KMStatCopy.m in Sources */,
				3AFF9299109551B7000208EA /* KMStatAllocationLogic.m in Sources */,
				3AFF929A109551B7000208EA /* KMStatAllocationState.m in Sources */,
				3AFF929B109551B7000208EA /* KMJob.m in Sources */,
				3AFF929C109551B7000208EA /* KMInfoDisplay.m in Sources */,
				3AFF929D109551B7000208EA /* KMStack.m in Sources */,
				3AFF929E109551B7000208EA /* KMConfirmStatAllocationState.m in Sources */,
				3AFF929F109551B7000208EA /* KMChooseJobState.m in Sources */,
				3AFF92A0109551B7000208EA /* KMRoom.m in Sources */,
				3AFF92A1109551B7000208EA /* KMExitInfo.m in Sources */,
				3AFF92A2109551B7000208EA /* KMPlayingLogic.m in Sources */,
				3AFF92A3109551B7000208EA /* KMPlayingState.m in Sources */,
				3AFF92A4109551B7000208EA /* KMCommandInfo.m in Sources */,
				3AFF92A5109551B7000208EA /* KMCodingAspect.m in Sources */,
				3AFF92A6109551B7000208EA /* KMItemTemplate.m in Sources */,
				3AFF92A7109551B7000208EA /* KMItemEnhancement.m in Sources */,
				3AFF92A8109551B7000208EA /* KMXDF.lm in Sources */,
				3AFF92A9109551B7000208EA /* KMXDF.ym in Sources */,
				3AFF92AA109551B7000208EA /* KMXDFEngine.m in Sources */,
				3AFF92AB109551B7000208EA /* KMXDFReference.m in Sources */,
				3AFF92AC109551B7000208EA /* KMXDFFunctionReference.m in Sources */,
				3AFF92AD109551B7000208EA /* KMXDFNumberReference.m in Sources */,
				3AFF92AE109551B7000208EA /* KMXDFVariableReference.m in Sources */,
				3AFF92AF109551B7000208EA /* KMXDFExpressionReference.m in Sources */,
				3AFF92B0109551B7000208EA /* KMXDFStatReference.m in Sources */,
				3AFF92B1109551B7000208EA /* KMXDFFunctionInfo.m in Sources */,
			);
			runOnlyForDeploymentPostprocessing = 0;
		};
		3AFF92FC10955508000208EA /* Sources */ = {
			isa = PBXSourcesBuildPhase;
			buildActionMask = 2147483647;
			files = (
				3AFF93061095553C000208EA /* EternityChronicles.m in Sources */,
			);
			runOnlyForDeploymentPostprocessing = 0;
		};
/* End PBXSourcesBuildPhase section */

/* Begin PBXTargetDependency section */
		3AFF930910955548000208EA /* PBXTargetDependency */ = {
			isa = PBXTargetDependency;
			target = 3AFF927A10955195000208EA /* KittyMUD */;
			targetProxy = 3AFF930810955548000208EA /* PBXContainerItemProxy */;
		};
/* End PBXTargetDependency section */

/* Begin XCBuildConfiguration section */
		1DEB927908733DD40010E9CD /* Debug */ = {
			isa = XCBuildConfiguration;
			buildSettings = {
				ARCHS = "$(ARCHS_STANDARD_32_64_BIT)";
				GCC_C_LANGUAGE_STANDARD = gnu99;
				GCC_ENABLE_OBJC_GC = required;
				GCC_OPTIMIZATION_LEVEL = 0;
				GCC_VERSION = com.apple.compilers.llvm.clang.1_0;
				GCC_WARN_ABOUT_RETURN_TYPE = YES;
				GCC_WARN_UNUSED_VARIABLE = YES;
				ONLY_ACTIVE_ARCH = YES;
				PREBINDING = NO;
				SDKROOT = macosx10.6;
			};
			name = Debug;
		};
		1DEB927A08733DD40010E9CD /* Release */ = {
			isa = XCBuildConfiguration;
			buildSettings = {
				ARCHS = "$(ARCHS_STANDARD_32_64_BIT)";
				GCC_C_LANGUAGE_STANDARD = gnu99;
				GCC_WARN_ABOUT_RETURN_TYPE = YES;
				GCC_WARN_UNUSED_VARIABLE = YES;
				PREBINDING = NO;
				SDKROOT = macosx10.6;
			};
			name = Release;
		};
		3AFF927D10955195000208EA /* Debug */ = {
			isa = XCBuildConfiguration;
			buildSettings = {
				ALWAYS_SEARCH_USER_PATHS = NO;
				COPY_PHASE_STRIP = NO;
				DYLIB_COMPATIBILITY_VERSION = 1;
				DYLIB_CURRENT_VERSION = 1;
				FRAMEWORK_SEARCH_PATHS = (
					"$(inherited)",
					"\"$(DEVELOPER_DIR)/Local/Frameworks\"",
				);
				FRAMEWORK_VERSION = A;
				GCC_DYNAMIC_NO_PIC = NO;
				GCC_ENABLE_FIX_AND_CONTINUE = YES;
				GCC_MODEL_TUNING = G5;
				GCC_OPTIMIZATION_LEVEL = 0;
				GCC_PRECOMPILE_PREFIX_HEADER = YES;
				GCC_PREFIX_HEADER = "$(SYSTEM_LIBRARY_DIR)/Frameworks/AppKit.framework/Headers/AppKit.h";
				INFOPLIST_FILE = "KittyMUD-Info.plist";
				INSTALL_PATH = "@executable_path/../Frameworks";
				OTHER_LDFLAGS = (
					"-framework",
					Foundation,
					"-framework",
					AppKit,
				);
				PREBINDING = NO;
				PRODUCT_NAME = KittyMUD;
			};
			name = Debug;
		};
		3AFF927E10955195000208EA /* Release */ = {
			isa = XCBuildConfiguration;
			buildSettings = {
				ALWAYS_SEARCH_USER_PATHS = NO;
				COPY_PHASE_STRIP = YES;
				DEBUG_INFORMATION_FORMAT = "dwarf-with-dsym";
				DYLIB_COMPATIBILITY_VERSION = 1;
				DYLIB_CURRENT_VERSION = 1;
				FRAMEWORK_SEARCH_PATHS = (
					"$(inherited)",
					"\"$(DEVELOPER_DIR)/Local/Frameworks\"",
				);
				FRAMEWORK_VERSION = A;
				GCC_ENABLE_FIX_AND_CONTINUE = NO;
				GCC_MODEL_TUNING = G5;
				GCC_PRECOMPILE_PREFIX_HEADER = YES;
				GCC_PREFIX_HEADER = "$(SYSTEM_LIBRARY_DIR)/Frameworks/AppKit.framework/Headers/AppKit.h";
				INFOPLIST_FILE = "KittyMUD-Info.plist";
				INSTALL_PATH = "@executable_path/../Frameworks";
				OTHER_LDFLAGS = (
					"-framework",
					Foundation,
					"-framework",
					AppKit,
				);
				PREBINDING = NO;
				PRODUCT_NAME = KittyMUD;
				ZERO_LINK = NO;
			};
			name = Release;
		};
		3AFF930110955508000208EA /* Debug */ = {
			isa = XCBuildConfiguration;
			buildSettings = {
				ALWAYS_SEARCH_USER_PATHS = NO;
				COPY_PHASE_STRIP = NO;
				GCC_DYNAMIC_NO_PIC = NO;
				GCC_ENABLE_FIX_AND_CONTINUE = YES;
				GCC_ENABLE_OBJC_GC = required;
				GCC_MODEL_TUNING = G5;
				GCC_OPTIMIZATION_LEVEL = 0;
				GCC_PRECOMPILE_PREFIX_HEADER = YES;
				GCC_PREFIX_HEADER = "$(SYSTEM_LIBRARY_DIR)/Frameworks/AppKit.framework/Headers/AppKit.h";
				GCC_TREAT_WARNINGS_AS_ERRORS = YES;
				INSTALL_PATH = /usr/local/bin;
				OTHER_LDFLAGS = (
					"-framework",
					Foundation,
					"-framework",
					AppKit,
				);
				PREBINDING = NO;
				PRODUCT_NAME = EternityChronicles;
			};
			name = Debug;
		};
		3AFF930210955508000208EA /* Release */ = {
			isa = XCBuildConfiguration;
			buildSettings = {
				ALWAYS_SEARCH_USER_PATHS = NO;
				COPY_PHASE_STRIP = YES;
				DEBUG_INFORMATION_FORMAT = "dwarf-with-dsym";
				GCC_ENABLE_FIX_AND_CONTINUE = NO;
				GCC_ENABLE_OBJC_GC = required;
				GCC_MODEL_TUNING = G5;
				GCC_PRECOMPILE_PREFIX_HEADER = YES;
				GCC_PREFIX_HEADER = "$(SYSTEM_LIBRARY_DIR)/Frameworks/AppKit.framework/Headers/AppKit.h";
				GCC_TREAT_WARNINGS_AS_ERRORS = YES;
				INSTALL_PATH = /usr/local/bin;
				OTHER_LDFLAGS = (
					"-framework",
					Foundation,
					"-framework",
					AppKit,
				);
				PREBINDING = NO;
				PRODUCT_NAME = EternityChronicles;
				ZERO_LINK = NO;
			};
			name = Release;
		};
/* End XCBuildConfiguration section */

/* Begin XCConfigurationList section */
		1DEB927808733DD40010E9CD /* Build configuration list for PBXProject "KittyMUD" */ = {
			isa = XCConfigurationList;
			buildConfigurations = (
				1DEB927908733DD40010E9CD /* Debug */,
				1DEB927A08733DD40010E9CD /* Release */,
			);
			defaultConfigurationIsVisible = 0;
			defaultConfigurationName = Release;
		};
		3AFF927F10955195000208EA /* Build configuration list for PBXNativeTarget "KittyMUD" */ = {
			isa = XCConfigurationList;
			buildConfigurations = (
				3AFF927D10955195000208EA /* Debug */,
				3AFF927E10955195000208EA /* Release */,
			);
			defaultConfigurationIsVisible = 0;
			defaultConfigurationName = Release;
		};
		3AFF930510955528000208EA /* Build configuration list for PBXNativeTarget "EternityChronicles" */ = {
			isa = XCConfigurationList;
			buildConfigurations = (
				3AFF930110955508000208EA /* Debug */,
				3AFF930210955508000208EA /* Release */,
			);
			defaultConfigurationIsVisible = 0;
			defaultConfigurationName = Release;
		};
/* End XCConfigurationList section */
	};
	rootObject = 08FB7793FE84155DC02AAC07 /* Project object */;
}
